// !$*UTF8*$!
{
	archiveVersion = 1;
	classes = {
	};
	objectVersion = 46;
	objects = {

/* Begin PBXBuildFile section */
		D410C1941D325A8100C2CF68 /* XCTestCaseCoreDataInMemory.swift in Sources */ = {isa = PBXBuildFile; fileRef = D410C1931D325A8100C2CF68 /* XCTestCaseCoreDataInMemory.swift */; };
		D41726E41D26AFFB002F15A4 /* Hashtag+CoreDataProperties.swift in Sources */ = {isa = PBXBuildFile; fileRef = D41726E21D26AFFB002F15A4 /* Hashtag+CoreDataProperties.swift */; };
		D41726E51D26AFFB002F15A4 /* Hashtag.swift in Sources */ = {isa = PBXBuildFile; fileRef = D41726E31D26AFFB002F15A4 /* Hashtag.swift */; };
		D41726E71D28EF7E002F15A4 /* HashtagFinder.swift in Sources */ = {isa = PBXBuildFile; fileRef = D41726E61D28EF7E002F15A4 /* HashtagFinder.swift */; };
		D41726EB1D28F0A0002F15A4 /* HashtagsInStringFinderTest.swift in Sources */ = {isa = PBXBuildFile; fileRef = D41726EA1D28F0A0002F15A4 /* HashtagsInStringFinderTest.swift */; };
		D4355E6C1D374C92000F678A /* DateTimePickViewController.swift in Sources */ = {isa = PBXBuildFile; fileRef = D4355E6B1D374C92000F678A /* DateTimePickViewController.swift */; };
		D4355E6E1D37E572000F678A /* DateTimePickDelegate.swift in Sources */ = {isa = PBXBuildFile; fileRef = D4355E6D1D37E572000F678A /* DateTimePickDelegate.swift */; };
		D43B89701D24444C0065248D /* ChartSourceFreeVsUsedTime.swift in Sources */ = {isa = PBXBuildFile; fileRef = D43B896F1D24444C0065248D /* ChartSourceFreeVsUsedTime.swift */; };
		D46CE0911D3499DF00CD797F /* UIViewController.swift in Sources */ = {isa = PBXBuildFile; fileRef = D46CE0901D3499DF00CD797F /* UIViewController.swift */; };
		D46CE0951D34BB5F00CD797F /* XCUIElement.swift in Sources */ = {isa = PBXBuildFile; fileRef = D46CE0941D34BB5F00CD797F /* XCUIElement.swift */; };
		D46CE0971D34BB7C00CD797F /* NSDate.swift in Sources */ = {isa = PBXBuildFile; fileRef = D46CE0961D34BB7C00CD797F /* NSDate.swift */; };
		D46CE0991D34BC8200CD797F /* XCTestCase.swift in Sources */ = {isa = PBXBuildFile; fileRef = D46CE0981D34BC8200CD797F /* XCTestCase.swift */; };
		D46CE09B1D3546A300CD797F /* String.swift in Sources */ = {isa = PBXBuildFile; fileRef = D46CE09A1D3546A300CD797F /* String.swift */; };
		D47B10481D262B720052A845 /* SegueHandlerType.swift in Sources */ = {isa = PBXBuildFile; fileRef = D47B10471D262B720052A845 /* SegueHandlerType.swift */; };
		D47B104B1D263C7F0052A845 /* TimeLogDelegate.swift in Sources */ = {isa = PBXBuildFile; fileRef = D47B104A1D263C7F0052A845 /* TimeLogDelegate.swift */; };
		D48740EB1D16D16D002D3918 /* TimeLogViewController.swift in Sources */ = {isa = PBXBuildFile; fileRef = D48740EA1D16D16D002D3918 /* TimeLogViewController.swift */; };
		D48F19B41D1C3714009BD069 /* TimeLogData.swift in Sources */ = {isa = PBXBuildFile; fileRef = D48F19B31D1C3714009BD069 /* TimeLogData.swift */; };
		D48F19B61D230FA9009BD069 /* NSDate.swift in Sources */ = {isa = PBXBuildFile; fileRef = D48F19B51D230FA9009BD069 /* NSDate.swift */; };
		D48F1A371D2402FB009BD069 /* ChartAnimationEasing.swift in Sources */ = {isa = PBXBuildFile; fileRef = D48F19B91D2402FB009BD069 /* ChartAnimationEasing.swift */; };
		D48F1A381D2402FB009BD069 /* ChartAnimator.swift in Sources */ = {isa = PBXBuildFile; fileRef = D48F19BA1D2402FB009BD069 /* ChartAnimator.swift */; };
		D48F1A391D2402FB009BD069 /* BarChartView.swift in Sources */ = {isa = PBXBuildFile; fileRef = D48F19BC1D2402FB009BD069 /* BarChartView.swift */; };
		D48F1A3A1D2402FB009BD069 /* BarLineChartViewBase.swift in Sources */ = {isa = PBXBuildFile; fileRef = D48F19BD1D2402FB009BD069 /* BarLineChartViewBase.swift */; };
		D48F1A3B1D2402FB009BD069 /* BubbleChartView.swift in Sources */ = {isa = PBXBuildFile; fileRef = D48F19BE1D2402FB009BD069 /* BubbleChartView.swift */; };
		D48F1A3C1D2402FB009BD069 /* CandleStickChartView.swift in Sources */ = {isa = PBXBuildFile; fileRef = D48F19BF1D2402FB009BD069 /* CandleStickChartView.swift */; };
		D48F1A3D1D2402FB009BD069 /* ChartViewBase.swift in Sources */ = {isa = PBXBuildFile; fileRef = D48F19C01D2402FB009BD069 /* ChartViewBase.swift */; };
		D48F1A3E1D2402FB009BD069 /* CombinedChartView.swift in Sources */ = {isa = PBXBuildFile; fileRef = D48F19C11D2402FB009BD069 /* CombinedChartView.swift */; };
		D48F1A3F1D2402FB009BD069 /* HorizontalBarChartView.swift in Sources */ = {isa = PBXBuildFile; fileRef = D48F19C21D2402FB009BD069 /* HorizontalBarChartView.swift */; };
		D48F1A401D2402FB009BD069 /* LineChartView.swift in Sources */ = {isa = PBXBuildFile; fileRef = D48F19C31D2402FB009BD069 /* LineChartView.swift */; };
		D48F1A411D2402FB009BD069 /* PieChartView.swift in Sources */ = {isa = PBXBuildFile; fileRef = D48F19C41D2402FB009BD069 /* PieChartView.swift */; };
		D48F1A421D2402FB009BD069 /* PieRadarChartViewBase.swift in Sources */ = {isa = PBXBuildFile; fileRef = D48F19C51D2402FB009BD069 /* PieRadarChartViewBase.swift */; };
		D48F1A431D2402FB009BD069 /* RadarChartView.swift in Sources */ = {isa = PBXBuildFile; fileRef = D48F19C61D2402FB009BD069 /* RadarChartView.swift */; };
		D48F1A441D2402FB009BD069 /* ScatterChartView.swift in Sources */ = {isa = PBXBuildFile; fileRef = D48F19C71D2402FB009BD069 /* ScatterChartView.swift */; };
		D48F1A451D2402FB009BD069 /* ChartAxisBase.swift in Sources */ = {isa = PBXBuildFile; fileRef = D48F19C91D2402FB009BD069 /* ChartAxisBase.swift */; };
		D48F1A461D2402FB009BD069 /* ChartComponentBase.swift in Sources */ = {isa = PBXBuildFile; fileRef = D48F19CA1D2402FB009BD069 /* ChartComponentBase.swift */; };
		D48F1A471D2402FB009BD069 /* ChartLegend.swift in Sources */ = {isa = PBXBuildFile; fileRef = D48F19CB1D2402FB009BD069 /* ChartLegend.swift */; };
		D48F1A481D2402FB009BD069 /* ChartLimitLine.swift in Sources */ = {isa = PBXBuildFile; fileRef = D48F19CC1D2402FB009BD069 /* ChartLimitLine.swift */; };
		D48F1A491D2402FB009BD069 /* ChartMarker.swift in Sources */ = {isa = PBXBuildFile; fileRef = D48F19CD1D2402FB009BD069 /* ChartMarker.swift */; };
		D48F1A4A1D2402FB009BD069 /* ChartXAxis.swift in Sources */ = {isa = PBXBuildFile; fileRef = D48F19CE1D2402FB009BD069 /* ChartXAxis.swift */; };
		D48F1A4B1D2402FB009BD069 /* ChartYAxis.swift in Sources */ = {isa = PBXBuildFile; fileRef = D48F19CF1D2402FB009BD069 /* ChartYAxis.swift */; };
		D48F1A4C1D2402FB009BD069 /* ChartBaseDataSet.swift in Sources */ = {isa = PBXBuildFile; fileRef = D48F19D21D2402FB009BD069 /* ChartBaseDataSet.swift */; };
		D48F1A4D1D2402FB009BD069 /* BarChartData.swift in Sources */ = {isa = PBXBuildFile; fileRef = D48F19D41D2402FB009BD069 /* BarChartData.swift */; };
		D48F1A4E1D2402FB009BD069 /* BarChartDataEntry.swift in Sources */ = {isa = PBXBuildFile; fileRef = D48F19D51D2402FB009BD069 /* BarChartDataEntry.swift */; };
		D48F1A4F1D2402FB009BD069 /* BarChartDataSet.swift in Sources */ = {isa = PBXBuildFile; fileRef = D48F19D61D2402FB009BD069 /* BarChartDataSet.swift */; };
		D48F1A501D2402FB009BD069 /* BarLineScatterCandleBubbleChartData.swift in Sources */ = {isa = PBXBuildFile; fileRef = D48F19D71D2402FB009BD069 /* BarLineScatterCandleBubbleChartData.swift */; };
		D48F1A511D2402FB009BD069 /* BarLineScatterCandleBubbleChartDataSet.swift in Sources */ = {isa = PBXBuildFile; fileRef = D48F19D81D2402FB009BD069 /* BarLineScatterCandleBubbleChartDataSet.swift */; };
		D48F1A521D2402FB009BD069 /* BubbleChartData.swift in Sources */ = {isa = PBXBuildFile; fileRef = D48F19D91D2402FB009BD069 /* BubbleChartData.swift */; };
		D48F1A531D2402FB009BD069 /* BubbleChartDataEntry.swift in Sources */ = {isa = PBXBuildFile; fileRef = D48F19DA1D2402FB009BD069 /* BubbleChartDataEntry.swift */; };
		D48F1A541D2402FB009BD069 /* BubbleChartDataSet.swift in Sources */ = {isa = PBXBuildFile; fileRef = D48F19DB1D2402FB009BD069 /* BubbleChartDataSet.swift */; };
		D48F1A551D2402FB009BD069 /* CandleChartData.swift in Sources */ = {isa = PBXBuildFile; fileRef = D48F19DC1D2402FB009BD069 /* CandleChartData.swift */; };
		D48F1A561D2402FB009BD069 /* CandleChartDataEntry.swift in Sources */ = {isa = PBXBuildFile; fileRef = D48F19DD1D2402FB009BD069 /* CandleChartDataEntry.swift */; };
		D48F1A571D2402FB009BD069 /* CandleChartDataSet.swift in Sources */ = {isa = PBXBuildFile; fileRef = D48F19DE1D2402FB009BD069 /* CandleChartDataSet.swift */; };
		D48F1A581D2402FB009BD069 /* ChartData.swift in Sources */ = {isa = PBXBuildFile; fileRef = D48F19DF1D2402FB009BD069 /* ChartData.swift */; };
		D48F1A591D2402FB009BD069 /* ChartDataEntry.swift in Sources */ = {isa = PBXBuildFile; fileRef = D48F19E01D2402FB009BD069 /* ChartDataEntry.swift */; };
		D48F1A5A1D2402FB009BD069 /* ChartDataSet.swift in Sources */ = {isa = PBXBuildFile; fileRef = D48F19E11D2402FB009BD069 /* ChartDataSet.swift */; };
		D48F1A5B1D2402FB009BD069 /* CombinedChartData.swift in Sources */ = {isa = PBXBuildFile; fileRef = D48F19E21D2402FB009BD069 /* CombinedChartData.swift */; };
		D48F1A5C1D2402FB009BD069 /* LineChartData.swift in Sources */ = {isa = PBXBuildFile; fileRef = D48F19E31D2402FB009BD069 /* LineChartData.swift */; };
		D48F1A5D1D2402FB009BD069 /* LineChartDataSet.swift in Sources */ = {isa = PBXBuildFile; fileRef = D48F19E41D2402FB009BD069 /* LineChartDataSet.swift */; };
		D48F1A5E1D2402FB009BD069 /* LineRadarChartDataSet.swift in Sources */ = {isa = PBXBuildFile; fileRef = D48F19E51D2402FB009BD069 /* LineRadarChartDataSet.swift */; };
		D48F1A5F1D2402FB009BD069 /* LineScatterCandleRadarChartDataSet.swift in Sources */ = {isa = PBXBuildFile; fileRef = D48F19E61D2402FB009BD069 /* LineScatterCandleRadarChartDataSet.swift */; };
		D48F1A601D2402FB009BD069 /* PieChartData.swift in Sources */ = {isa = PBXBuildFile; fileRef = D48F19E71D2402FB009BD069 /* PieChartData.swift */; };
		D48F1A611D2402FB009BD069 /* PieChartDataSet.swift in Sources */ = {isa = PBXBuildFile; fileRef = D48F19E81D2402FB009BD069 /* PieChartDataSet.swift */; };
		D48F1A621D2402FB009BD069 /* RadarChartData.swift in Sources */ = {isa = PBXBuildFile; fileRef = D48F19E91D2402FB009BD069 /* RadarChartData.swift */; };
		D48F1A631D2402FB009BD069 /* RadarChartDataSet.swift in Sources */ = {isa = PBXBuildFile; fileRef = D48F19EA1D2402FB009BD069 /* RadarChartDataSet.swift */; };
		D48F1A641D2402FB009BD069 /* ScatterChartData.swift in Sources */ = {isa = PBXBuildFile; fileRef = D48F19EB1D2402FB009BD069 /* ScatterChartData.swift */; };
		D48F1A651D2402FB009BD069 /* ScatterChartDataSet.swift in Sources */ = {isa = PBXBuildFile; fileRef = D48F19EC1D2402FB009BD069 /* ScatterChartDataSet.swift */; };
		D48F1A661D2402FB009BD069 /* IBarChartDataSet.swift in Sources */ = {isa = PBXBuildFile; fileRef = D48F19EE1D2402FB009BD069 /* IBarChartDataSet.swift */; };
		D48F1A671D2402FB009BD069 /* IBarLineScatterCandleBubbleChartDataSet.swift in Sources */ = {isa = PBXBuildFile; fileRef = D48F19EF1D2402FB009BD069 /* IBarLineScatterCandleBubbleChartDataSet.swift */; };
		D48F1A681D2402FB009BD069 /* IBubbleChartDataSet.swift in Sources */ = {isa = PBXBuildFile; fileRef = D48F19F01D2402FB009BD069 /* IBubbleChartDataSet.swift */; };
		D48F1A691D2402FB009BD069 /* ICandleChartDataSet.swift in Sources */ = {isa = PBXBuildFile; fileRef = D48F19F11D2402FB009BD069 /* ICandleChartDataSet.swift */; };
		D48F1A6A1D2402FB009BD069 /* IChartDataSet.swift in Sources */ = {isa = PBXBuildFile; fileRef = D48F19F21D2402FB009BD069 /* IChartDataSet.swift */; };
		D48F1A6B1D2402FB009BD069 /* ILineChartDataSet.swift in Sources */ = {isa = PBXBuildFile; fileRef = D48F19F31D2402FB009BD069 /* ILineChartDataSet.swift */; };
		D48F1A6C1D2402FB009BD069 /* ILineRadarChartDataSet.swift in Sources */ = {isa = PBXBuildFile; fileRef = D48F19F41D2402FB009BD069 /* ILineRadarChartDataSet.swift */; };
		D48F1A6D1D2402FB009BD069 /* ILineScatterCandleRadarChartDataSet.swift in Sources */ = {isa = PBXBuildFile; fileRef = D48F19F51D2402FB009BD069 /* ILineScatterCandleRadarChartDataSet.swift */; };
		D48F1A6E1D2402FB009BD069 /* IPieChartDataSet.swift in Sources */ = {isa = PBXBuildFile; fileRef = D48F19F61D2402FB009BD069 /* IPieChartDataSet.swift */; };
		D48F1A6F1D2402FB009BD069 /* IRadarChartDataSet.swift in Sources */ = {isa = PBXBuildFile; fileRef = D48F19F71D2402FB009BD069 /* IRadarChartDataSet.swift */; };
		D48F1A701D2402FB009BD069 /* IScatterChartDataSet.swift in Sources */ = {isa = PBXBuildFile; fileRef = D48F19F81D2402FB009BD069 /* IScatterChartDataSet.swift */; };
		D48F1A711D2402FB009BD069 /* ChartDataApproximatorFilter.swift in Sources */ = {isa = PBXBuildFile; fileRef = D48F19FA1D2402FB009BD069 /* ChartDataApproximatorFilter.swift */; };
		D48F1A721D2402FB009BD069 /* ChartDataBaseFilter.swift in Sources */ = {isa = PBXBuildFile; fileRef = D48F19FB1D2402FB009BD069 /* ChartDataBaseFilter.swift */; };
		D48F1A731D2402FB009BD069 /* ChartDefaultFillFormatter.swift in Sources */ = {isa = PBXBuildFile; fileRef = D48F19FD1D2402FB009BD069 /* ChartDefaultFillFormatter.swift */; };
		D48F1A741D2402FB009BD069 /* ChartDefaultXAxisValueFormatter.swift in Sources */ = {isa = PBXBuildFile; fileRef = D48F19FE1D2402FB009BD069 /* ChartDefaultXAxisValueFormatter.swift */; };
		D48F1A751D2402FB009BD069 /* ChartFillFormatter.swift in Sources */ = {isa = PBXBuildFile; fileRef = D48F19FF1D2402FB009BD069 /* ChartFillFormatter.swift */; };
		D48F1A761D2402FB009BD069 /* ChartXAxisValueFormatter.swift in Sources */ = {isa = PBXBuildFile; fileRef = D48F1A001D2402FB009BD069 /* ChartXAxisValueFormatter.swift */; };
		D48F1A771D2402FB009BD069 /* BarChartHighlighter.swift in Sources */ = {isa = PBXBuildFile; fileRef = D48F1A021D2402FB009BD069 /* BarChartHighlighter.swift */; };
		D48F1A781D2402FB009BD069 /* ChartHighlight.swift in Sources */ = {isa = PBXBuildFile; fileRef = D48F1A031D2402FB009BD069 /* ChartHighlight.swift */; };
		D48F1A791D2402FB009BD069 /* ChartHighlighter.swift in Sources */ = {isa = PBXBuildFile; fileRef = D48F1A041D2402FB009BD069 /* ChartHighlighter.swift */; };
		D48F1A7A1D2402FB009BD069 /* ChartRange.swift in Sources */ = {isa = PBXBuildFile; fileRef = D48F1A051D2402FB009BD069 /* ChartRange.swift */; };
		D48F1A7B1D2402FB009BD069 /* CombinedHighlighter.swift in Sources */ = {isa = PBXBuildFile; fileRef = D48F1A061D2402FB009BD069 /* CombinedHighlighter.swift */; };
		D48F1A7C1D2402FB009BD069 /* HorizontalBarChartHighlighter.swift in Sources */ = {isa = PBXBuildFile; fileRef = D48F1A071D2402FB009BD069 /* HorizontalBarChartHighlighter.swift */; };
		D48F1A7D1D2402FB009BD069 /* BarChartDataProvider.swift in Sources */ = {isa = PBXBuildFile; fileRef = D48F1A091D2402FB009BD069 /* BarChartDataProvider.swift */; };
		D48F1A7E1D2402FB009BD069 /* BarLineScatterCandleBubbleChartDataProvider.swift in Sources */ = {isa = PBXBuildFile; fileRef = D48F1A0A1D2402FB009BD069 /* BarLineScatterCandleBubbleChartDataProvider.swift */; };
		D48F1A7F1D2402FB009BD069 /* BubbleChartDataProvider.swift in Sources */ = {isa = PBXBuildFile; fileRef = D48F1A0B1D2402FB009BD069 /* BubbleChartDataProvider.swift */; };
		D48F1A801D2402FB009BD069 /* CandleChartDataProvider.swift in Sources */ = {isa = PBXBuildFile; fileRef = D48F1A0C1D2402FB009BD069 /* CandleChartDataProvider.swift */; };
		D48F1A811D2402FB009BD069 /* ChartDataProvider.swift in Sources */ = {isa = PBXBuildFile; fileRef = D48F1A0D1D2402FB009BD069 /* ChartDataProvider.swift */; };
		D48F1A821D2402FB009BD069 /* LineChartDataProvider.swift in Sources */ = {isa = PBXBuildFile; fileRef = D48F1A0E1D2402FB009BD069 /* LineChartDataProvider.swift */; };
		D48F1A831D2402FB009BD069 /* ScatterChartDataProvider.swift in Sources */ = {isa = PBXBuildFile; fileRef = D48F1A0F1D2402FB009BD069 /* ScatterChartDataProvider.swift */; };
		D48F1A841D2402FB009BD069 /* AnimatedMoveViewJob.swift in Sources */ = {isa = PBXBuildFile; fileRef = D48F1A111D2402FB009BD069 /* AnimatedMoveViewJob.swift */; };
		D48F1A851D2402FB009BD069 /* AnimatedViewPortJob.swift in Sources */ = {isa = PBXBuildFile; fileRef = D48F1A121D2402FB009BD069 /* AnimatedViewPortJob.swift */; };
		D48F1A861D2402FB009BD069 /* AnimatedZoomViewJob.swift in Sources */ = {isa = PBXBuildFile; fileRef = D48F1A131D2402FB009BD069 /* AnimatedZoomViewJob.swift */; };
		D48F1A871D2402FB009BD069 /* ChartViewPortJob.swift in Sources */ = {isa = PBXBuildFile; fileRef = D48F1A141D2402FB009BD069 /* ChartViewPortJob.swift */; };
		D48F1A881D2402FB009BD069 /* MoveChartViewJob.swift in Sources */ = {isa = PBXBuildFile; fileRef = D48F1A151D2402FB009BD069 /* MoveChartViewJob.swift */; };
		D48F1A891D2402FB009BD069 /* ZoomChartViewJob.swift in Sources */ = {isa = PBXBuildFile; fileRef = D48F1A161D2402FB009BD069 /* ZoomChartViewJob.swift */; };
		D48F1A8A1D2402FB009BD069 /* BarChartRenderer.swift in Sources */ = {isa = PBXBuildFile; fileRef = D48F1A181D2402FB009BD069 /* BarChartRenderer.swift */; };
		D48F1A8B1D2402FB009BD069 /* BubbleChartRenderer.swift in Sources */ = {isa = PBXBuildFile; fileRef = D48F1A191D2402FB009BD069 /* BubbleChartRenderer.swift */; };
		D48F1A8C1D2402FB009BD069 /* CandleStickChartRenderer.swift in Sources */ = {isa = PBXBuildFile; fileRef = D48F1A1A1D2402FB009BD069 /* CandleStickChartRenderer.swift */; };
		D48F1A8D1D2402FB009BD069 /* ChartAxisRendererBase.swift in Sources */ = {isa = PBXBuildFile; fileRef = D48F1A1B1D2402FB009BD069 /* ChartAxisRendererBase.swift */; };
		D48F1A8E1D2402FB009BD069 /* ChartDataRendererBase.swift in Sources */ = {isa = PBXBuildFile; fileRef = D48F1A1C1D2402FB009BD069 /* ChartDataRendererBase.swift */; };
		D48F1A8F1D2402FB009BD069 /* ChartLegendRenderer.swift in Sources */ = {isa = PBXBuildFile; fileRef = D48F1A1D1D2402FB009BD069 /* ChartLegendRenderer.swift */; };
		D48F1A901D2402FB009BD069 /* ChartRendererBase.swift in Sources */ = {isa = PBXBuildFile; fileRef = D48F1A1E1D2402FB009BD069 /* ChartRendererBase.swift */; };
		D48F1A911D2402FB009BD069 /* ChartXAxisRenderer.swift in Sources */ = {isa = PBXBuildFile; fileRef = D48F1A1F1D2402FB009BD069 /* ChartXAxisRenderer.swift */; };
		D48F1A921D2402FB009BD069 /* ChartXAxisRendererBarChart.swift in Sources */ = {isa = PBXBuildFile; fileRef = D48F1A201D2402FB009BD069 /* ChartXAxisRendererBarChart.swift */; };
		D48F1A931D2402FB009BD069 /* ChartXAxisRendererHorizontalBarChart.swift in Sources */ = {isa = PBXBuildFile; fileRef = D48F1A211D2402FB009BD069 /* ChartXAxisRendererHorizontalBarChart.swift */; };
		D48F1A941D2402FB009BD069 /* ChartXAxisRendererRadarChart.swift in Sources */ = {isa = PBXBuildFile; fileRef = D48F1A221D2402FB009BD069 /* ChartXAxisRendererRadarChart.swift */; };
		D48F1A951D2402FB009BD069 /* ChartYAxisRenderer.swift in Sources */ = {isa = PBXBuildFile; fileRef = D48F1A231D2402FB009BD069 /* ChartYAxisRenderer.swift */; };
		D48F1A961D2402FB009BD069 /* ChartYAxisRendererHorizontalBarChart.swift in Sources */ = {isa = PBXBuildFile; fileRef = D48F1A241D2402FB009BD069 /* ChartYAxisRendererHorizontalBarChart.swift */; };
		D48F1A971D2402FB009BD069 /* ChartYAxisRendererRadarChart.swift in Sources */ = {isa = PBXBuildFile; fileRef = D48F1A251D2402FB009BD069 /* ChartYAxisRendererRadarChart.swift */; };
		D48F1A981D2402FB009BD069 /* CombinedChartRenderer.swift in Sources */ = {isa = PBXBuildFile; fileRef = D48F1A261D2402FB009BD069 /* CombinedChartRenderer.swift */; };
		D48F1A991D2402FB009BD069 /* HorizontalBarChartRenderer.swift in Sources */ = {isa = PBXBuildFile; fileRef = D48F1A271D2402FB009BD069 /* HorizontalBarChartRenderer.swift */; };
		D48F1A9A1D2402FB009BD069 /* LineChartRenderer.swift in Sources */ = {isa = PBXBuildFile; fileRef = D48F1A281D2402FB009BD069 /* LineChartRenderer.swift */; };
		D48F1A9B1D2402FB009BD069 /* LineRadarChartRenderer.swift in Sources */ = {isa = PBXBuildFile; fileRef = D48F1A291D2402FB009BD069 /* LineRadarChartRenderer.swift */; };
		D48F1A9C1D2402FB009BD069 /* LineScatterCandleRadarChartRenderer.swift in Sources */ = {isa = PBXBuildFile; fileRef = D48F1A2A1D2402FB009BD069 /* LineScatterCandleRadarChartRenderer.swift */; };
		D48F1A9D1D2402FB009BD069 /* PieChartRenderer.swift in Sources */ = {isa = PBXBuildFile; fileRef = D48F1A2B1D2402FB009BD069 /* PieChartRenderer.swift */; };
		D48F1A9E1D2402FB009BD069 /* RadarChartRenderer.swift in Sources */ = {isa = PBXBuildFile; fileRef = D48F1A2C1D2402FB009BD069 /* RadarChartRenderer.swift */; };
		D48F1A9F1D2402FB009BD069 /* ScatterChartRenderer.swift in Sources */ = {isa = PBXBuildFile; fileRef = D48F1A2D1D2402FB009BD069 /* ScatterChartRenderer.swift */; };
		D48F1AA01D2402FB009BD069 /* ChartColorTemplates.swift in Sources */ = {isa = PBXBuildFile; fileRef = D48F1A2F1D2402FB009BD069 /* ChartColorTemplates.swift */; };
		D48F1AA11D2402FB009BD069 /* ChartFill.swift in Sources */ = {isa = PBXBuildFile; fileRef = D48F1A301D2402FB009BD069 /* ChartFill.swift */; };
		D48F1AA21D2402FB009BD069 /* ChartPlatform.swift in Sources */ = {isa = PBXBuildFile; fileRef = D48F1A311D2402FB009BD069 /* ChartPlatform.swift */; };
		D48F1AA31D2402FB009BD069 /* ChartSelectionDetail.swift in Sources */ = {isa = PBXBuildFile; fileRef = D48F1A321D2402FB009BD069 /* ChartSelectionDetail.swift */; };
		D48F1AA41D2402FB009BD069 /* ChartTransformer.swift in Sources */ = {isa = PBXBuildFile; fileRef = D48F1A331D2402FB009BD069 /* ChartTransformer.swift */; };
		D48F1AA51D2402FB009BD069 /* ChartTransformerHorizontalBarChart.swift in Sources */ = {isa = PBXBuildFile; fileRef = D48F1A341D2402FB009BD069 /* ChartTransformerHorizontalBarChart.swift */; };
		D48F1AA61D2402FB009BD069 /* ChartUtils.swift in Sources */ = {isa = PBXBuildFile; fileRef = D48F1A351D2402FB009BD069 /* ChartUtils.swift */; };
		D48F1AA71D2402FB009BD069 /* ChartViewPortHandler.swift in Sources */ = {isa = PBXBuildFile; fileRef = D48F1A361D2402FB009BD069 /* ChartViewPortHandler.swift */; };
		D48F1AAC1D240486009BD069 /* DayTimePieChartViewController.swift in Sources */ = {isa = PBXBuildFile; fileRef = D48F1AAB1D240486009BD069 /* DayTimePieChartViewController.swift */; };
		D4B660571D142AAE000FE897 /* AppDelegate.swift in Sources */ = {isa = PBXBuildFile; fileRef = D4B660561D142AAE000FE897 /* AppDelegate.swift */; };
		D4B660591D142AAE000FE897 /* MainViewController.swift in Sources */ = {isa = PBXBuildFile; fileRef = D4B660581D142AAE000FE897 /* MainViewController.swift */; };
		D4B6605C1D142AAE000FE897 /* Main.storyboard in Resources */ = {isa = PBXBuildFile; fileRef = D4B6605A1D142AAE000FE897 /* Main.storyboard */; };
		D4B660611D142AAE000FE897 /* Assets.xcassets in Resources */ = {isa = PBXBuildFile; fileRef = D4B660601D142AAE000FE897 /* Assets.xcassets */; };
		D4B660641D142AAE000FE897 /* LaunchScreen.storyboard in Resources */ = {isa = PBXBuildFile; fileRef = D4B660621D142AAE000FE897 /* LaunchScreen.storyboard */; };
		D4B6607A1D142AAE000FE897 /* PersonalProductivityAssistantUITests.swift in Sources */ = {isa = PBXBuildFile; fileRef = D4B660791D142AAE000FE897 /* PersonalProductivityAssistantUITests.swift */; };
		D4B660891D142B18000FE897 /* PPADataModel.xcdatamodeld in Sources */ = {isa = PBXBuildFile; fileRef = D4B660871D142B18000FE897 /* PPADataModel.xcdatamodeld */; };
		D4DD6AA31D2A2CF400FC6B0E /* HashtagRepository.swift in Sources */ = {isa = PBXBuildFile; fileRef = D4DD6AA21D2A2CF400FC6B0E /* HashtagRepository.swift */; };
		D4DD6AA51D30BAA600FC6B0E /* HashtagFinderTest.swift in Sources */ = {isa = PBXBuildFile; fileRef = D4DD6AA41D30BAA600FC6B0E /* HashtagFinderTest.swift */; };
		D4F84C231D15516F0041FCF0 /* PPAModel.swift in Sources */ = {isa = PBXBuildFile; fileRef = D4F84C201D15516F0041FCF0 /* PPAModel.swift */; };
		D4F84C241D15516F0041FCF0 /* TimeLog+CoreDataProperties.swift in Sources */ = {isa = PBXBuildFile; fileRef = D4F84C211D15516F0041FCF0 /* TimeLog+CoreDataProperties.swift */; };
		D4F84C251D15516F0041FCF0 /* TimeLog.swift in Sources */ = {isa = PBXBuildFile; fileRef = D4F84C221D15516F0041FCF0 /* TimeLog.swift */; };
		D4F84C2A1D15BD0D0041FCF0 /* TimeLogRepository.swift in Sources */ = {isa = PBXBuildFile; fileRef = D4F84C291D15BD0D0041FCF0 /* TimeLogRepository.swift */; };
		D4F84C2D1D15BEDB0041FCF0 /* Result.swift in Sources */ = {isa = PBXBuildFile; fileRef = D4F84C2C1D15BEDB0041FCF0 /* Result.swift */; };
		D4F84C301D15C76A0041FCF0 /* NSError.swift in Sources */ = {isa = PBXBuildFile; fileRef = D4F84C2F1D15C76A0041FCF0 /* NSError.swift */; };
/* End PBXBuildFile section */

/* Begin PBXContainerItemProxy section */
		D4B6606B1D142AAE000FE897 /* PBXContainerItemProxy */ = {
			isa = PBXContainerItemProxy;
			containerPortal = D4B6604B1D142AAE000FE897 /* Project object */;
			proxyType = 1;
			remoteGlobalIDString = D4B660521D142AAE000FE897;
			remoteInfo = PersonalProductivityAssistant;
		};
		D4B660761D142AAE000FE897 /* PBXContainerItemProxy */ = {
			isa = PBXContainerItemProxy;
			containerPortal = D4B6604B1D142AAE000FE897 /* Project object */;
			proxyType = 1;
			remoteGlobalIDString = D4B660521D142AAE000FE897;
			remoteInfo = PersonalProductivityAssistant;
		};
/* End PBXContainerItemProxy section */

/* Begin PBXFileReference section */
		D410C1931D325A8100C2CF68 /* XCTestCaseCoreDataInMemory.swift */ = {isa = PBXFileReference; fileEncoding = 4; lastKnownFileType = sourcecode.swift; path = XCTestCaseCoreDataInMemory.swift; sourceTree = "<group>"; };
		D41726E21D26AFFB002F15A4 /* Hashtag+CoreDataProperties.swift */ = {isa = PBXFileReference; fileEncoding = 4; lastKnownFileType = sourcecode.swift; path = "Hashtag+CoreDataProperties.swift"; sourceTree = "<group>"; };
		D41726E31D26AFFB002F15A4 /* Hashtag.swift */ = {isa = PBXFileReference; fileEncoding = 4; lastKnownFileType = sourcecode.swift; path = Hashtag.swift; sourceTree = "<group>"; };
		D41726E61D28EF7E002F15A4 /* HashtagFinder.swift */ = {isa = PBXFileReference; fileEncoding = 4; lastKnownFileType = sourcecode.swift; name = HashtagFinder.swift; path = Logic/Hashtags/HashtagFinder.swift; sourceTree = "<group>"; };
		D41726EA1D28F0A0002F15A4 /* HashtagsInStringFinderTest.swift */ = {isa = PBXFileReference; fileEncoding = 4; lastKnownFileType = sourcecode.swift; path = HashtagsInStringFinderTest.swift; sourceTree = "<group>"; };
		D41DE9C61D34253D007A9B03 /* PPADataModel 2.xcdatamodel */ = {isa = PBXFileReference; lastKnownFileType = wrapper.xcdatamodel; path = "PPADataModel 2.xcdatamodel"; sourceTree = "<group>"; };
		D4355E6B1D374C92000F678A /* DateTimePickViewController.swift */ = {isa = PBXFileReference; fileEncoding = 4; lastKnownFileType = sourcecode.swift; name = DateTimePickViewController.swift; path = ViewControllers/DateTimePickViewController.swift; sourceTree = "<group>"; };
		D4355E6D1D37E572000F678A /* DateTimePickDelegate.swift */ = {isa = PBXFileReference; fileEncoding = 4; lastKnownFileType = sourcecode.swift; name = DateTimePickDelegate.swift; path = ViewControllers/Shared/DateTimePickDelegate.swift; sourceTree = "<group>"; };
		D43B896F1D24444C0065248D /* ChartSourceFreeVsUsedTime.swift */ = {isa = PBXFileReference; fileEncoding = 4; lastKnownFileType = sourcecode.swift; name = ChartSourceFreeVsUsedTime.swift; path = Charts/Reporting/ChartSourceFreeVsUsedTime.swift; sourceTree = "<group>"; };
		D46CE0901D3499DF00CD797F /* UIViewController.swift */ = {isa = PBXFileReference; fileEncoding = 4; lastKnownFileType = sourcecode.swift; name = UIViewController.swift; path = Utilities/Extensions/UIViewController.swift; sourceTree = "<group>"; };
		D46CE0941D34BB5F00CD797F /* XCUIElement.swift */ = {isa = PBXFileReference; fileEncoding = 4; lastKnownFileType = sourcecode.swift; name = XCUIElement.swift; path = Utilities/Extensions/XCUIElement.swift; sourceTree = "<group>"; };
		D46CE0961D34BB7C00CD797F /* NSDate.swift */ = {isa = PBXFileReference; fileEncoding = 4; lastKnownFileType = sourcecode.swift; path = NSDate.swift; sourceTree = "<group>"; };
		D46CE0981D34BC8200CD797F /* XCTestCase.swift */ = {isa = PBXFileReference; fileEncoding = 4; lastKnownFileType = sourcecode.swift; path = XCTestCase.swift; sourceTree = "<group>"; };
		D46CE09A1D3546A300CD797F /* String.swift */ = {isa = PBXFileReference; fileEncoding = 4; lastKnownFileType = sourcecode.swift; name = String.swift; path = Utilities/Extensions/String.swift; sourceTree = "<group>"; };
		D47B10471D262B720052A845 /* SegueHandlerType.swift */ = {isa = PBXFileReference; fileEncoding = 4; lastKnownFileType = sourcecode.swift; name = SegueHandlerType.swift; path = ViewControllers/Shared/SegueHandlerType.swift; sourceTree = "<group>"; };
		D47B104A1D263C7F0052A845 /* TimeLogDelegate.swift */ = {isa = PBXFileReference; fileEncoding = 4; lastKnownFileType = sourcecode.swift; name = TimeLogDelegate.swift; path = ViewControllers/Shared/TimeLogDelegate.swift; sourceTree = "<group>"; };
		D48740EA1D16D16D002D3918 /* TimeLogViewController.swift */ = {isa = PBXFileReference; fileEncoding = 4; lastKnownFileType = sourcecode.swift; name = TimeLogViewController.swift; path = ViewControllers/TimeLogViewController.swift; sourceTree = "<group>"; };
		D48F19B31D1C3714009BD069 /* TimeLogData.swift */ = {isa = PBXFileReference; fileEncoding = 4; lastKnownFileType = sourcecode.swift; name = TimeLogData.swift; path = Model/Data/TimeLogData.swift; sourceTree = "<group>"; };
		D48F19B51D230FA9009BD069 /* NSDate.swift */ = {isa = PBXFileReference; fileEncoding = 4; lastKnownFileType = sourcecode.swift; name = NSDate.swift; path = Utilities/Extensions/NSDate.swift; sourceTree = "<group>"; };
		D48F19B91D2402FB009BD069 /* ChartAnimationEasing.swift */ = {isa = PBXFileReference; fileEncoding = 4; lastKnownFileType = sourcecode.swift; path = ChartAnimationEasing.swift; sourceTree = "<group>"; };
		D48F19BA1D2402FB009BD069 /* ChartAnimator.swift */ = {isa = PBXFileReference; fileEncoding = 4; lastKnownFileType = sourcecode.swift; path = ChartAnimator.swift; sourceTree = "<group>"; };
		D48F19BC1D2402FB009BD069 /* BarChartView.swift */ = {isa = PBXFileReference; fileEncoding = 4; lastKnownFileType = sourcecode.swift; path = BarChartView.swift; sourceTree = "<group>"; };
		D48F19BD1D2402FB009BD069 /* BarLineChartViewBase.swift */ = {isa = PBXFileReference; fileEncoding = 4; lastKnownFileType = sourcecode.swift; path = BarLineChartViewBase.swift; sourceTree = "<group>"; };
		D48F19BE1D2402FB009BD069 /* BubbleChartView.swift */ = {isa = PBXFileReference; fileEncoding = 4; lastKnownFileType = sourcecode.swift; path = BubbleChartView.swift; sourceTree = "<group>"; };
		D48F19BF1D2402FB009BD069 /* CandleStickChartView.swift */ = {isa = PBXFileReference; fileEncoding = 4; lastKnownFileType = sourcecode.swift; path = CandleStickChartView.swift; sourceTree = "<group>"; };
		D48F19C01D2402FB009BD069 /* ChartViewBase.swift */ = {isa = PBXFileReference; fileEncoding = 4; lastKnownFileType = sourcecode.swift; path = ChartViewBase.swift; sourceTree = "<group>"; };
		D48F19C11D2402FB009BD069 /* CombinedChartView.swift */ = {isa = PBXFileReference; fileEncoding = 4; lastKnownFileType = sourcecode.swift; path = CombinedChartView.swift; sourceTree = "<group>"; };
		D48F19C21D2402FB009BD069 /* HorizontalBarChartView.swift */ = {isa = PBXFileReference; fileEncoding = 4; lastKnownFileType = sourcecode.swift; path = HorizontalBarChartView.swift; sourceTree = "<group>"; };
		D48F19C31D2402FB009BD069 /* LineChartView.swift */ = {isa = PBXFileReference; fileEncoding = 4; lastKnownFileType = sourcecode.swift; path = LineChartView.swift; sourceTree = "<group>"; };
		D48F19C41D2402FB009BD069 /* PieChartView.swift */ = {isa = PBXFileReference; fileEncoding = 4; lastKnownFileType = sourcecode.swift; path = PieChartView.swift; sourceTree = "<group>"; };
		D48F19C51D2402FB009BD069 /* PieRadarChartViewBase.swift */ = {isa = PBXFileReference; fileEncoding = 4; lastKnownFileType = sourcecode.swift; path = PieRadarChartViewBase.swift; sourceTree = "<group>"; };
		D48F19C61D2402FB009BD069 /* RadarChartView.swift */ = {isa = PBXFileReference; fileEncoding = 4; lastKnownFileType = sourcecode.swift; path = RadarChartView.swift; sourceTree = "<group>"; };
		D48F19C71D2402FB009BD069 /* ScatterChartView.swift */ = {isa = PBXFileReference; fileEncoding = 4; lastKnownFileType = sourcecode.swift; path = ScatterChartView.swift; sourceTree = "<group>"; };
		D48F19C91D2402FB009BD069 /* ChartAxisBase.swift */ = {isa = PBXFileReference; fileEncoding = 4; lastKnownFileType = sourcecode.swift; path = ChartAxisBase.swift; sourceTree = "<group>"; };
		D48F19CA1D2402FB009BD069 /* ChartComponentBase.swift */ = {isa = PBXFileReference; fileEncoding = 4; lastKnownFileType = sourcecode.swift; path = ChartComponentBase.swift; sourceTree = "<group>"; };
		D48F19CB1D2402FB009BD069 /* ChartLegend.swift */ = {isa = PBXFileReference; fileEncoding = 4; lastKnownFileType = sourcecode.swift; path = ChartLegend.swift; sourceTree = "<group>"; };
		D48F19CC1D2402FB009BD069 /* ChartLimitLine.swift */ = {isa = PBXFileReference; fileEncoding = 4; lastKnownFileType = sourcecode.swift; path = ChartLimitLine.swift; sourceTree = "<group>"; };
		D48F19CD1D2402FB009BD069 /* ChartMarker.swift */ = {isa = PBXFileReference; fileEncoding = 4; lastKnownFileType = sourcecode.swift; path = ChartMarker.swift; sourceTree = "<group>"; };
		D48F19CE1D2402FB009BD069 /* ChartXAxis.swift */ = {isa = PBXFileReference; fileEncoding = 4; lastKnownFileType = sourcecode.swift; path = ChartXAxis.swift; sourceTree = "<group>"; };
		D48F19CF1D2402FB009BD069 /* ChartYAxis.swift */ = {isa = PBXFileReference; fileEncoding = 4; lastKnownFileType = sourcecode.swift; path = ChartYAxis.swift; sourceTree = "<group>"; };
		D48F19D21D2402FB009BD069 /* ChartBaseDataSet.swift */ = {isa = PBXFileReference; fileEncoding = 4; lastKnownFileType = sourcecode.swift; path = ChartBaseDataSet.swift; sourceTree = "<group>"; };
		D48F19D41D2402FB009BD069 /* BarChartData.swift */ = {isa = PBXFileReference; fileEncoding = 4; lastKnownFileType = sourcecode.swift; path = BarChartData.swift; sourceTree = "<group>"; };
		D48F19D51D2402FB009BD069 /* BarChartDataEntry.swift */ = {isa = PBXFileReference; fileEncoding = 4; lastKnownFileType = sourcecode.swift; path = BarChartDataEntry.swift; sourceTree = "<group>"; };
		D48F19D61D2402FB009BD069 /* BarChartDataSet.swift */ = {isa = PBXFileReference; fileEncoding = 4; lastKnownFileType = sourcecode.swift; path = BarChartDataSet.swift; sourceTree = "<group>"; };
		D48F19D71D2402FB009BD069 /* BarLineScatterCandleBubbleChartData.swift */ = {isa = PBXFileReference; fileEncoding = 4; lastKnownFileType = sourcecode.swift; path = BarLineScatterCandleBubbleChartData.swift; sourceTree = "<group>"; };
		D48F19D81D2402FB009BD069 /* BarLineScatterCandleBubbleChartDataSet.swift */ = {isa = PBXFileReference; fileEncoding = 4; lastKnownFileType = sourcecode.swift; path = BarLineScatterCandleBubbleChartDataSet.swift; sourceTree = "<group>"; };
		D48F19D91D2402FB009BD069 /* BubbleChartData.swift */ = {isa = PBXFileReference; fileEncoding = 4; lastKnownFileType = sourcecode.swift; path = BubbleChartData.swift; sourceTree = "<group>"; };
		D48F19DA1D2402FB009BD069 /* BubbleChartDataEntry.swift */ = {isa = PBXFileReference; fileEncoding = 4; lastKnownFileType = sourcecode.swift; path = BubbleChartDataEntry.swift; sourceTree = "<group>"; };
		D48F19DB1D2402FB009BD069 /* BubbleChartDataSet.swift */ = {isa = PBXFileReference; fileEncoding = 4; lastKnownFileType = sourcecode.swift; path = BubbleChartDataSet.swift; sourceTree = "<group>"; };
		D48F19DC1D2402FB009BD069 /* CandleChartData.swift */ = {isa = PBXFileReference; fileEncoding = 4; lastKnownFileType = sourcecode.swift; path = CandleChartData.swift; sourceTree = "<group>"; };
		D48F19DD1D2402FB009BD069 /* CandleChartDataEntry.swift */ = {isa = PBXFileReference; fileEncoding = 4; lastKnownFileType = sourcecode.swift; path = CandleChartDataEntry.swift; sourceTree = "<group>"; };
		D48F19DE1D2402FB009BD069 /* CandleChartDataSet.swift */ = {isa = PBXFileReference; fileEncoding = 4; lastKnownFileType = sourcecode.swift; path = CandleChartDataSet.swift; sourceTree = "<group>"; };
		D48F19DF1D2402FB009BD069 /* ChartData.swift */ = {isa = PBXFileReference; fileEncoding = 4; lastKnownFileType = sourcecode.swift; path = ChartData.swift; sourceTree = "<group>"; };
		D48F19E01D2402FB009BD069 /* ChartDataEntry.swift */ = {isa = PBXFileReference; fileEncoding = 4; lastKnownFileType = sourcecode.swift; path = ChartDataEntry.swift; sourceTree = "<group>"; };
		D48F19E11D2402FB009BD069 /* ChartDataSet.swift */ = {isa = PBXFileReference; fileEncoding = 4; lastKnownFileType = sourcecode.swift; path = ChartDataSet.swift; sourceTree = "<group>"; };
		D48F19E21D2402FB009BD069 /* CombinedChartData.swift */ = {isa = PBXFileReference; fileEncoding = 4; lastKnownFileType = sourcecode.swift; path = CombinedChartData.swift; sourceTree = "<group>"; };
		D48F19E31D2402FB009BD069 /* LineChartData.swift */ = {isa = PBXFileReference; fileEncoding = 4; lastKnownFileType = sourcecode.swift; path = LineChartData.swift; sourceTree = "<group>"; };
		D48F19E41D2402FB009BD069 /* LineChartDataSet.swift */ = {isa = PBXFileReference; fileEncoding = 4; lastKnownFileType = sourcecode.swift; path = LineChartDataSet.swift; sourceTree = "<group>"; };
		D48F19E51D2402FB009BD069 /* LineRadarChartDataSet.swift */ = {isa = PBXFileReference; fileEncoding = 4; lastKnownFileType = sourcecode.swift; path = LineRadarChartDataSet.swift; sourceTree = "<group>"; };
		D48F19E61D2402FB009BD069 /* LineScatterCandleRadarChartDataSet.swift */ = {isa = PBXFileReference; fileEncoding = 4; lastKnownFileType = sourcecode.swift; path = LineScatterCandleRadarChartDataSet.swift; sourceTree = "<group>"; };
		D48F19E71D2402FB009BD069 /* PieChartData.swift */ = {isa = PBXFileReference; fileEncoding = 4; lastKnownFileType = sourcecode.swift; path = PieChartData.swift; sourceTree = "<group>"; };
		D48F19E81D2402FB009BD069 /* PieChartDataSet.swift */ = {isa = PBXFileReference; fileEncoding = 4; lastKnownFileType = sourcecode.swift; path = PieChartDataSet.swift; sourceTree = "<group>"; };
		D48F19E91D2402FB009BD069 /* RadarChartData.swift */ = {isa = PBXFileReference; fileEncoding = 4; lastKnownFileType = sourcecode.swift; path = RadarChartData.swift; sourceTree = "<group>"; };
		D48F19EA1D2402FB009BD069 /* RadarChartDataSet.swift */ = {isa = PBXFileReference; fileEncoding = 4; lastKnownFileType = sourcecode.swift; path = RadarChartDataSet.swift; sourceTree = "<group>"; };
		D48F19EB1D2402FB009BD069 /* ScatterChartData.swift */ = {isa = PBXFileReference; fileEncoding = 4; lastKnownFileType = sourcecode.swift; path = ScatterChartData.swift; sourceTree = "<group>"; };
		D48F19EC1D2402FB009BD069 /* ScatterChartDataSet.swift */ = {isa = PBXFileReference; fileEncoding = 4; lastKnownFileType = sourcecode.swift; path = ScatterChartDataSet.swift; sourceTree = "<group>"; };
		D48F19EE1D2402FB009BD069 /* IBarChartDataSet.swift */ = {isa = PBXFileReference; fileEncoding = 4; lastKnownFileType = sourcecode.swift; path = IBarChartDataSet.swift; sourceTree = "<group>"; };
		D48F19EF1D2402FB009BD069 /* IBarLineScatterCandleBubbleChartDataSet.swift */ = {isa = PBXFileReference; fileEncoding = 4; lastKnownFileType = sourcecode.swift; path = IBarLineScatterCandleBubbleChartDataSet.swift; sourceTree = "<group>"; };
		D48F19F01D2402FB009BD069 /* IBubbleChartDataSet.swift */ = {isa = PBXFileReference; fileEncoding = 4; lastKnownFileType = sourcecode.swift; path = IBubbleChartDataSet.swift; sourceTree = "<group>"; };
		D48F19F11D2402FB009BD069 /* ICandleChartDataSet.swift */ = {isa = PBXFileReference; fileEncoding = 4; lastKnownFileType = sourcecode.swift; path = ICandleChartDataSet.swift; sourceTree = "<group>"; };
		D48F19F21D2402FB009BD069 /* IChartDataSet.swift */ = {isa = PBXFileReference; fileEncoding = 4; lastKnownFileType = sourcecode.swift; path = IChartDataSet.swift; sourceTree = "<group>"; };
		D48F19F31D2402FB009BD069 /* ILineChartDataSet.swift */ = {isa = PBXFileReference; fileEncoding = 4; lastKnownFileType = sourcecode.swift; path = ILineChartDataSet.swift; sourceTree = "<group>"; };
		D48F19F41D2402FB009BD069 /* ILineRadarChartDataSet.swift */ = {isa = PBXFileReference; fileEncoding = 4; lastKnownFileType = sourcecode.swift; path = ILineRadarChartDataSet.swift; sourceTree = "<group>"; };
		D48F19F51D2402FB009BD069 /* ILineScatterCandleRadarChartDataSet.swift */ = {isa = PBXFileReference; fileEncoding = 4; lastKnownFileType = sourcecode.swift; path = ILineScatterCandleRadarChartDataSet.swift; sourceTree = "<group>"; };
		D48F19F61D2402FB009BD069 /* IPieChartDataSet.swift */ = {isa = PBXFileReference; fileEncoding = 4; lastKnownFileType = sourcecode.swift; path = IPieChartDataSet.swift; sourceTree = "<group>"; };
		D48F19F71D2402FB009BD069 /* IRadarChartDataSet.swift */ = {isa = PBXFileReference; fileEncoding = 4; lastKnownFileType = sourcecode.swift; path = IRadarChartDataSet.swift; sourceTree = "<group>"; };
		D48F19F81D2402FB009BD069 /* IScatterChartDataSet.swift */ = {isa = PBXFileReference; fileEncoding = 4; lastKnownFileType = sourcecode.swift; path = IScatterChartDataSet.swift; sourceTree = "<group>"; };
		D48F19FA1D2402FB009BD069 /* ChartDataApproximatorFilter.swift */ = {isa = PBXFileReference; fileEncoding = 4; lastKnownFileType = sourcecode.swift; path = ChartDataApproximatorFilter.swift; sourceTree = "<group>"; };
		D48F19FB1D2402FB009BD069 /* ChartDataBaseFilter.swift */ = {isa = PBXFileReference; fileEncoding = 4; lastKnownFileType = sourcecode.swift; path = ChartDataBaseFilter.swift; sourceTree = "<group>"; };
		D48F19FD1D2402FB009BD069 /* ChartDefaultFillFormatter.swift */ = {isa = PBXFileReference; fileEncoding = 4; lastKnownFileType = sourcecode.swift; path = ChartDefaultFillFormatter.swift; sourceTree = "<group>"; };
		D48F19FE1D2402FB009BD069 /* ChartDefaultXAxisValueFormatter.swift */ = {isa = PBXFileReference; fileEncoding = 4; lastKnownFileType = sourcecode.swift; path = ChartDefaultXAxisValueFormatter.swift; sourceTree = "<group>"; };
		D48F19FF1D2402FB009BD069 /* ChartFillFormatter.swift */ = {isa = PBXFileReference; fileEncoding = 4; lastKnownFileType = sourcecode.swift; path = ChartFillFormatter.swift; sourceTree = "<group>"; };
		D48F1A001D2402FB009BD069 /* ChartXAxisValueFormatter.swift */ = {isa = PBXFileReference; fileEncoding = 4; lastKnownFileType = sourcecode.swift; path = ChartXAxisValueFormatter.swift; sourceTree = "<group>"; };
		D48F1A021D2402FB009BD069 /* BarChartHighlighter.swift */ = {isa = PBXFileReference; fileEncoding = 4; lastKnownFileType = sourcecode.swift; path = BarChartHighlighter.swift; sourceTree = "<group>"; };
		D48F1A031D2402FB009BD069 /* ChartHighlight.swift */ = {isa = PBXFileReference; fileEncoding = 4; lastKnownFileType = sourcecode.swift; path = ChartHighlight.swift; sourceTree = "<group>"; };
		D48F1A041D2402FB009BD069 /* ChartHighlighter.swift */ = {isa = PBXFileReference; fileEncoding = 4; lastKnownFileType = sourcecode.swift; path = ChartHighlighter.swift; sourceTree = "<group>"; };
		D48F1A051D2402FB009BD069 /* ChartRange.swift */ = {isa = PBXFileReference; fileEncoding = 4; lastKnownFileType = sourcecode.swift; path = ChartRange.swift; sourceTree = "<group>"; };
		D48F1A061D2402FB009BD069 /* CombinedHighlighter.swift */ = {isa = PBXFileReference; fileEncoding = 4; lastKnownFileType = sourcecode.swift; path = CombinedHighlighter.swift; sourceTree = "<group>"; };
		D48F1A071D2402FB009BD069 /* HorizontalBarChartHighlighter.swift */ = {isa = PBXFileReference; fileEncoding = 4; lastKnownFileType = sourcecode.swift; path = HorizontalBarChartHighlighter.swift; sourceTree = "<group>"; };
		D48F1A091D2402FB009BD069 /* BarChartDataProvider.swift */ = {isa = PBXFileReference; fileEncoding = 4; lastKnownFileType = sourcecode.swift; path = BarChartDataProvider.swift; sourceTree = "<group>"; };
		D48F1A0A1D2402FB009BD069 /* BarLineScatterCandleBubbleChartDataProvider.swift */ = {isa = PBXFileReference; fileEncoding = 4; lastKnownFileType = sourcecode.swift; path = BarLineScatterCandleBubbleChartDataProvider.swift; sourceTree = "<group>"; };
		D48F1A0B1D2402FB009BD069 /* BubbleChartDataProvider.swift */ = {isa = PBXFileReference; fileEncoding = 4; lastKnownFileType = sourcecode.swift; path = BubbleChartDataProvider.swift; sourceTree = "<group>"; };
		D48F1A0C1D2402FB009BD069 /* CandleChartDataProvider.swift */ = {isa = PBXFileReference; fileEncoding = 4; lastKnownFileType = sourcecode.swift; path = CandleChartDataProvider.swift; sourceTree = "<group>"; };
		D48F1A0D1D2402FB009BD069 /* ChartDataProvider.swift */ = {isa = PBXFileReference; fileEncoding = 4; lastKnownFileType = sourcecode.swift; path = ChartDataProvider.swift; sourceTree = "<group>"; };
		D48F1A0E1D2402FB009BD069 /* LineChartDataProvider.swift */ = {isa = PBXFileReference; fileEncoding = 4; lastKnownFileType = sourcecode.swift; path = LineChartDataProvider.swift; sourceTree = "<group>"; };
		D48F1A0F1D2402FB009BD069 /* ScatterChartDataProvider.swift */ = {isa = PBXFileReference; fileEncoding = 4; lastKnownFileType = sourcecode.swift; path = ScatterChartDataProvider.swift; sourceTree = "<group>"; };
		D48F1A111D2402FB009BD069 /* AnimatedMoveViewJob.swift */ = {isa = PBXFileReference; fileEncoding = 4; lastKnownFileType = sourcecode.swift; path = AnimatedMoveViewJob.swift; sourceTree = "<group>"; };
		D48F1A121D2402FB009BD069 /* AnimatedViewPortJob.swift */ = {isa = PBXFileReference; fileEncoding = 4; lastKnownFileType = sourcecode.swift; path = AnimatedViewPortJob.swift; sourceTree = "<group>"; };
		D48F1A131D2402FB009BD069 /* AnimatedZoomViewJob.swift */ = {isa = PBXFileReference; fileEncoding = 4; lastKnownFileType = sourcecode.swift; path = AnimatedZoomViewJob.swift; sourceTree = "<group>"; };
		D48F1A141D2402FB009BD069 /* ChartViewPortJob.swift */ = {isa = PBXFileReference; fileEncoding = 4; lastKnownFileType = sourcecode.swift; path = ChartViewPortJob.swift; sourceTree = "<group>"; };
		D48F1A151D2402FB009BD069 /* MoveChartViewJob.swift */ = {isa = PBXFileReference; fileEncoding = 4; lastKnownFileType = sourcecode.swift; path = MoveChartViewJob.swift; sourceTree = "<group>"; };
		D48F1A161D2402FB009BD069 /* ZoomChartViewJob.swift */ = {isa = PBXFileReference; fileEncoding = 4; lastKnownFileType = sourcecode.swift; path = ZoomChartViewJob.swift; sourceTree = "<group>"; };
		D48F1A181D2402FB009BD069 /* BarChartRenderer.swift */ = {isa = PBXFileReference; fileEncoding = 4; lastKnownFileType = sourcecode.swift; path = BarChartRenderer.swift; sourceTree = "<group>"; };
		D48F1A191D2402FB009BD069 /* BubbleChartRenderer.swift */ = {isa = PBXFileReference; fileEncoding = 4; lastKnownFileType = sourcecode.swift; path = BubbleChartRenderer.swift; sourceTree = "<group>"; };
		D48F1A1A1D2402FB009BD069 /* CandleStickChartRenderer.swift */ = {isa = PBXFileReference; fileEncoding = 4; lastKnownFileType = sourcecode.swift; path = CandleStickChartRenderer.swift; sourceTree = "<group>"; };
		D48F1A1B1D2402FB009BD069 /* ChartAxisRendererBase.swift */ = {isa = PBXFileReference; fileEncoding = 4; lastKnownFileType = sourcecode.swift; path = ChartAxisRendererBase.swift; sourceTree = "<group>"; };
		D48F1A1C1D2402FB009BD069 /* ChartDataRendererBase.swift */ = {isa = PBXFileReference; fileEncoding = 4; lastKnownFileType = sourcecode.swift; path = ChartDataRendererBase.swift; sourceTree = "<group>"; };
		D48F1A1D1D2402FB009BD069 /* ChartLegendRenderer.swift */ = {isa = PBXFileReference; fileEncoding = 4; lastKnownFileType = sourcecode.swift; path = ChartLegendRenderer.swift; sourceTree = "<group>"; };
		D48F1A1E1D2402FB009BD069 /* ChartRendererBase.swift */ = {isa = PBXFileReference; fileEncoding = 4; lastKnownFileType = sourcecode.swift; path = ChartRendererBase.swift; sourceTree = "<group>"; };
		D48F1A1F1D2402FB009BD069 /* ChartXAxisRenderer.swift */ = {isa = PBXFileReference; fileEncoding = 4; lastKnownFileType = sourcecode.swift; path = ChartXAxisRenderer.swift; sourceTree = "<group>"; };
		D48F1A201D2402FB009BD069 /* ChartXAxisRendererBarChart.swift */ = {isa = PBXFileReference; fileEncoding = 4; lastKnownFileType = sourcecode.swift; path = ChartXAxisRendererBarChart.swift; sourceTree = "<group>"; };
		D48F1A211D2402FB009BD069 /* ChartXAxisRendererHorizontalBarChart.swift */ = {isa = PBXFileReference; fileEncoding = 4; lastKnownFileType = sourcecode.swift; path = ChartXAxisRendererHorizontalBarChart.swift; sourceTree = "<group>"; };
		D48F1A221D2402FB009BD069 /* ChartXAxisRendererRadarChart.swift */ = {isa = PBXFileReference; fileEncoding = 4; lastKnownFileType = sourcecode.swift; path = ChartXAxisRendererRadarChart.swift; sourceTree = "<group>"; };
		D48F1A231D2402FB009BD069 /* ChartYAxisRenderer.swift */ = {isa = PBXFileReference; fileEncoding = 4; lastKnownFileType = sourcecode.swift; path = ChartYAxisRenderer.swift; sourceTree = "<group>"; };
		D48F1A241D2402FB009BD069 /* ChartYAxisRendererHorizontalBarChart.swift */ = {isa = PBXFileReference; fileEncoding = 4; lastKnownFileType = sourcecode.swift; path = ChartYAxisRendererHorizontalBarChart.swift; sourceTree = "<group>"; };
		D48F1A251D2402FB009BD069 /* ChartYAxisRendererRadarChart.swift */ = {isa = PBXFileReference; fileEncoding = 4; lastKnownFileType = sourcecode.swift; path = ChartYAxisRendererRadarChart.swift; sourceTree = "<group>"; };
		D48F1A261D2402FB009BD069 /* CombinedChartRenderer.swift */ = {isa = PBXFileReference; fileEncoding = 4; lastKnownFileType = sourcecode.swift; path = CombinedChartRenderer.swift; sourceTree = "<group>"; };
		D48F1A271D2402FB009BD069 /* HorizontalBarChartRenderer.swift */ = {isa = PBXFileReference; fileEncoding = 4; lastKnownFileType = sourcecode.swift; path = HorizontalBarChartRenderer.swift; sourceTree = "<group>"; };
		D48F1A281D2402FB009BD069 /* LineChartRenderer.swift */ = {isa = PBXFileReference; fileEncoding = 4; lastKnownFileType = sourcecode.swift; path = LineChartRenderer.swift; sourceTree = "<group>"; };
		D48F1A291D2402FB009BD069 /* LineRadarChartRenderer.swift */ = {isa = PBXFileReference; fileEncoding = 4; lastKnownFileType = sourcecode.swift; path = LineRadarChartRenderer.swift; sourceTree = "<group>"; };
		D48F1A2A1D2402FB009BD069 /* LineScatterCandleRadarChartRenderer.swift */ = {isa = PBXFileReference; fileEncoding = 4; lastKnownFileType = sourcecode.swift; path = LineScatterCandleRadarChartRenderer.swift; sourceTree = "<group>"; };
		D48F1A2B1D2402FB009BD069 /* PieChartRenderer.swift */ = {isa = PBXFileReference; fileEncoding = 4; lastKnownFileType = sourcecode.swift; path = PieChartRenderer.swift; sourceTree = "<group>"; };
		D48F1A2C1D2402FB009BD069 /* RadarChartRenderer.swift */ = {isa = PBXFileReference; fileEncoding = 4; lastKnownFileType = sourcecode.swift; path = RadarChartRenderer.swift; sourceTree = "<group>"; };
		D48F1A2D1D2402FB009BD069 /* ScatterChartRenderer.swift */ = {isa = PBXFileReference; fileEncoding = 4; lastKnownFileType = sourcecode.swift; path = ScatterChartRenderer.swift; sourceTree = "<group>"; };
		D48F1A2F1D2402FB009BD069 /* ChartColorTemplates.swift */ = {isa = PBXFileReference; fileEncoding = 4; lastKnownFileType = sourcecode.swift; path = ChartColorTemplates.swift; sourceTree = "<group>"; };
		D48F1A301D2402FB009BD069 /* ChartFill.swift */ = {isa = PBXFileReference; fileEncoding = 4; lastKnownFileType = sourcecode.swift; path = ChartFill.swift; sourceTree = "<group>"; };
		D48F1A311D2402FB009BD069 /* ChartPlatform.swift */ = {isa = PBXFileReference; fileEncoding = 4; lastKnownFileType = sourcecode.swift; path = ChartPlatform.swift; sourceTree = "<group>"; };
		D48F1A321D2402FB009BD069 /* ChartSelectionDetail.swift */ = {isa = PBXFileReference; fileEncoding = 4; lastKnownFileType = sourcecode.swift; path = ChartSelectionDetail.swift; sourceTree = "<group>"; };
		D48F1A331D2402FB009BD069 /* ChartTransformer.swift */ = {isa = PBXFileReference; fileEncoding = 4; lastKnownFileType = sourcecode.swift; path = ChartTransformer.swift; sourceTree = "<group>"; };
		D48F1A341D2402FB009BD069 /* ChartTransformerHorizontalBarChart.swift */ = {isa = PBXFileReference; fileEncoding = 4; lastKnownFileType = sourcecode.swift; path = ChartTransformerHorizontalBarChart.swift; sourceTree = "<group>"; };
		D48F1A351D2402FB009BD069 /* ChartUtils.swift */ = {isa = PBXFileReference; fileEncoding = 4; lastKnownFileType = sourcecode.swift; path = ChartUtils.swift; sourceTree = "<group>"; };
		D48F1A361D2402FB009BD069 /* ChartViewPortHandler.swift */ = {isa = PBXFileReference; fileEncoding = 4; lastKnownFileType = sourcecode.swift; path = ChartViewPortHandler.swift; sourceTree = "<group>"; };
		D48F1AAB1D240486009BD069 /* DayTimePieChartViewController.swift */ = {isa = PBXFileReference; fileEncoding = 4; lastKnownFileType = sourcecode.swift; name = DayTimePieChartViewController.swift; path = ViewControllers/DayTimePieChartViewController.swift; sourceTree = "<group>"; };
		D4B660531D142AAE000FE897 /* PersonalProductivityAssistant.app */ = {isa = PBXFileReference; explicitFileType = wrapper.application; includeInIndex = 0; path = PersonalProductivityAssistant.app; sourceTree = BUILT_PRODUCTS_DIR; };
		D4B660561D142AAE000FE897 /* AppDelegate.swift */ = {isa = PBXFileReference; lastKnownFileType = sourcecode.swift; path = AppDelegate.swift; sourceTree = "<group>"; };
		D4B660581D142AAE000FE897 /* MainViewController.swift */ = {isa = PBXFileReference; lastKnownFileType = sourcecode.swift; name = MainViewController.swift; path = ViewControllers/MainViewController.swift; sourceTree = "<group>"; };
		D4B6605B1D142AAE000FE897 /* Base */ = {isa = PBXFileReference; lastKnownFileType = file.storyboard; name = Base; path = Base.lproj/Main.storyboard; sourceTree = "<group>"; };
		D4B660601D142AAE000FE897 /* Assets.xcassets */ = {isa = PBXFileReference; lastKnownFileType = folder.assetcatalog; path = Assets.xcassets; sourceTree = "<group>"; };
		D4B660631D142AAE000FE897 /* Base */ = {isa = PBXFileReference; lastKnownFileType = file.storyboard; name = Base; path = Base.lproj/LaunchScreen.storyboard; sourceTree = "<group>"; };
		D4B660651D142AAE000FE897 /* Info.plist */ = {isa = PBXFileReference; lastKnownFileType = text.plist.xml; path = Info.plist; sourceTree = "<group>"; };
		D4B6606A1D142AAE000FE897 /* PersonalProductivityAssistantTests.xctest */ = {isa = PBXFileReference; explicitFileType = wrapper.cfbundle; includeInIndex = 0; path = PersonalProductivityAssistantTests.xctest; sourceTree = BUILT_PRODUCTS_DIR; };
		D4B660701D142AAE000FE897 /* Info.plist */ = {isa = PBXFileReference; lastKnownFileType = text.plist.xml; path = Info.plist; sourceTree = "<group>"; };
		D4B660751D142AAE000FE897 /* PersonalProductivityAssistantUITests.xctest */ = {isa = PBXFileReference; explicitFileType = wrapper.cfbundle; includeInIndex = 0; path = PersonalProductivityAssistantUITests.xctest; sourceTree = BUILT_PRODUCTS_DIR; };
		D4B660791D142AAE000FE897 /* PersonalProductivityAssistantUITests.swift */ = {isa = PBXFileReference; lastKnownFileType = sourcecode.swift; path = PersonalProductivityAssistantUITests.swift; sourceTree = "<group>"; };
		D4B6607B1D142AAE000FE897 /* Info.plist */ = {isa = PBXFileReference; lastKnownFileType = text.plist.xml; path = Info.plist; sourceTree = "<group>"; };
		D4B660881D142B18000FE897 /* PPADataModel.xcdatamodel */ = {isa = PBXFileReference; lastKnownFileType = wrapper.xcdatamodel; path = PPADataModel.xcdatamodel; sourceTree = "<group>"; };
		D4DD6AA21D2A2CF400FC6B0E /* HashtagRepository.swift */ = {isa = PBXFileReference; fileEncoding = 4; lastKnownFileType = sourcecode.swift; path = HashtagRepository.swift; sourceTree = "<group>"; };
		D4DD6AA41D30BAA600FC6B0E /* HashtagFinderTest.swift */ = {isa = PBXFileReference; fileEncoding = 4; lastKnownFileType = sourcecode.swift; path = HashtagFinderTest.swift; sourceTree = "<group>"; };
		D4F84C201D15516F0041FCF0 /* PPAModel.swift */ = {isa = PBXFileReference; fileEncoding = 4; lastKnownFileType = sourcecode.swift; path = PPAModel.swift; sourceTree = "<group>"; };
		D4F84C211D15516F0041FCF0 /* TimeLog+CoreDataProperties.swift */ = {isa = PBXFileReference; fileEncoding = 4; lastKnownFileType = sourcecode.swift; path = "TimeLog+CoreDataProperties.swift"; sourceTree = "<group>"; };
		D4F84C221D15516F0041FCF0 /* TimeLog.swift */ = {isa = PBXFileReference; fileEncoding = 4; lastKnownFileType = sourcecode.swift; path = TimeLog.swift; sourceTree = "<group>"; };
		D4F84C291D15BD0D0041FCF0 /* TimeLogRepository.swift */ = {isa = PBXFileReference; fileEncoding = 4; lastKnownFileType = sourcecode.swift; path = TimeLogRepository.swift; sourceTree = "<group>"; };
		D4F84C2C1D15BEDB0041FCF0 /* Result.swift */ = {isa = PBXFileReference; fileEncoding = 4; lastKnownFileType = sourcecode.swift; name = Result.swift; path = Utilities/Result.swift; sourceTree = "<group>"; };
		D4F84C2F1D15C76A0041FCF0 /* NSError.swift */ = {isa = PBXFileReference; fileEncoding = 4; lastKnownFileType = sourcecode.swift; name = NSError.swift; path = Utilities/Extensions/NSError.swift; sourceTree = "<group>"; };
/* End PBXFileReference section */

/* Begin PBXFrameworksBuildPhase section */
		D4B660501D142AAE000FE897 /* Frameworks */ = {
			isa = PBXFrameworksBuildPhase;
			buildActionMask = 2147483647;
			files = (
			);
			runOnlyForDeploymentPostprocessing = 0;
		};
		D4B660671D142AAE000FE897 /* Frameworks */ = {
			isa = PBXFrameworksBuildPhase;
			buildActionMask = 2147483647;
			files = (
			);
			runOnlyForDeploymentPostprocessing = 0;
		};
		D4B660721D142AAE000FE897 /* Frameworks */ = {
			isa = PBXFrameworksBuildPhase;
			buildActionMask = 2147483647;
			files = (
			);
			runOnlyForDeploymentPostprocessing = 0;
		};
/* End PBXFrameworksBuildPhase section */

/* Begin PBXGroup section */
		D41726E01D26AF7B002F15A4 /* Logic */ = {
			isa = PBXGroup;
			children = (
				D41726E11D26AF96002F15A4 /* Hashtags */,
			);
			name = Logic;
			sourceTree = "<group>";
		};
		D41726E11D26AF96002F15A4 /* Hashtags */ = {
			isa = PBXGroup;
			children = (
				D41726E61D28EF7E002F15A4 /* HashtagFinder.swift */,
			);
			name = Hashtags;
			sourceTree = "<group>";
		};
		D41726E81D28F04F002F15A4 /* Logic */ = {
			isa = PBXGroup;
			children = (
				D41726E91D28F057002F15A4 /* Hashtags */,
			);
			name = Logic;
			sourceTree = "<group>";
		};
		D41726E91D28F057002F15A4 /* Hashtags */ = {
			isa = PBXGroup;
			children = (
				D41726EA1D28F0A0002F15A4 /* HashtagsInStringFinderTest.swift */,
				D4DD6AA41D30BAA600FC6B0E /* HashtagFinderTest.swift */,
			);
			name = Hashtags;
			sourceTree = "<group>";
		};
		D43AF1D21D252EF20084B9C7 /* Libraries */ = {
			isa = PBXGroup;
			children = (
				D48F19B71D2402FB009BD069 /* Charts */,
			);
			name = Libraries;
			sourceTree = "<group>";
		};
		D43AF1D31D252F1B0084B9C7 /* ViewControllers */ = {
			isa = PBXGroup;
			children = (
				D47B10491D263C620052A845 /* Shared */,
				D4B660581D142AAE000FE897 /* MainViewController.swift */,
				D48740EA1D16D16D002D3918 /* TimeLogViewController.swift */,
				D48F1AAB1D240486009BD069 /* DayTimePieChartViewController.swift */,
				D4355E6B1D374C92000F678A /* DateTimePickViewController.swift */,
			);
			name = ViewControllers;
			sourceTree = "<group>";
		};
		D43AF1D41D25356F0084B9C7 /* Storyboards */ = {
			isa = PBXGroup;
			children = (
				D4B6605A1D142AAE000FE897 /* Main.storyboard */,
				D4B660621D142AAE000FE897 /* LaunchScreen.storyboard */,
			);
			name = Storyboards;
			sourceTree = "<group>";
		};
		D43B896E1D2444120065248D /* Reporting */ = {
			isa = PBXGroup;
			children = (
				D43B896F1D24444C0065248D /* ChartSourceFreeVsUsedTime.swift */,
			);
			name = Reporting;
			sourceTree = "<group>";
		};
		D46CE0921D34BB3700CD797F /* Utilities */ = {
			isa = PBXGroup;
			children = (
				D46CE0931D34BB4000CD797F /* Extensions */,
			);
			name = Utilities;
			sourceTree = "<group>";
		};
		D46CE0931D34BB4000CD797F /* Extensions */ = {
			isa = PBXGroup;
			children = (
				D46CE0941D34BB5F00CD797F /* XCUIElement.swift */,
				D46CE0961D34BB7C00CD797F /* NSDate.swift */,
				D46CE0981D34BC8200CD797F /* XCTestCase.swift */,
			);
			name = Extensions;
			sourceTree = "<group>";
		};
		D47B10491D263C620052A845 /* Shared */ = {
			isa = PBXGroup;
			children = (
				D47B10471D262B720052A845 /* SegueHandlerType.swift */,
				D47B104A1D263C7F0052A845 /* TimeLogDelegate.swift */,
				D4355E6D1D37E572000F678A /* DateTimePickDelegate.swift */,
			);
			name = Shared;
			sourceTree = "<group>";
		};
		D48F19B21D1C36FA009BD069 /* Data */ = {
			isa = PBXGroup;
			children = (
				D48F19B31D1C3714009BD069 /* TimeLogData.swift */,
			);
			name = Data;
			path = ..;
			sourceTree = "<group>";
		};
		D48F19B71D2402FB009BD069 /* Charts */ = {
			isa = PBXGroup;
			children = (
				D48F19B81D2402FB009BD069 /* Animation */,
				D48F19BB1D2402FB009BD069 /* Charts */,
				D48F19C81D2402FB009BD069 /* Components */,
				D48F19D01D2402FB009BD069 /* Data */,
				D48F19F91D2402FB009BD069 /* Filters */,
				D48F19FC1D2402FB009BD069 /* Formatters */,
				D48F1A011D2402FB009BD069 /* Highlight */,
				D48F1A081D2402FB009BD069 /* Interfaces */,
				D48F1A101D2402FB009BD069 /* Jobs */,
				D48F1A171D2402FB009BD069 /* Renderers */,
				D48F1A2E1D2402FB009BD069 /* Utils */,
			);
			path = Charts;
			sourceTree = "<group>";
		};
		D48F19B81D2402FB009BD069 /* Animation */ = {
			isa = PBXGroup;
			children = (
				D48F19B91D2402FB009BD069 /* ChartAnimationEasing.swift */,
				D48F19BA1D2402FB009BD069 /* ChartAnimator.swift */,
			);
			path = Animation;
			sourceTree = "<group>";
		};
		D48F19BB1D2402FB009BD069 /* Charts */ = {
			isa = PBXGroup;
			children = (
				D48F19BC1D2402FB009BD069 /* BarChartView.swift */,
				D48F19BD1D2402FB009BD069 /* BarLineChartViewBase.swift */,
				D48F19BE1D2402FB009BD069 /* BubbleChartView.swift */,
				D48F19BF1D2402FB009BD069 /* CandleStickChartView.swift */,
				D48F19C01D2402FB009BD069 /* ChartViewBase.swift */,
				D48F19C11D2402FB009BD069 /* CombinedChartView.swift */,
				D48F19C21D2402FB009BD069 /* HorizontalBarChartView.swift */,
				D48F19C31D2402FB009BD069 /* LineChartView.swift */,
				D48F19C41D2402FB009BD069 /* PieChartView.swift */,
				D48F19C51D2402FB009BD069 /* PieRadarChartViewBase.swift */,
				D48F19C61D2402FB009BD069 /* RadarChartView.swift */,
				D48F19C71D2402FB009BD069 /* ScatterChartView.swift */,
			);
			path = Charts;
			sourceTree = "<group>";
		};
		D48F19C81D2402FB009BD069 /* Components */ = {
			isa = PBXGroup;
			children = (
				D48F19C91D2402FB009BD069 /* ChartAxisBase.swift */,
				D48F19CA1D2402FB009BD069 /* ChartComponentBase.swift */,
				D48F19CB1D2402FB009BD069 /* ChartLegend.swift */,
				D48F19CC1D2402FB009BD069 /* ChartLimitLine.swift */,
				D48F19CD1D2402FB009BD069 /* ChartMarker.swift */,
				D48F19CE1D2402FB009BD069 /* ChartXAxis.swift */,
				D48F19CF1D2402FB009BD069 /* ChartYAxis.swift */,
			);
			path = Components;
			sourceTree = "<group>";
		};
		D48F19D01D2402FB009BD069 /* Data */ = {
			isa = PBXGroup;
			children = (
				D48F19D11D2402FB009BD069 /* Implementations */,
				D48F19ED1D2402FB009BD069 /* Interfaces */,
			);
			path = Data;
			sourceTree = "<group>";
		};
		D48F19D11D2402FB009BD069 /* Implementations */ = {
			isa = PBXGroup;
			children = (
				D48F19D21D2402FB009BD069 /* ChartBaseDataSet.swift */,
				D48F19D31D2402FB009BD069 /* Standard */,
			);
			path = Implementations;
			sourceTree = "<group>";
		};
		D48F19D31D2402FB009BD069 /* Standard */ = {
			isa = PBXGroup;
			children = (
				D48F19D41D2402FB009BD069 /* BarChartData.swift */,
				D48F19D51D2402FB009BD069 /* BarChartDataEntry.swift */,
				D48F19D61D2402FB009BD069 /* BarChartDataSet.swift */,
				D48F19D71D2402FB009BD069 /* BarLineScatterCandleBubbleChartData.swift */,
				D48F19D81D2402FB009BD069 /* BarLineScatterCandleBubbleChartDataSet.swift */,
				D48F19D91D2402FB009BD069 /* BubbleChartData.swift */,
				D48F19DA1D2402FB009BD069 /* BubbleChartDataEntry.swift */,
				D48F19DB1D2402FB009BD069 /* BubbleChartDataSet.swift */,
				D48F19DC1D2402FB009BD069 /* CandleChartData.swift */,
				D48F19DD1D2402FB009BD069 /* CandleChartDataEntry.swift */,
				D48F19DE1D2402FB009BD069 /* CandleChartDataSet.swift */,
				D48F19DF1D2402FB009BD069 /* ChartData.swift */,
				D48F19E01D2402FB009BD069 /* ChartDataEntry.swift */,
				D48F19E11D2402FB009BD069 /* ChartDataSet.swift */,
				D48F19E21D2402FB009BD069 /* CombinedChartData.swift */,
				D48F19E31D2402FB009BD069 /* LineChartData.swift */,
				D48F19E41D2402FB009BD069 /* LineChartDataSet.swift */,
				D48F19E51D2402FB009BD069 /* LineRadarChartDataSet.swift */,
				D48F19E61D2402FB009BD069 /* LineScatterCandleRadarChartDataSet.swift */,
				D48F19E71D2402FB009BD069 /* PieChartData.swift */,
				D48F19E81D2402FB009BD069 /* PieChartDataSet.swift */,
				D48F19E91D2402FB009BD069 /* RadarChartData.swift */,
				D48F19EA1D2402FB009BD069 /* RadarChartDataSet.swift */,
				D48F19EB1D2402FB009BD069 /* ScatterChartData.swift */,
				D48F19EC1D2402FB009BD069 /* ScatterChartDataSet.swift */,
			);
			path = Standard;
			sourceTree = "<group>";
		};
		D48F19ED1D2402FB009BD069 /* Interfaces */ = {
			isa = PBXGroup;
			children = (
				D48F19EE1D2402FB009BD069 /* IBarChartDataSet.swift */,
				D48F19EF1D2402FB009BD069 /* IBarLineScatterCandleBubbleChartDataSet.swift */,
				D48F19F01D2402FB009BD069 /* IBubbleChartDataSet.swift */,
				D48F19F11D2402FB009BD069 /* ICandleChartDataSet.swift */,
				D48F19F21D2402FB009BD069 /* IChartDataSet.swift */,
				D48F19F31D2402FB009BD069 /* ILineChartDataSet.swift */,
				D48F19F41D2402FB009BD069 /* ILineRadarChartDataSet.swift */,
				D48F19F51D2402FB009BD069 /* ILineScatterCandleRadarChartDataSet.swift */,
				D48F19F61D2402FB009BD069 /* IPieChartDataSet.swift */,
				D48F19F71D2402FB009BD069 /* IRadarChartDataSet.swift */,
				D48F19F81D2402FB009BD069 /* IScatterChartDataSet.swift */,
			);
			path = Interfaces;
			sourceTree = "<group>";
		};
		D48F19F91D2402FB009BD069 /* Filters */ = {
			isa = PBXGroup;
			children = (
				D48F19FA1D2402FB009BD069 /* ChartDataApproximatorFilter.swift */,
				D48F19FB1D2402FB009BD069 /* ChartDataBaseFilter.swift */,
			);
			path = Filters;
			sourceTree = "<group>";
		};
		D48F19FC1D2402FB009BD069 /* Formatters */ = {
			isa = PBXGroup;
			children = (
				D48F19FD1D2402FB009BD069 /* ChartDefaultFillFormatter.swift */,
				D48F19FE1D2402FB009BD069 /* ChartDefaultXAxisValueFormatter.swift */,
				D48F19FF1D2402FB009BD069 /* ChartFillFormatter.swift */,
				D48F1A001D2402FB009BD069 /* ChartXAxisValueFormatter.swift */,
			);
			path = Formatters;
			sourceTree = "<group>";
		};
		D48F1A011D2402FB009BD069 /* Highlight */ = {
			isa = PBXGroup;
			children = (
				D48F1A021D2402FB009BD069 /* BarChartHighlighter.swift */,
				D48F1A031D2402FB009BD069 /* ChartHighlight.swift */,
				D48F1A041D2402FB009BD069 /* ChartHighlighter.swift */,
				D48F1A051D2402FB009BD069 /* ChartRange.swift */,
				D48F1A061D2402FB009BD069 /* CombinedHighlighter.swift */,
				D48F1A071D2402FB009BD069 /* HorizontalBarChartHighlighter.swift */,
			);
			path = Highlight;
			sourceTree = "<group>";
		};
		D48F1A081D2402FB009BD069 /* Interfaces */ = {
			isa = PBXGroup;
			children = (
				D48F1A091D2402FB009BD069 /* BarChartDataProvider.swift */,
				D48F1A0A1D2402FB009BD069 /* BarLineScatterCandleBubbleChartDataProvider.swift */,
				D48F1A0B1D2402FB009BD069 /* BubbleChartDataProvider.swift */,
				D48F1A0C1D2402FB009BD069 /* CandleChartDataProvider.swift */,
				D48F1A0D1D2402FB009BD069 /* ChartDataProvider.swift */,
				D48F1A0E1D2402FB009BD069 /* LineChartDataProvider.swift */,
				D48F1A0F1D2402FB009BD069 /* ScatterChartDataProvider.swift */,
			);
			path = Interfaces;
			sourceTree = "<group>";
		};
		D48F1A101D2402FB009BD069 /* Jobs */ = {
			isa = PBXGroup;
			children = (
				D48F1A111D2402FB009BD069 /* AnimatedMoveViewJob.swift */,
				D48F1A121D2402FB009BD069 /* AnimatedViewPortJob.swift */,
				D48F1A131D2402FB009BD069 /* AnimatedZoomViewJob.swift */,
				D48F1A141D2402FB009BD069 /* ChartViewPortJob.swift */,
				D48F1A151D2402FB009BD069 /* MoveChartViewJob.swift */,
				D48F1A161D2402FB009BD069 /* ZoomChartViewJob.swift */,
			);
			path = Jobs;
			sourceTree = "<group>";
		};
		D48F1A171D2402FB009BD069 /* Renderers */ = {
			isa = PBXGroup;
			children = (
				D48F1A181D2402FB009BD069 /* BarChartRenderer.swift */,
				D48F1A191D2402FB009BD069 /* BubbleChartRenderer.swift */,
				D48F1A1A1D2402FB009BD069 /* CandleStickChartRenderer.swift */,
				D48F1A1B1D2402FB009BD069 /* ChartAxisRendererBase.swift */,
				D48F1A1C1D2402FB009BD069 /* ChartDataRendererBase.swift */,
				D48F1A1D1D2402FB009BD069 /* ChartLegendRenderer.swift */,
				D48F1A1E1D2402FB009BD069 /* ChartRendererBase.swift */,
				D48F1A1F1D2402FB009BD069 /* ChartXAxisRenderer.swift */,
				D48F1A201D2402FB009BD069 /* ChartXAxisRendererBarChart.swift */,
				D48F1A211D2402FB009BD069 /* ChartXAxisRendererHorizontalBarChart.swift */,
				D48F1A221D2402FB009BD069 /* ChartXAxisRendererRadarChart.swift */,
				D48F1A231D2402FB009BD069 /* ChartYAxisRenderer.swift */,
				D48F1A241D2402FB009BD069 /* ChartYAxisRendererHorizontalBarChart.swift */,
				D48F1A251D2402FB009BD069 /* ChartYAxisRendererRadarChart.swift */,
				D48F1A261D2402FB009BD069 /* CombinedChartRenderer.swift */,
				D48F1A271D2402FB009BD069 /* HorizontalBarChartRenderer.swift */,
				D48F1A281D2402FB009BD069 /* LineChartRenderer.swift */,
				D48F1A291D2402FB009BD069 /* LineRadarChartRenderer.swift */,
				D48F1A2A1D2402FB009BD069 /* LineScatterCandleRadarChartRenderer.swift */,
				D48F1A2B1D2402FB009BD069 /* PieChartRenderer.swift */,
				D48F1A2C1D2402FB009BD069 /* RadarChartRenderer.swift */,
				D48F1A2D1D2402FB009BD069 /* ScatterChartRenderer.swift */,
			);
			path = Renderers;
			sourceTree = "<group>";
		};
		D48F1A2E1D2402FB009BD069 /* Utils */ = {
			isa = PBXGroup;
			children = (
				D48F1A2F1D2402FB009BD069 /* ChartColorTemplates.swift */,
				D48F1A301D2402FB009BD069 /* ChartFill.swift */,
				D48F1A311D2402FB009BD069 /* ChartPlatform.swift */,
				D48F1A321D2402FB009BD069 /* ChartSelectionDetail.swift */,
				D48F1A331D2402FB009BD069 /* ChartTransformer.swift */,
				D48F1A341D2402FB009BD069 /* ChartTransformerHorizontalBarChart.swift */,
				D48F1A351D2402FB009BD069 /* ChartUtils.swift */,
				D48F1A361D2402FB009BD069 /* ChartViewPortHandler.swift */,
			);
			path = Utils;
			sourceTree = "<group>";
		};
		D4B6604A1D142AAE000FE897 = {
			isa = PBXGroup;
			children = (
				D4B660551D142AAE000FE897 /* PersonalProductivityAssistant */,
				D4B6606D1D142AAE000FE897 /* PersonalProductivityAssistantTests */,
				D4B660781D142AAE000FE897 /* PersonalProductivityAssistantUITests */,
				D4B660541D142AAE000FE897 /* Products */,
			);
			sourceTree = "<group>";
		};
		D4B660541D142AAE000FE897 /* Products */ = {
			isa = PBXGroup;
			children = (
				D4B660531D142AAE000FE897 /* PersonalProductivityAssistant.app */,
				D4B6606A1D142AAE000FE897 /* PersonalProductivityAssistantTests.xctest */,
				D4B660751D142AAE000FE897 /* PersonalProductivityAssistantUITests.xctest */,
			);
			name = Products;
			sourceTree = "<group>";
		};
		D4B660551D142AAE000FE897 /* PersonalProductivityAssistant */ = {
			isa = PBXGroup;
			children = (
				D43AF1D21D252EF20084B9C7 /* Libraries */,
				D4F84C2B1D15BECD0041FCF0 /* Utilities */,
				D4F84C1F1D15516F0041FCF0 /* Model */,
				D43B896E1D2444120065248D /* Reporting */,
				D41726E01D26AF7B002F15A4 /* Logic */,
				D43AF1D41D25356F0084B9C7 /* Storyboards */,
				D43AF1D31D252F1B0084B9C7 /* ViewControllers */,
				D4B660601D142AAE000FE897 /* Assets.xcassets */,
				D4B660651D142AAE000FE897 /* Info.plist */,
				D4B660561D142AAE000FE897 /* AppDelegate.swift */,
			);
			path = PersonalProductivityAssistant;
			sourceTree = "<group>";
		};
		D4B6606D1D142AAE000FE897 /* PersonalProductivityAssistantTests */ = {
			isa = PBXGroup;
			children = (
				D41726E81D28F04F002F15A4 /* Logic */,
				D4B660701D142AAE000FE897 /* Info.plist */,
				D410C1931D325A8100C2CF68 /* XCTestCaseCoreDataInMemory.swift */,
			);
			path = PersonalProductivityAssistantTests;
			sourceTree = "<group>";
		};
		D4B660781D142AAE000FE897 /* PersonalProductivityAssistantUITests */ = {
			isa = PBXGroup;
			children = (
				D46CE0921D34BB3700CD797F /* Utilities */,
				D4B660791D142AAE000FE897 /* PersonalProductivityAssistantUITests.swift */,
				D4B6607B1D142AAE000FE897 /* Info.plist */,
			);
			path = PersonalProductivityAssistantUITests;
			sourceTree = "<group>";
		};
		D4F84C1F1D15516F0041FCF0 /* Model */ = {
			isa = PBXGroup;
			children = (
				D48F19B21D1C36FA009BD069 /* Data */,
				D4F84C261D15517D0041FCF0 /* Entities */,
				D4F84C291D15BD0D0041FCF0 /* TimeLogRepository.swift */,
				D4DD6AA21D2A2CF400FC6B0E /* HashtagRepository.swift */,
				D4F84C201D15516F0041FCF0 /* PPAModel.swift */,
				D4B660871D142B18000FE897 /* PPADataModel.xcdatamodeld */,
			);
			path = Model;
			sourceTree = "<group>";
		};
		D4F84C261D15517D0041FCF0 /* Entities */ = {
			isa = PBXGroup;
			children = (
				D41726E21D26AFFB002F15A4 /* Hashtag+CoreDataProperties.swift */,
				D41726E31D26AFFB002F15A4 /* Hashtag.swift */,
				D4F84C211D15516F0041FCF0 /* TimeLog+CoreDataProperties.swift */,
				D4F84C221D15516F0041FCF0 /* TimeLog.swift */,
			);
			name = Entities;
			sourceTree = "<group>";
		};
		D4F84C2B1D15BECD0041FCF0 /* Utilities */ = {
			isa = PBXGroup;
			children = (
				D4F84C2E1D15C7600041FCF0 /* Extensions */,
				D4F84C2C1D15BEDB0041FCF0 /* Result.swift */,
			);
			name = Utilities;
			sourceTree = "<group>";
		};
		D4F84C2E1D15C7600041FCF0 /* Extensions */ = {
			isa = PBXGroup;
			children = (
				D4F84C2F1D15C76A0041FCF0 /* NSError.swift */,
				D48F19B51D230FA9009BD069 /* NSDate.swift */,
				D46CE0901D3499DF00CD797F /* UIViewController.swift */,
				D46CE09A1D3546A300CD797F /* String.swift */,
			);
			name = Extensions;
			sourceTree = "<group>";
		};
/* End PBXGroup section */

/* Begin PBXNativeTarget section */
		D4B660521D142AAE000FE897 /* PersonalProductivityAssistant */ = {
			isa = PBXNativeTarget;
			buildConfigurationList = D4B6607E1D142AAE000FE897 /* Build configuration list for PBXNativeTarget "PersonalProductivityAssistant" */;
			buildPhases = (
				D4B6604F1D142AAE000FE897 /* Sources */,
				D4B660501D142AAE000FE897 /* Frameworks */,
				D4B660511D142AAE000FE897 /* Resources */,
			);
			buildRules = (
			);
			dependencies = (
			);
			name = PersonalProductivityAssistant;
			productName = PersonalProductivityAssistant;
			productReference = D4B660531D142AAE000FE897 /* PersonalProductivityAssistant.app */;
			productType = "com.apple.product-type.application";
		};
		D4B660691D142AAE000FE897 /* PersonalProductivityAssistantTests */ = {
			isa = PBXNativeTarget;
			buildConfigurationList = D4B660811D142AAE000FE897 /* Build configuration list for PBXNativeTarget "PersonalProductivityAssistantTests" */;
			buildPhases = (
				D4B660661D142AAE000FE897 /* Sources */,
				D4B660671D142AAE000FE897 /* Frameworks */,
				D4B660681D142AAE000FE897 /* Resources */,
			);
			buildRules = (
			);
			dependencies = (
				D4B6606C1D142AAE000FE897 /* PBXTargetDependency */,
			);
			name = PersonalProductivityAssistantTests;
			productName = PersonalProductivityAssistantTests;
			productReference = D4B6606A1D142AAE000FE897 /* PersonalProductivityAssistantTests.xctest */;
			productType = "com.apple.product-type.bundle.unit-test";
		};
		D4B660741D142AAE000FE897 /* PersonalProductivityAssistantUITests */ = {
			isa = PBXNativeTarget;
			buildConfigurationList = D4B660841D142AAE000FE897 /* Build configuration list for PBXNativeTarget "PersonalProductivityAssistantUITests" */;
			buildPhases = (
				D4B660711D142AAE000FE897 /* Sources */,
				D4B660721D142AAE000FE897 /* Frameworks */,
				D4B660731D142AAE000FE897 /* Resources */,
			);
			buildRules = (
			);
			dependencies = (
				D4B660771D142AAE000FE897 /* PBXTargetDependency */,
			);
			name = PersonalProductivityAssistantUITests;
			productName = PersonalProductivityAssistantUITests;
			productReference = D4B660751D142AAE000FE897 /* PersonalProductivityAssistantUITests.xctest */;
			productType = "com.apple.product-type.bundle.ui-testing";
		};
/* End PBXNativeTarget section */

/* Begin PBXProject section */
		D4B6604B1D142AAE000FE897 /* Project object */ = {
			isa = PBXProject;
			attributes = {
				LastSwiftUpdateCheck = 0730;
				LastUpgradeCheck = 0730;
				ORGANIZATIONNAME = "Stefan Mehnert";
				TargetAttributes = {
					D4B660521D142AAE000FE897 = {
						CreatedOnToolsVersion = 7.3.1;
						DevelopmentTeam = VNN46H7VJU;
					};
					D4B660691D142AAE000FE897 = {
						CreatedOnToolsVersion = 7.3.1;
						DevelopmentTeam = VNN46H7VJU;
						TestTargetID = D4B660521D142AAE000FE897;
					};
					D4B660741D142AAE000FE897 = {
						CreatedOnToolsVersion = 7.3.1;
						DevelopmentTeam = VNN46H7VJU;
						TestTargetID = D4B660521D142AAE000FE897;
					};
				};
			};
			buildConfigurationList = D4B6604E1D142AAE000FE897 /* Build configuration list for PBXProject "PersonalProductivityAssistant" */;
			compatibilityVersion = "Xcode 3.2";
			developmentRegion = English;
			hasScannedForEncodings = 0;
			knownRegions = (
				en,
				Base,
			);
			mainGroup = D4B6604A1D142AAE000FE897;
			productRefGroup = D4B660541D142AAE000FE897 /* Products */;
			projectDirPath = "";
			projectRoot = "";
			targets = (
				D4B660521D142AAE000FE897 /* PersonalProductivityAssistant */,
				D4B660691D142AAE000FE897 /* PersonalProductivityAssistantTests */,
				D4B660741D142AAE000FE897 /* PersonalProductivityAssistantUITests */,
			);
		};
/* End PBXProject section */

/* Begin PBXResourcesBuildPhase section */
		D4B660511D142AAE000FE897 /* Resources */ = {
			isa = PBXResourcesBuildPhase;
			buildActionMask = 2147483647;
			files = (
				D4B660641D142AAE000FE897 /* LaunchScreen.storyboard in Resources */,
				D4B660611D142AAE000FE897 /* Assets.xcassets in Resources */,
				D4B6605C1D142AAE000FE897 /* Main.storyboard in Resources */,
			);
			runOnlyForDeploymentPostprocessing = 0;
		};
		D4B660681D142AAE000FE897 /* Resources */ = {
			isa = PBXResourcesBuildPhase;
			buildActionMask = 2147483647;
			files = (
			);
			runOnlyForDeploymentPostprocessing = 0;
		};
		D4B660731D142AAE000FE897 /* Resources */ = {
			isa = PBXResourcesBuildPhase;
			buildActionMask = 2147483647;
			files = (
			);
			runOnlyForDeploymentPostprocessing = 0;
		};
/* End PBXResourcesBuildPhase section */

/* Begin PBXSourcesBuildPhase section */
		D4B6604F1D142AAE000FE897 /* Sources */ = {
			isa = PBXSourcesBuildPhase;
			buildActionMask = 2147483647;
			files = (
				D48F1A981D2402FB009BD069 /* CombinedChartRenderer.swift in Sources */,
				D48F1A3A1D2402FB009BD069 /* BarLineChartViewBase.swift in Sources */,
				D48F1A5A1D2402FB009BD069 /* ChartDataSet.swift in Sources */,
				D48F1A951D2402FB009BD069 /* ChartYAxisRenderer.swift in Sources */,
				D48F1A751D2402FB009BD069 /* ChartFillFormatter.swift in Sources */,
				D48F1A931D2402FB009BD069 /* ChartXAxisRendererHorizontalBarChart.swift in Sources */,
				D48F1A491D2402FB009BD069 /* ChartMarker.swift in Sources */,
				D48F19B41D1C3714009BD069 /* TimeLogData.swift in Sources */,
				D4F84C241D15516F0041FCF0 /* TimeLog+CoreDataProperties.swift in Sources */,
				D48F1A561D2402FB009BD069 /* CandleChartDataEntry.swift in Sources */,
				D47B10481D262B720052A845 /* SegueHandlerType.swift in Sources */,
				D48F1A7E1D2402FB009BD069 /* BarLineScatterCandleBubbleChartDataProvider.swift in Sources */,
				D4355E6C1D374C92000F678A /* DateTimePickViewController.swift in Sources */,
				D48F1A631D2402FB009BD069 /* RadarChartDataSet.swift in Sources */,
				D48F1A721D2402FB009BD069 /* ChartDataBaseFilter.swift in Sources */,
				D4F84C301D15C76A0041FCF0 /* NSError.swift in Sources */,
				D48F1A771D2402FB009BD069 /* BarChartHighlighter.swift in Sources */,
				D48F1A441D2402FB009BD069 /* ScatterChartView.swift in Sources */,
				D48F1A3B1D2402FB009BD069 /* BubbleChartView.swift in Sources */,
				D4B660591D142AAE000FE897 /* MainViewController.swift in Sources */,
				D48F1A851D2402FB009BD069 /* AnimatedViewPortJob.swift in Sources */,
				D48F1A521D2402FB009BD069 /* BubbleChartData.swift in Sources */,
				D48F1A911D2402FB009BD069 /* ChartXAxisRenderer.swift in Sources */,
				D41726E71D28EF7E002F15A4 /* HashtagFinder.swift in Sources */,
				D48F1A531D2402FB009BD069 /* BubbleChartDataEntry.swift in Sources */,
				D48F1AA61D2402FB009BD069 /* ChartUtils.swift in Sources */,
				D48F1A831D2402FB009BD069 /* ScatterChartDataProvider.swift in Sources */,
				D48F1A4A1D2402FB009BD069 /* ChartXAxis.swift in Sources */,
				D48F1A411D2402FB009BD069 /* PieChartView.swift in Sources */,
				D4355E6E1D37E572000F678A /* DateTimePickDelegate.swift in Sources */,
				D48F1A6A1D2402FB009BD069 /* IChartDataSet.swift in Sources */,
				D48F1A611D2402FB009BD069 /* PieChartDataSet.swift in Sources */,
				D48F1A4D1D2402FB009BD069 /* BarChartData.swift in Sources */,
				D48F1A481D2402FB009BD069 /* ChartLimitLine.swift in Sources */,
				D48F19B61D230FA9009BD069 /* NSDate.swift in Sources */,
				D41726E51D26AFFB002F15A4 /* Hashtag.swift in Sources */,
				D48F1A471D2402FB009BD069 /* ChartLegend.swift in Sources */,
				D48F1A501D2402FB009BD069 /* BarLineScatterCandleBubbleChartData.swift in Sources */,
				D48F1A8F1D2402FB009BD069 /* ChartLegendRenderer.swift in Sources */,
				D48F1A9B1D2402FB009BD069 /* LineRadarChartRenderer.swift in Sources */,
				D4F84C231D15516F0041FCF0 /* PPAModel.swift in Sources */,
				D48F1A4E1D2402FB009BD069 /* BarChartDataEntry.swift in Sources */,
				D48F1A5D1D2402FB009BD069 /* LineChartDataSet.swift in Sources */,
				D48F1A761D2402FB009BD069 /* ChartXAxisValueFormatter.swift in Sources */,
				D48F1A801D2402FB009BD069 /* CandleChartDataProvider.swift in Sources */,
				D48F1A871D2402FB009BD069 /* ChartViewPortJob.swift in Sources */,
				D4F84C2A1D15BD0D0041FCF0 /* TimeLogRepository.swift in Sources */,
				D48F1A451D2402FB009BD069 /* ChartAxisBase.swift in Sources */,
				D48F1A581D2402FB009BD069 /* ChartData.swift in Sources */,
				D48F1AA31D2402FB009BD069 /* ChartSelectionDetail.swift in Sources */,
				D41726E41D26AFFB002F15A4 /* Hashtag+CoreDataProperties.swift in Sources */,
				D48F1A391D2402FB009BD069 /* BarChartView.swift in Sources */,
				D48F1AA11D2402FB009BD069 /* ChartFill.swift in Sources */,
				D48F1A841D2402FB009BD069 /* AnimatedMoveViewJob.swift in Sources */,
				D4F84C251D15516F0041FCF0 /* TimeLog.swift in Sources */,
				D48F1A541D2402FB009BD069 /* BubbleChartDataSet.swift in Sources */,
				D48F1A791D2402FB009BD069 /* ChartHighlighter.swift in Sources */,
				D48F1A671D2402FB009BD069 /* IBarLineScatterCandleBubbleChartDataSet.swift in Sources */,
				D48F1A621D2402FB009BD069 /* RadarChartData.swift in Sources */,
				D46CE09B1D3546A300CD797F /* String.swift in Sources */,
				D48F1A641D2402FB009BD069 /* ScatterChartData.swift in Sources */,
				D48F1A6C1D2402FB009BD069 /* ILineRadarChartDataSet.swift in Sources */,
				D48F1A681D2402FB009BD069 /* IBubbleChartDataSet.swift in Sources */,
				D48F1A861D2402FB009BD069 /* AnimatedZoomViewJob.swift in Sources */,
				D48F1A881D2402FB009BD069 /* MoveChartViewJob.swift in Sources */,
				D48F1A401D2402FB009BD069 /* LineChartView.swift in Sources */,
				D48F1A8E1D2402FB009BD069 /* ChartDataRendererBase.swift in Sources */,
				D48F1A8C1D2402FB009BD069 /* CandleStickChartRenderer.swift in Sources */,
				D48F1A421D2402FB009BD069 /* PieRadarChartViewBase.swift in Sources */,
				D48F1A3D1D2402FB009BD069 /* ChartViewBase.swift in Sources */,
				D4F84C2D1D15BEDB0041FCF0 /* Result.swift in Sources */,
				D48F1A9D1D2402FB009BD069 /* PieChartRenderer.swift in Sources */,
				D48F1A461D2402FB009BD069 /* ChartComponentBase.swift in Sources */,
				D48F1A821D2402FB009BD069 /* LineChartDataProvider.swift in Sources */,
				D48F1A651D2402FB009BD069 /* ScatterChartDataSet.swift in Sources */,
				D48F1A6F1D2402FB009BD069 /* IRadarChartDataSet.swift in Sources */,
				D47B104B1D263C7F0052A845 /* TimeLogDelegate.swift in Sources */,
				D46CE0911D3499DF00CD797F /* UIViewController.swift in Sources */,
				D48F1A371D2402FB009BD069 /* ChartAnimationEasing.swift in Sources */,
				D48F1A901D2402FB009BD069 /* ChartRendererBase.swift in Sources */,
				D48F1A9C1D2402FB009BD069 /* LineScatterCandleRadarChartRenderer.swift in Sources */,
				D48F1A7A1D2402FB009BD069 /* ChartRange.swift in Sources */,
				D48F1AAC1D240486009BD069 /* DayTimePieChartViewController.swift in Sources */,
				D48F1A4F1D2402FB009BD069 /* BarChartDataSet.swift in Sources */,
				D48F1A5F1D2402FB009BD069 /* LineScatterCandleRadarChartDataSet.swift in Sources */,
				D48F1A6D1D2402FB009BD069 /* ILineScatterCandleRadarChartDataSet.swift in Sources */,
				D48F1A991D2402FB009BD069 /* HorizontalBarChartRenderer.swift in Sources */,
				D48F1A891D2402FB009BD069 /* ZoomChartViewJob.swift in Sources */,
				D48F1A7C1D2402FB009BD069 /* HorizontalBarChartHighlighter.swift in Sources */,
				D48F1A381D2402FB009BD069 /* ChartAnimator.swift in Sources */,
				D48F1A431D2402FB009BD069 /* RadarChartView.swift in Sources */,
				D48F1A691D2402FB009BD069 /* ICandleChartDataSet.swift in Sources */,
				D48F1A3C1D2402FB009BD069 /* CandleStickChartView.swift in Sources */,
				D48F1A7F1D2402FB009BD069 /* BubbleChartDataProvider.swift in Sources */,
				D48F1A701D2402FB009BD069 /* IScatterChartDataSet.swift in Sources */,
				D48F1A8A1D2402FB009BD069 /* BarChartRenderer.swift in Sources */,
				D4B660891D142B18000FE897 /* PPADataModel.xcdatamodeld in Sources */,
				D48F1A921D2402FB009BD069 /* ChartXAxisRendererBarChart.swift in Sources */,
				D48F1A711D2402FB009BD069 /* ChartDataApproximatorFilter.swift in Sources */,
				D48F1A5E1D2402FB009BD069 /* LineRadarChartDataSet.swift in Sources */,
				D48F1A3E1D2402FB009BD069 /* CombinedChartView.swift in Sources */,
				D48F1AA71D2402FB009BD069 /* ChartViewPortHandler.swift in Sources */,
				D48F1A811D2402FB009BD069 /* ChartDataProvider.swift in Sources */,
				D48F1A7D1D2402FB009BD069 /* BarChartDataProvider.swift in Sources */,
				D4B660571D142AAE000FE897 /* AppDelegate.swift in Sources */,
				D48F1AA41D2402FB009BD069 /* ChartTransformer.swift in Sources */,
				D48F1AA01D2402FB009BD069 /* ChartColorTemplates.swift in Sources */,
				D48F1A6B1D2402FB009BD069 /* ILineChartDataSet.swift in Sources */,
				D48F1A3F1D2402FB009BD069 /* HorizontalBarChartView.swift in Sources */,
				D48F1A9A1D2402FB009BD069 /* LineChartRenderer.swift in Sources */,
				D48F1A7B1D2402FB009BD069 /* CombinedHighlighter.swift in Sources */,
				D48F1A971D2402FB009BD069 /* ChartYAxisRendererRadarChart.swift in Sources */,
				D48F1A571D2402FB009BD069 /* CandleChartDataSet.swift in Sources */,
				D48F1A961D2402FB009BD069 /* ChartYAxisRendererHorizontalBarChart.swift in Sources */,
				D48F1A4C1D2402FB009BD069 /* ChartBaseDataSet.swift in Sources */,
				D48F1A601D2402FB009BD069 /* PieChartData.swift in Sources */,
				D48F1AA51D2402FB009BD069 /* ChartTransformerHorizontalBarChart.swift in Sources */,
				D48740EB1D16D16D002D3918 /* TimeLogViewController.swift in Sources */,
				D43B89701D24444C0065248D /* ChartSourceFreeVsUsedTime.swift in Sources */,
				D48F1A8B1D2402FB009BD069 /* BubbleChartRenderer.swift in Sources */,
				D48F1A741D2402FB009BD069 /* ChartDefaultXAxisValueFormatter.swift in Sources */,
				D4DD6AA31D2A2CF400FC6B0E /* HashtagRepository.swift in Sources */,
				D48F1A9F1D2402FB009BD069 /* ScatterChartRenderer.swift in Sources */,
				D48F1A4B1D2402FB009BD069 /* ChartYAxis.swift in Sources */,
				D48F1A551D2402FB009BD069 /* CandleChartData.swift in Sources */,
				D48F1AA21D2402FB009BD069 /* ChartPlatform.swift in Sources */,
				D48F1A731D2402FB009BD069 /* ChartDefaultFillFormatter.swift in Sources */,
				D48F1A511D2402FB009BD069 /* BarLineScatterCandleBubbleChartDataSet.swift in Sources */,
				D48F1A941D2402FB009BD069 /* ChartXAxisRendererRadarChart.swift in Sources */,
				D48F1A781D2402FB009BD069 /* ChartHighlight.swift in Sources */,
				D48F1A9E1D2402FB009BD069 /* RadarChartRenderer.swift in Sources */,
				D48F1A5B1D2402FB009BD069 /* CombinedChartData.swift in Sources */,
				D48F1A591D2402FB009BD069 /* ChartDataEntry.swift in Sources */,
				D48F1A5C1D2402FB009BD069 /* LineChartData.swift in Sources */,
				D48F1A6E1D2402FB009BD069 /* IPieChartDataSet.swift in Sources */,
				D48F1A661D2402FB009BD069 /* IBarChartDataSet.swift in Sources */,
				D48F1A8D1D2402FB009BD069 /* ChartAxisRendererBase.swift in Sources */,
			);
			runOnlyForDeploymentPostprocessing = 0;
		};
		D4B660661D142AAE000FE897 /* Sources */ = {
			isa = PBXSourcesBuildPhase;
			buildActionMask = 2147483647;
			files = (
				D4DD6AA51D30BAA600FC6B0E /* HashtagFinderTest.swift in Sources */,
				D410C1941D325A8100C2CF68 /* XCTestCaseCoreDataInMemory.swift in Sources */,
				D41726EB1D28F0A0002F15A4 /* HashtagsInStringFinderTest.swift in Sources */,
			);
			runOnlyForDeploymentPostprocessing = 0;
		};
		D4B660711D142AAE000FE897 /* Sources */ = {
			isa = PBXSourcesBuildPhase;
			buildActionMask = 2147483647;
			files = (
				D4B6607A1D142AAE000FE897 /* PersonalProductivityAssistantUITests.swift in Sources */,
				D46CE0971D34BB7C00CD797F /* NSDate.swift in Sources */,
				D46CE0991D34BC8200CD797F /* XCTestCase.swift in Sources */,
				D46CE0951D34BB5F00CD797F /* XCUIElement.swift in Sources */,
			);
			runOnlyForDeploymentPostprocessing = 0;
		};
/* End PBXSourcesBuildPhase section */

/* Begin PBXTargetDependency section */
		D4B6606C1D142AAE000FE897 /* PBXTargetDependency */ = {
			isa = PBXTargetDependency;
			target = D4B660521D142AAE000FE897 /* PersonalProductivityAssistant */;
			targetProxy = D4B6606B1D142AAE000FE897 /* PBXContainerItemProxy */;
		};
		D4B660771D142AAE000FE897 /* PBXTargetDependency */ = {
			isa = PBXTargetDependency;
			target = D4B660521D142AAE000FE897 /* PersonalProductivityAssistant */;
			targetProxy = D4B660761D142AAE000FE897 /* PBXContainerItemProxy */;
		};
/* End PBXTargetDependency section */

/* Begin PBXVariantGroup section */
		D4B6605A1D142AAE000FE897 /* Main.storyboard */ = {
			isa = PBXVariantGroup;
			children = (
				D4B6605B1D142AAE000FE897 /* Base */,
			);
			name = Main.storyboard;
			sourceTree = "<group>";
		};
		D4B660621D142AAE000FE897 /* LaunchScreen.storyboard */ = {
			isa = PBXVariantGroup;
			children = (
				D4B660631D142AAE000FE897 /* Base */,
			);
			name = LaunchScreen.storyboard;
			sourceTree = "<group>";
		};
/* End PBXVariantGroup section */

/* Begin XCBuildConfiguration section */
		D4B6607C1D142AAE000FE897 /* Debug */ = {
			isa = XCBuildConfiguration;
			buildSettings = {
				ALWAYS_SEARCH_USER_PATHS = NO;
				CLANG_ANALYZER_NONNULL = YES;
				CLANG_CXX_LANGUAGE_STANDARD = "gnu++0x";
				CLANG_CXX_LIBRARY = "libc++";
				CLANG_ENABLE_MODULES = YES;
				CLANG_ENABLE_OBJC_ARC = YES;
				CLANG_WARN_BOOL_CONVERSION = YES;
				CLANG_WARN_CONSTANT_CONVERSION = YES;
				CLANG_WARN_DIRECT_OBJC_ISA_USAGE = YES_ERROR;
				CLANG_WARN_EMPTY_BODY = YES;
				CLANG_WARN_ENUM_CONVERSION = YES;
				CLANG_WARN_INT_CONVERSION = YES;
				CLANG_WARN_OBJC_ROOT_CLASS = YES_ERROR;
				CLANG_WARN_UNREACHABLE_CODE = YES;
				CLANG_WARN__DUPLICATE_METHOD_MATCH = YES;
				"CODE_SIGN_IDENTITY[sdk=iphoneos*]" = "iPhone Developer";
				COPY_PHASE_STRIP = NO;
				DEBUG_INFORMATION_FORMAT = dwarf;
				ENABLE_STRICT_OBJC_MSGSEND = YES;
				ENABLE_TESTABILITY = YES;
				GCC_C_LANGUAGE_STANDARD = gnu99;
				GCC_DYNAMIC_NO_PIC = NO;
				GCC_NO_COMMON_BLOCKS = YES;
				GCC_OPTIMIZATION_LEVEL = 0;
				GCC_PREPROCESSOR_DEFINITIONS = (
					"DEBUG=1",
					"$(inherited)",
				);
				GCC_WARN_64_TO_32_BIT_CONVERSION = YES;
				GCC_WARN_ABOUT_RETURN_TYPE = YES_ERROR;
				GCC_WARN_UNDECLARED_SELECTOR = YES;
				GCC_WARN_UNINITIALIZED_AUTOS = YES_AGGRESSIVE;
				GCC_WARN_UNUSED_FUNCTION = YES;
				GCC_WARN_UNUSED_VARIABLE = YES;
				IPHONEOS_DEPLOYMENT_TARGET = 9.3;
				MTL_ENABLE_DEBUG_INFO = YES;
				ONLY_ACTIVE_ARCH = YES;
				SDKROOT = iphoneos;
				SWIFT_OPTIMIZATION_LEVEL = "-Onone";
			};
			name = Debug;
		};
		D4B6607D1D142AAE000FE897 /* Release */ = {
			isa = XCBuildConfiguration;
			buildSettings = {
				ALWAYS_SEARCH_USER_PATHS = NO;
				CLANG_ANALYZER_NONNULL = YES;
				CLANG_CXX_LANGUAGE_STANDARD = "gnu++0x";
				CLANG_CXX_LIBRARY = "libc++";
				CLANG_ENABLE_MODULES = YES;
				CLANG_ENABLE_OBJC_ARC = YES;
				CLANG_WARN_BOOL_CONVERSION = YES;
				CLANG_WARN_CONSTANT_CONVERSION = YES;
				CLANG_WARN_DIRECT_OBJC_ISA_USAGE = YES_ERROR;
				CLANG_WARN_EMPTY_BODY = YES;
				CLANG_WARN_ENUM_CONVERSION = YES;
				CLANG_WARN_INT_CONVERSION = YES;
				CLANG_WARN_OBJC_ROOT_CLASS = YES_ERROR;
				CLANG_WARN_UNREACHABLE_CODE = YES;
				CLANG_WARN__DUPLICATE_METHOD_MATCH = YES;
				"CODE_SIGN_IDENTITY[sdk=iphoneos*]" = "iPhone Developer";
				COPY_PHASE_STRIP = NO;
				DEBUG_INFORMATION_FORMAT = "dwarf-with-dsym";
				ENABLE_NS_ASSERTIONS = NO;
				ENABLE_STRICT_OBJC_MSGSEND = YES;
				GCC_C_LANGUAGE_STANDARD = gnu99;
				GCC_NO_COMMON_BLOCKS = YES;
				GCC_WARN_64_TO_32_BIT_CONVERSION = YES;
				GCC_WARN_ABOUT_RETURN_TYPE = YES_ERROR;
				GCC_WARN_UNDECLARED_SELECTOR = YES;
				GCC_WARN_UNINITIALIZED_AUTOS = YES_AGGRESSIVE;
				GCC_WARN_UNUSED_FUNCTION = YES;
				GCC_WARN_UNUSED_VARIABLE = YES;
				IPHONEOS_DEPLOYMENT_TARGET = 9.3;
				MTL_ENABLE_DEBUG_INFO = NO;
				SDKROOT = iphoneos;
				VALIDATE_PRODUCT = YES;
			};
			name = Release;
		};
		D4B6607F1D142AAE000FE897 /* Debug */ = {
			isa = XCBuildConfiguration;
			buildSettings = {
				ASSETCATALOG_COMPILER_APPICON_NAME = AppIcon;
				CLANG_ENABLE_MODULES = YES;
				INFOPLIST_FILE = PersonalProductivityAssistant/Info.plist;
				LD_RUNPATH_SEARCH_PATHS = "$(inherited) @executable_path/Frameworks";
				PRODUCT_BUNDLE_IDENTIFIER = de.sme.PersonalProductivityAssistant;
				PRODUCT_NAME = "$(TARGET_NAME)";
				SWIFT_OPTIMIZATION_LEVEL = "-Onone";
			};
			name = Debug;
		};
		D4B660801D142AAE000FE897 /* Release */ = {
			isa = XCBuildConfiguration;
			buildSettings = {
				ASSETCATALOG_COMPILER_APPICON_NAME = AppIcon;
				CLANG_ENABLE_MODULES = YES;
				INFOPLIST_FILE = PersonalProductivityAssistant/Info.plist;
				LD_RUNPATH_SEARCH_PATHS = "$(inherited) @executable_path/Frameworks";
				PRODUCT_BUNDLE_IDENTIFIER = de.sme.PersonalProductivityAssistant;
				PRODUCT_NAME = "$(TARGET_NAME)";
			};
			name = Release;
		};
		D4B660821D142AAE000FE897 /* Debug */ = {
			isa = XCBuildConfiguration;
			buildSettings = {
				BUNDLE_LOADER = "$(TEST_HOST)";
				INFOPLIST_FILE = PersonalProductivityAssistantTests/Info.plist;
				LD_RUNPATH_SEARCH_PATHS = "$(inherited) @executable_path/Frameworks @loader_path/Frameworks";
				PRODUCT_BUNDLE_IDENTIFIER = de.sme.PersonalProductivityAssistantTests;
				PRODUCT_NAME = "$(TARGET_NAME)";
				TEST_HOST = "$(BUILT_PRODUCTS_DIR)/PersonalProductivityAssistant.app/PersonalProductivityAssistant";
			};
			name = Debug;
		};
		D4B660831D142AAE000FE897 /* Release */ = {
			isa = XCBuildConfiguration;
			buildSettings = {
				BUNDLE_LOADER = "$(TEST_HOST)";
				INFOPLIST_FILE = PersonalProductivityAssistantTests/Info.plist;
				LD_RUNPATH_SEARCH_PATHS = "$(inherited) @executable_path/Frameworks @loader_path/Frameworks";
				PRODUCT_BUNDLE_IDENTIFIER = de.sme.PersonalProductivityAssistantTests;
				PRODUCT_NAME = "$(TARGET_NAME)";
				TEST_HOST = "$(BUILT_PRODUCTS_DIR)/PersonalProductivityAssistant.app/PersonalProductivityAssistant";
			};
			name = Release;
		};
		D4B660851D142AAE000FE897 /* Debug */ = {
			isa = XCBuildConfiguration;
			buildSettings = {
				INFOPLIST_FILE = PersonalProductivityAssistantUITests/Info.plist;
				LD_RUNPATH_SEARCH_PATHS = "$(inherited) @executable_path/Frameworks @loader_path/Frameworks";
				PRODUCT_BUNDLE_IDENTIFIER = de.sme.PersonalProductivityAssistantUITests;
				PRODUCT_NAME = "$(TARGET_NAME)";
				TEST_TARGET_NAME = PersonalProductivityAssistant;
			};
			name = Debug;
		};
		D4B660861D142AAE000FE897 /* Release */ = {
			isa = XCBuildConfiguration;
			buildSettings = {
				INFOPLIST_FILE = PersonalProductivityAssistantUITests/Info.plist;
				LD_RUNPATH_SEARCH_PATHS = "$(inherited) @executable_path/Frameworks @loader_path/Frameworks";
				PRODUCT_BUNDLE_IDENTIFIER = de.sme.PersonalProductivityAssistantUITests;
				PRODUCT_NAME = "$(TARGET_NAME)";
				TEST_TARGET_NAME = PersonalProductivityAssistant;
			};
			name = Release;
		};
/* End XCBuildConfiguration section */

/* Begin XCConfigurationList section */
		D4B6604E1D142AAE000FE897 /* Build configuration list for PBXProject "PersonalProductivityAssistant" */ = {
			isa = XCConfigurationList;
			buildConfigurations = (
				D4B6607C1D142AAE000FE897 /* Debug */,
				D4B6607D1D142AAE000FE897 /* Release */,
			);
			defaultConfigurationIsVisible = 0;
			defaultConfigurationName = Release;
		};
		D4B6607E1D142AAE000FE897 /* Build configuration list for PBXNativeTarget "PersonalProductivityAssistant" */ = {
			isa = XCConfigurationList;
			buildConfigurations = (
				D4B6607F1D142AAE000FE897 /* Debug */,
				D4B660801D142AAE000FE897 /* Release */,
			);
			defaultConfigurationIsVisible = 0;
			defaultConfigurationName = Release;
		};
		D4B660811D142AAE000FE897 /* Build configuration list for PBXNativeTarget "PersonalProductivityAssistantTests" */ = {
			isa = XCConfigurationList;
			buildConfigurations = (
				D4B660821D142AAE000FE897 /* Debug */,
				D4B660831D142AAE000FE897 /* Release */,
			);
			defaultConfigurationIsVisible = 0;
			defaultConfigurationName = Release;
		};
		D4B660841D142AAE000FE897 /* Build configuration list for PBXNativeTarget "PersonalProductivityAssistantUITests" */ = {
			isa = XCConfigurationList;
			buildConfigurations = (
				D4B660851D142AAE000FE897 /* Debug */,
				D4B660861D142AAE000FE897 /* Release */,
			);
			defaultConfigurationIsVisible = 0;
			defaultConfigurationName = Release;
		};
/* End XCConfigurationList section */

/* Begin XCVersionGroup section */
		D4B660871D142B18000FE897 /* PPADataModel.xcdatamodeld */ = {
			isa = XCVersionGroup;
			children = (
				D41DE9C61D34253D007A9B03 /* PPADataModel 2.xcdatamodel */,
				D4B660881D142B18000FE897 /* PPADataModel.xcdatamodel */,
			);
			currentVersion = D4B660881D142B18000FE897 /* PPADataModel.xcdatamodel */;
			name = PPADataModel.xcdatamodeld;
			path = ../PPADataModel.xcdatamodeld;
			sourceTree = "<group>";
			versionGroupType = wrapper.xcdatamodel;
		};
/* End XCVersionGroup section */
	};
	rootObject = D4B6604B1D142AAE000FE897 /* Project object */;
}
