// !$*UTF8*$!
{
	archiveVersion = 1;
	classes = {
	};
	objectVersion = 46;
	objects = {

/* Begin PBXBuildFile section */
		D4088EEB1D49ED880059685B /* CalendarHeaderView.swift in Sources */ = {isa = PBXBuildFile; fileRef = D4088EEA1D49ED880059685B /* CalendarHeaderView.swift */; };
		D410C1941D325A8100C2CF68 /* XCTestCaseCoreDataInMemory.swift in Sources */ = {isa = PBXBuildFile; fileRef = D410C1931D325A8100C2CF68 /* XCTestCaseCoreDataInMemory.swift */; };
		D4130B371D41D1AE00F08828 /* UITextView.swift in Sources */ = {isa = PBXBuildFile; fileRef = D4130B361D41D1AE00F08828 /* UITextView.swift */; };
		D41726E41D26AFFB002F15A4 /* Hashtag+CoreDataProperties.swift in Sources */ = {isa = PBXBuildFile; fileRef = D41726E21D26AFFB002F15A4 /* Hashtag+CoreDataProperties.swift */; };
		D41726E51D26AFFB002F15A4 /* Hashtag.swift in Sources */ = {isa = PBXBuildFile; fileRef = D41726E31D26AFFB002F15A4 /* Hashtag.swift */; };
		D41726E71D28EF7E002F15A4 /* HashtagFinder.swift in Sources */ = {isa = PBXBuildFile; fileRef = D41726E61D28EF7E002F15A4 /* HashtagFinder.swift */; };
		D41726EB1D28F0A0002F15A4 /* HashtagsInStringFinderTest.swift in Sources */ = {isa = PBXBuildFile; fileRef = D41726EA1D28F0A0002F15A4 /* HashtagsInStringFinderTest.swift */; };
		D41A06B11DB551AD0088745C /* PPADataModel.xcdatamodeld in Sources */ = {isa = PBXBuildFile; fileRef = D4B660871D142B18000FE897 /* PPADataModel.xcdatamodeld */; };
		D41A06B21DB551B20088745C /* PPAModel.swift in Sources */ = {isa = PBXBuildFile; fileRef = D4F84C201D15516F0041FCF0 /* PPAModel.swift */; };
		D41A06B31DB551B60088745C /* HashtagRepository.swift in Sources */ = {isa = PBXBuildFile; fileRef = D4DD6AA21D2A2CF400FC6B0E /* HashtagRepository.swift */; };
		D41A06B41DB551B90088745C /* TimeLogRepository.swift in Sources */ = {isa = PBXBuildFile; fileRef = D4F84C291D15BD0D0041FCF0 /* TimeLogRepository.swift */; };
		D41A06B51DB551BE0088745C /* TimeLog.swift in Sources */ = {isa = PBXBuildFile; fileRef = D4F84C221D15516F0041FCF0 /* TimeLog.swift */; };
		D41A06B61DB551C10088745C /* TimeLog+CoreDataProperties.swift in Sources */ = {isa = PBXBuildFile; fileRef = D4F84C211D15516F0041FCF0 /* TimeLog+CoreDataProperties.swift */; };
		D41A06B71DB551C50088745C /* Hashtag.swift in Sources */ = {isa = PBXBuildFile; fileRef = D41726E31D26AFFB002F15A4 /* Hashtag.swift */; };
		D41A06B81DB551C80088745C /* Hashtag+CoreDataProperties.swift in Sources */ = {isa = PBXBuildFile; fileRef = D41726E21D26AFFB002F15A4 /* Hashtag+CoreDataProperties.swift */; };
		D41A06B91DB551CE0088745C /* TimeLogData.swift in Sources */ = {isa = PBXBuildFile; fileRef = D48F19B31D1C3714009BD069 /* TimeLogData.swift */; };
		D41A06BA1DB551E40088745C /* Result.swift in Sources */ = {isa = PBXBuildFile; fileRef = D4F84C2C1D15BEDB0041FCF0 /* Result.swift */; };
		D41A06BB1DB551F70088745C /* NSError.swift in Sources */ = {isa = PBXBuildFile; fileRef = D4F84C2F1D15C76A0041FCF0 /* NSError.swift */; };
		D41A06BC1DB551FA0088745C /* NSDate.swift in Sources */ = {isa = PBXBuildFile; fileRef = D48F19B51D230FA9009BD069 /* NSDate.swift */; };
		D41A06BE1DB552040088745C /* String.swift in Sources */ = {isa = PBXBuildFile; fileRef = D46CE09A1D3546A300CD797F /* String.swift */; };
		D41A06BF1DB552200088745C /* Config.swift in Sources */ = {isa = PBXBuildFile; fileRef = D4355E6F1D38A08A000F678A /* Config.swift */; };
		D41A06C01DB5522F0088745C /* HashtagFinder.swift in Sources */ = {isa = PBXBuildFile; fileRef = D41726E61D28EF7E002F15A4 /* HashtagFinder.swift */; };
		D41A06C21DB6A3920088745C /* CloudKit.framework in Frameworks */ = {isa = PBXBuildFile; fileRef = D41A06C11DB6A3920088745C /* CloudKit.framework */; };
		D41A06C51DB6ABD90088745C /* TimeLogsInCK.swift in Sources */ = {isa = PBXBuildFile; fileRef = D41A06C41DB6ABD90088745C /* TimeLogsInCK.swift */; };
		D4355E6C1D374C92000F678A /* DateTimePickViewController.swift in Sources */ = {isa = PBXBuildFile; fileRef = D4355E6B1D374C92000F678A /* DateTimePickViewController.swift */; };
		D4355E6E1D37E572000F678A /* DateTimePickDelegate.swift in Sources */ = {isa = PBXBuildFile; fileRef = D4355E6D1D37E572000F678A /* DateTimePickDelegate.swift */; };
		D4355E701D38A08A000F678A /* Config.swift in Sources */ = {isa = PBXBuildFile; fileRef = D4355E6F1D38A08A000F678A /* Config.swift */; };
		D4355E741D38D138000F678A /* HashtagAutoCompleteAssistant.swift in Sources */ = {isa = PBXBuildFile; fileRef = D4355E731D38D138000F678A /* HashtagAutoCompleteAssistant.swift */; };
		D4355E761D38D1A0000F678A /* HashtagAutoCompleteAssistant_isAutocompletePossible_Tests.swift in Sources */ = {isa = PBXBuildFile; fileRef = D4355E751D38D1A0000F678A /* HashtagAutoCompleteAssistant_isAutocompletePossible_Tests.swift */; };
		D4355E781D390D1C000F678A /* HashtagAutoCompleteAssistant_appendHashtag.swift in Sources */ = {isa = PBXBuildFile; fileRef = D4355E771D390D1C000F678A /* HashtagAutoCompleteAssistant_appendHashtag.swift */; };
		D4355E7A1D393439000F678A /* ChartSourceHashtags.swift in Sources */ = {isa = PBXBuildFile; fileRef = D4355E791D393439000F678A /* ChartSourceHashtags.swift */; };
		D4355E7D1D3953A4000F678A /* ChartDataValueProvider.swift in Sources */ = {isa = PBXBuildFile; fileRef = D4355E7C1D3953A4000F678A /* ChartDataValueProvider.swift */; };
		D43B89701D24444C0065248D /* ChartSourceFreevsUsedTime.swift in Sources */ = {isa = PBXBuildFile; fileRef = D43B896F1D24444C0065248D /* ChartSourceFreevsUsedTime.swift */; };
		D443636F1DFDE784008EAB37 /* TimeLogsInCKDownload.swift in Sources */ = {isa = PBXBuildFile; fileRef = D443636E1DFDE784008EAB37 /* TimeLogsInCKDownload.swift */; };
		D44363711DFF1DB5008EAB37 /* TimeLogsInCKUpload.swift in Sources */ = {isa = PBXBuildFile; fileRef = D44363701DFF1DB5008EAB37 /* TimeLogsInCKUpload.swift */; };
		D44363721DFF30E8008EAB37 /* TimeLogsInCK.swift in Sources */ = {isa = PBXBuildFile; fileRef = D41A06C41DB6ABD90088745C /* TimeLogsInCK.swift */; };
		D44363731DFF30FF008EAB37 /* TimeLogsInCKDownload.swift in Sources */ = {isa = PBXBuildFile; fileRef = D443636E1DFDE784008EAB37 /* TimeLogsInCKDownload.swift */; };
		D44363741DFF3103008EAB37 /* TimeLogsInCKUpload.swift in Sources */ = {isa = PBXBuildFile; fileRef = D44363701DFF1DB5008EAB37 /* TimeLogsInCKUpload.swift */; };
		D44B99441D6CA85300794E91 /* TimeLogPersistence.swift in Sources */ = {isa = PBXBuildFile; fileRef = D44B99431D6CA85300794E91 /* TimeLogPersistence.swift */; };
		D46170331DB5481F004EA412 /* NotificationCenter.framework in Frameworks */ = {isa = PBXBuildFile; fileRef = D46170321DB5481F004EA412 /* NotificationCenter.framework */; };
		D46170361DB5481F004EA412 /* TodayViewController.swift in Sources */ = {isa = PBXBuildFile; fileRef = D46170351DB5481F004EA412 /* TodayViewController.swift */; };
		D46170391DB5481F004EA412 /* MainInterface.storyboard in Resources */ = {isa = PBXBuildFile; fileRef = D46170371DB5481F004EA412 /* MainInterface.storyboard */; };
		D461703D1DB5481F004EA412 /* PersonalProductivityAssistantTodayExtension.appex in Embed App Extensions */ = {isa = PBXBuildFile; fileRef = D46170301DB5481F004EA412 /* PersonalProductivityAssistantTodayExtension.appex */; settings = {ATTRIBUTES = (RemoveHeadersOnCopy, ); }; };
		D46CE0911D3499DF00CD797F /* UIViewController.swift in Sources */ = {isa = PBXBuildFile; fileRef = D46CE0901D3499DF00CD797F /* UIViewController.swift */; };
		D46CE0951D34BB5F00CD797F /* XCUIElement.swift in Sources */ = {isa = PBXBuildFile; fileRef = D46CE0941D34BB5F00CD797F /* XCUIElement.swift */; };
		D46CE0971D34BB7C00CD797F /* NSDate.swift in Sources */ = {isa = PBXBuildFile; fileRef = D46CE0961D34BB7C00CD797F /* NSDate.swift */; };
		D46CE0991D34BC8200CD797F /* XCTestCase.swift in Sources */ = {isa = PBXBuildFile; fileRef = D46CE0981D34BC8200CD797F /* XCTestCase.swift */; };
		D46CE09B1D3546A300CD797F /* String.swift in Sources */ = {isa = PBXBuildFile; fileRef = D46CE09A1D3546A300CD797F /* String.swift */; };
		D47B10481D262B720052A845 /* SegueHandlerType.swift in Sources */ = {isa = PBXBuildFile; fileRef = D47B10471D262B720052A845 /* SegueHandlerType.swift */; };
		D47B104B1D263C7F0052A845 /* TimeLogDelegate.swift in Sources */ = {isa = PBXBuildFile; fileRef = D47B104A1D263C7F0052A845 /* TimeLogDelegate.swift */; };
		D486C0521D4722350043500C /* CalendarView.swift in Sources */ = {isa = PBXBuildFile; fileRef = D486C0511D4722350043500C /* CalendarView.swift */; };
		D486C0541D4729650043500C /* CalendarDayCell.swift in Sources */ = {isa = PBXBuildFile; fileRef = D486C0531D4729650043500C /* CalendarDayCell.swift */; };
		D486C05B1D49ECF80043500C /* CalendarFlowLayout.swift in Sources */ = {isa = PBXBuildFile; fileRef = D486C05A1D49ECF80043500C /* CalendarFlowLayout.swift */; };
		D48740EB1D16D16D002D3918 /* TimeLogViewController.swift in Sources */ = {isa = PBXBuildFile; fileRef = D48740EA1D16D16D002D3918 /* TimeLogViewController.swift */; };
		D48F19B41D1C3714009BD069 /* TimeLogData.swift in Sources */ = {isa = PBXBuildFile; fileRef = D48F19B31D1C3714009BD069 /* TimeLogData.swift */; };
		D48F19B61D230FA9009BD069 /* NSDate.swift in Sources */ = {isa = PBXBuildFile; fileRef = D48F19B51D230FA9009BD069 /* NSDate.swift */; };
		D4B660571D142AAE000FE897 /* AppDelegate.swift in Sources */ = {isa = PBXBuildFile; fileRef = D4B660561D142AAE000FE897 /* AppDelegate.swift */; };
		D4B660591D142AAE000FE897 /* MainViewController.swift in Sources */ = {isa = PBXBuildFile; fileRef = D4B660581D142AAE000FE897 /* MainViewController.swift */; };
		D4B6605C1D142AAE000FE897 /* Main.storyboard in Resources */ = {isa = PBXBuildFile; fileRef = D4B6605A1D142AAE000FE897 /* Main.storyboard */; };
		D4B660611D142AAE000FE897 /* Assets.xcassets in Resources */ = {isa = PBXBuildFile; fileRef = D4B660601D142AAE000FE897 /* Assets.xcassets */; };
		D4B660641D142AAE000FE897 /* LaunchScreen.storyboard in Resources */ = {isa = PBXBuildFile; fileRef = D4B660621D142AAE000FE897 /* LaunchScreen.storyboard */; };
		D4B6607A1D142AAE000FE897 /* PersonalProductivityAssistantUITests.swift in Sources */ = {isa = PBXBuildFile; fileRef = D4B660791D142AAE000FE897 /* PersonalProductivityAssistantUITests.swift */; };
		D4B660891D142B18000FE897 /* PPADataModel.xcdatamodeld in Sources */ = {isa = PBXBuildFile; fileRef = D4B660871D142B18000FE897 /* PPADataModel.xcdatamodeld */; };
		D4C392361D39599600F0062E /* PieChartViewController.swift in Sources */ = {isa = PBXBuildFile; fileRef = D4C392351D39599600F0062E /* PieChartViewController.swift */; };
		D4C392381D395B6700F0062E /* ChartsPageViewController.swift in Sources */ = {isa = PBXBuildFile; fileRef = D4C392371D395B6700F0062E /* ChartsPageViewController.swift */; };
		D4DD6AA31D2A2CF400FC6B0E /* HashtagRepository.swift in Sources */ = {isa = PBXBuildFile; fileRef = D4DD6AA21D2A2CF400FC6B0E /* HashtagRepository.swift */; };
		D4DD6AA51D30BAA600FC6B0E /* HashtagFinderTest.swift in Sources */ = {isa = PBXBuildFile; fileRef = D4DD6AA41D30BAA600FC6B0E /* HashtagFinderTest.swift */; };
		D4DF0F841D647A1E00E17AE4 /* NSDate_firstDayOfCurrentAndNextMonth.swift in Sources */ = {isa = PBXBuildFile; fileRef = D4DF0F831D647A1E00E17AE4 /* NSDate_firstDayOfCurrentAndNextMonth.swift */; };
		D4F84C231D15516F0041FCF0 /* PPAModel.swift in Sources */ = {isa = PBXBuildFile; fileRef = D4F84C201D15516F0041FCF0 /* PPAModel.swift */; };
		D4F84C241D15516F0041FCF0 /* TimeLog+CoreDataProperties.swift in Sources */ = {isa = PBXBuildFile; fileRef = D4F84C211D15516F0041FCF0 /* TimeLog+CoreDataProperties.swift */; };
		D4F84C251D15516F0041FCF0 /* TimeLog.swift in Sources */ = {isa = PBXBuildFile; fileRef = D4F84C221D15516F0041FCF0 /* TimeLog.swift */; };
		D4F84C2A1D15BD0D0041FCF0 /* TimeLogRepository.swift in Sources */ = {isa = PBXBuildFile; fileRef = D4F84C291D15BD0D0041FCF0 /* TimeLogRepository.swift */; };
		D4F84C2D1D15BEDB0041FCF0 /* Result.swift in Sources */ = {isa = PBXBuildFile; fileRef = D4F84C2C1D15BEDB0041FCF0 /* Result.swift */; };
		D4F84C301D15C76A0041FCF0 /* NSError.swift in Sources */ = {isa = PBXBuildFile; fileRef = D4F84C2F1D15C76A0041FCF0 /* NSError.swift */; };
		D4FA29FF1D9CBE7D0044F9F2 /* Charts.framework in Frameworks */ = {isa = PBXBuildFile; fileRef = D4B0BA551D9C3D9C0007E59F /* Charts.framework */; };
		D4FA2A001D9CBE7D0044F9F2 /* Charts.framework in Embed Frameworks */ = {isa = PBXBuildFile; fileRef = D4B0BA551D9C3D9C0007E59F /* Charts.framework */; settings = {ATTRIBUTES = (CodeSignOnCopy, RemoveHeadersOnCopy, ); }; };
/* End PBXBuildFile section */

/* Begin PBXContainerItemProxy section */
		D461703B1DB5481F004EA412 /* PBXContainerItemProxy */ = {
			isa = PBXContainerItemProxy;
			containerPortal = D4B6604B1D142AAE000FE897 /* Project object */;
			proxyType = 1;
			remoteGlobalIDString = D461702F1DB5481F004EA412;
			remoteInfo = PersonalProductivityAssistantTodayExtension;
		};
		D4B0BA541D9C3D9C0007E59F /* PBXContainerItemProxy */ = {
			isa = PBXContainerItemProxy;
			containerPortal = D4B0BA3E1D9C3C9F0007E59F /* Charts.xcodeproj */;
			proxyType = 2;
			remoteGlobalIDString = 06165F241D8110E600722320;
			remoteInfo = Charts;
		};
		D4B0BA561D9C3D9C0007E59F /* PBXContainerItemProxy */ = {
			isa = PBXContainerItemProxy;
			containerPortal = D4B0BA3E1D9C3C9F0007E59F /* Charts.xcodeproj */;
			proxyType = 2;
			remoteGlobalIDString = 06B120D51D811E6200D14B02;
			remoteInfo = ChartsRealm;
		};
		D4B0BA581D9C3D9C0007E59F /* PBXContainerItemProxy */ = {
			isa = PBXContainerItemProxy;
			containerPortal = D4B0BA3E1D9C3C9F0007E59F /* Charts.xcodeproj */;
			proxyType = 2;
			remoteGlobalIDString = 06165F2E1D8110E600722320;
			remoteInfo = ChartsTests;
		};
		D4B6606B1D142AAE000FE897 /* PBXContainerItemProxy */ = {
			isa = PBXContainerItemProxy;
			containerPortal = D4B6604B1D142AAE000FE897 /* Project object */;
			proxyType = 1;
			remoteGlobalIDString = D4B660521D142AAE000FE897;
			remoteInfo = PersonalProductivityAssistant;
		};
		D4B660761D142AAE000FE897 /* PBXContainerItemProxy */ = {
			isa = PBXContainerItemProxy;
			containerPortal = D4B6604B1D142AAE000FE897 /* Project object */;
			proxyType = 1;
			remoteGlobalIDString = D4B660521D142AAE000FE897;
			remoteInfo = PersonalProductivityAssistant;
		};
		D4FA2A011D9CBE7D0044F9F2 /* PBXContainerItemProxy */ = {
			isa = PBXContainerItemProxy;
			containerPortal = D4B0BA3E1D9C3C9F0007E59F /* Charts.xcodeproj */;
			proxyType = 1;
			remoteGlobalIDString = 06165F231D8110E600722320;
			remoteInfo = Charts;
		};
/* End PBXContainerItemProxy section */

/* Begin PBXCopyFilesBuildPhase section */
		D40B48951D6F6C7D00C350C4 /* Embed Frameworks */ = {
			isa = PBXCopyFilesBuildPhase;
			buildActionMask = 2147483647;
			dstPath = "";
			dstSubfolderSpec = 10;
			files = (
				D4FA2A001D9CBE7D0044F9F2 /* Charts.framework in Embed Frameworks */,
			);
			name = "Embed Frameworks";
			runOnlyForDeploymentPostprocessing = 0;
		};
		D46170431DB5481F004EA412 /* Embed App Extensions */ = {
			isa = PBXCopyFilesBuildPhase;
			buildActionMask = 2147483647;
			dstPath = "";
			dstSubfolderSpec = 13;
			files = (
				D461703D1DB5481F004EA412 /* PersonalProductivityAssistantTodayExtension.appex in Embed App Extensions */,
			);
			name = "Embed App Extensions";
			runOnlyForDeploymentPostprocessing = 0;
		};
/* End PBXCopyFilesBuildPhase section */

/* Begin PBXFileReference section */
		D4088EEA1D49ED880059685B /* CalendarHeaderView.swift */ = {isa = PBXFileReference; fileEncoding = 4; lastKnownFileType = sourcecode.swift; path = CalendarHeaderView.swift; sourceTree = "<group>"; };
		D410C1931D325A8100C2CF68 /* XCTestCaseCoreDataInMemory.swift */ = {isa = PBXFileReference; fileEncoding = 4; lastKnownFileType = sourcecode.swift; path = XCTestCaseCoreDataInMemory.swift; sourceTree = "<group>"; };
		D4130B361D41D1AE00F08828 /* UITextView.swift */ = {isa = PBXFileReference; fileEncoding = 4; lastKnownFileType = sourcecode.swift; name = UITextView.swift; path = Utilities/Extensions/UITextView.swift; sourceTree = "<group>"; };
		D41726E21D26AFFB002F15A4 /* Hashtag+CoreDataProperties.swift */ = {isa = PBXFileReference; fileEncoding = 4; lastKnownFileType = sourcecode.swift; path = "Hashtag+CoreDataProperties.swift"; sourceTree = "<group>"; };
		D41726E31D26AFFB002F15A4 /* Hashtag.swift */ = {isa = PBXFileReference; fileEncoding = 4; lastKnownFileType = sourcecode.swift; path = Hashtag.swift; sourceTree = "<group>"; };
		D41726E61D28EF7E002F15A4 /* HashtagFinder.swift */ = {isa = PBXFileReference; fileEncoding = 4; lastKnownFileType = sourcecode.swift; name = HashtagFinder.swift; path = Logic/Hashtags/HashtagFinder.swift; sourceTree = "<group>"; };
		D41726EA1D28F0A0002F15A4 /* HashtagsInStringFinderTest.swift */ = {isa = PBXFileReference; fileEncoding = 4; lastKnownFileType = sourcecode.swift; path = HashtagsInStringFinderTest.swift; sourceTree = "<group>"; };
		D41A06C11DB6A3920088745C /* CloudKit.framework */ = {isa = PBXFileReference; lastKnownFileType = wrapper.framework; name = CloudKit.framework; path = System/Library/Frameworks/CloudKit.framework; sourceTree = SDKROOT; };
		D41A06C41DB6ABD90088745C /* TimeLogsInCK.swift */ = {isa = PBXFileReference; fileEncoding = 4; lastKnownFileType = sourcecode.swift; name = TimeLogsInCK.swift; path = CloudKit/TimeLogsInCK.swift; sourceTree = "<group>"; };
		D41DE9C61D34253D007A9B03 /* PPADataModel 2.xcdatamodel */ = {isa = PBXFileReference; lastKnownFileType = wrapper.xcdatamodel; path = "PPADataModel 2.xcdatamodel"; sourceTree = "<group>"; };
		D4355E6B1D374C92000F678A /* DateTimePickViewController.swift */ = {isa = PBXFileReference; fileEncoding = 4; lastKnownFileType = sourcecode.swift; name = DateTimePickViewController.swift; path = ViewControllers/DateTimePickViewController.swift; sourceTree = "<group>"; };
		D4355E6D1D37E572000F678A /* DateTimePickDelegate.swift */ = {isa = PBXFileReference; fileEncoding = 4; lastKnownFileType = sourcecode.swift; name = DateTimePickDelegate.swift; path = ViewControllers/Shared/DateTimePickDelegate.swift; sourceTree = "<group>"; };
		D4355E6F1D38A08A000F678A /* Config.swift */ = {isa = PBXFileReference; fileEncoding = 4; lastKnownFileType = sourcecode.swift; path = Config.swift; sourceTree = "<group>"; };
		D4355E731D38D138000F678A /* HashtagAutoCompleteAssistant.swift */ = {isa = PBXFileReference; fileEncoding = 4; lastKnownFileType = sourcecode.swift; path = HashtagAutoCompleteAssistant.swift; sourceTree = "<group>"; };
		D4355E751D38D1A0000F678A /* HashtagAutoCompleteAssistant_isAutocompletePossible_Tests.swift */ = {isa = PBXFileReference; fileEncoding = 4; lastKnownFileType = sourcecode.swift; path = HashtagAutoCompleteAssistant_isAutocompletePossible_Tests.swift; sourceTree = "<group>"; };
		D4355E771D390D1C000F678A /* HashtagAutoCompleteAssistant_appendHashtag.swift */ = {isa = PBXFileReference; fileEncoding = 4; lastKnownFileType = sourcecode.swift; path = HashtagAutoCompleteAssistant_appendHashtag.swift; sourceTree = "<group>"; };
		D4355E791D393439000F678A /* ChartSourceHashtags.swift */ = {isa = PBXFileReference; fileEncoding = 4; lastKnownFileType = sourcecode.swift; name = ChartSourceHashtags.swift; path = Reporting/ChartSourceHashtags.swift; sourceTree = "<group>"; };
		D4355E7C1D3953A4000F678A /* ChartDataValueProvider.swift */ = {isa = PBXFileReference; fileEncoding = 4; lastKnownFileType = sourcecode.swift; path = ChartDataValueProvider.swift; sourceTree = "<group>"; };
		D43B896F1D24444C0065248D /* ChartSourceFreevsUsedTime.swift */ = {isa = PBXFileReference; fileEncoding = 4; lastKnownFileType = sourcecode.swift; name = ChartSourceFreevsUsedTime.swift; path = Reporting/ChartSourceFreevsUsedTime.swift; sourceTree = "<group>"; };
		D443636E1DFDE784008EAB37 /* TimeLogsInCKDownload.swift */ = {isa = PBXFileReference; fileEncoding = 4; lastKnownFileType = sourcecode.swift; path = TimeLogsInCKDownload.swift; sourceTree = "<group>"; };
		D44363701DFF1DB5008EAB37 /* TimeLogsInCKUpload.swift */ = {isa = PBXFileReference; fileEncoding = 4; lastKnownFileType = sourcecode.swift; path = TimeLogsInCKUpload.swift; sourceTree = "<group>"; };
		D44B99431D6CA85300794E91 /* TimeLogPersistence.swift */ = {isa = PBXFileReference; fileEncoding = 4; lastKnownFileType = sourcecode.swift; name = TimeLogPersistence.swift; path = ViewControllers/Shared/TimeLogPersistence.swift; sourceTree = "<group>"; };
		D45027281DC28C9D00B9251F /* PersonalProductivityAssistant-Bridging-Header.h */ = {isa = PBXFileReference; lastKnownFileType = sourcecode.c.h; path = "PersonalProductivityAssistant-Bridging-Header.h"; sourceTree = "<group>"; };
		D46170301DB5481F004EA412 /* PersonalProductivityAssistantTodayExtension.appex */ = {isa = PBXFileReference; explicitFileType = "wrapper.app-extension"; includeInIndex = 0; path = PersonalProductivityAssistantTodayExtension.appex; sourceTree = BUILT_PRODUCTS_DIR; };
		D46170321DB5481F004EA412 /* NotificationCenter.framework */ = {isa = PBXFileReference; lastKnownFileType = wrapper.framework; name = NotificationCenter.framework; path = System/Library/Frameworks/NotificationCenter.framework; sourceTree = SDKROOT; };
		D46170351DB5481F004EA412 /* TodayViewController.swift */ = {isa = PBXFileReference; lastKnownFileType = sourcecode.swift; path = TodayViewController.swift; sourceTree = "<group>"; };
		D46170381DB5481F004EA412 /* Base */ = {isa = PBXFileReference; lastKnownFileType = file.storyboard; name = Base; path = Base.lproj/MainInterface.storyboard; sourceTree = "<group>"; };
		D461703A1DB5481F004EA412 /* Info.plist */ = {isa = PBXFileReference; lastKnownFileType = text.plist.xml; path = Info.plist; sourceTree = "<group>"; };
		D46CE0901D3499DF00CD797F /* UIViewController.swift */ = {isa = PBXFileReference; fileEncoding = 4; lastKnownFileType = sourcecode.swift; name = UIViewController.swift; path = Utilities/Extensions/UIViewController.swift; sourceTree = "<group>"; };
		D46CE0941D34BB5F00CD797F /* XCUIElement.swift */ = {isa = PBXFileReference; fileEncoding = 4; lastKnownFileType = sourcecode.swift; name = XCUIElement.swift; path = Utilities/Extensions/XCUIElement.swift; sourceTree = "<group>"; };
		D46CE0961D34BB7C00CD797F /* NSDate.swift */ = {isa = PBXFileReference; fileEncoding = 4; lastKnownFileType = sourcecode.swift; path = NSDate.swift; sourceTree = "<group>"; };
		D46CE0981D34BC8200CD797F /* XCTestCase.swift */ = {isa = PBXFileReference; fileEncoding = 4; lastKnownFileType = sourcecode.swift; path = XCTestCase.swift; sourceTree = "<group>"; };
		D46CE09A1D3546A300CD797F /* String.swift */ = {isa = PBXFileReference; fileEncoding = 4; lastKnownFileType = sourcecode.swift; name = String.swift; path = Utilities/Extensions/String.swift; sourceTree = "<group>"; };
		D47B10471D262B720052A845 /* SegueHandlerType.swift */ = {isa = PBXFileReference; fileEncoding = 4; lastKnownFileType = sourcecode.swift; name = SegueHandlerType.swift; path = ViewControllers/Shared/SegueHandlerType.swift; sourceTree = "<group>"; };
		D47B104A1D263C7F0052A845 /* TimeLogDelegate.swift */ = {isa = PBXFileReference; fileEncoding = 4; lastKnownFileType = sourcecode.swift; name = TimeLogDelegate.swift; path = ViewControllers/Shared/TimeLogDelegate.swift; sourceTree = "<group>"; };
		D486C0511D4722350043500C /* CalendarView.swift */ = {isa = PBXFileReference; fileEncoding = 4; lastKnownFileType = sourcecode.swift; name = CalendarView.swift; path = ViewControllers/Shared/Controls/CalenderView/CalendarView.swift; sourceTree = "<group>"; };
		D486C0531D4729650043500C /* CalendarDayCell.swift */ = {isa = PBXFileReference; fileEncoding = 4; lastKnownFileType = sourcecode.swift; name = CalendarDayCell.swift; path = ViewControllers/Shared/Controls/CalenderView/CalendarDayCell.swift; sourceTree = "<group>"; };
		D486C05A1D49ECF80043500C /* CalendarFlowLayout.swift */ = {isa = PBXFileReference; fileEncoding = 4; lastKnownFileType = sourcecode.swift; name = CalendarFlowLayout.swift; path = ViewControllers/Shared/Controls/CalenderView/CalendarFlowLayout.swift; sourceTree = "<group>"; };
		D48740EA1D16D16D002D3918 /* TimeLogViewController.swift */ = {isa = PBXFileReference; fileEncoding = 4; lastKnownFileType = sourcecode.swift; name = TimeLogViewController.swift; path = ViewControllers/TimeLogViewController.swift; sourceTree = "<group>"; };
		D48F19B31D1C3714009BD069 /* TimeLogData.swift */ = {isa = PBXFileReference; fileEncoding = 4; lastKnownFileType = sourcecode.swift; name = TimeLogData.swift; path = Model/Data/TimeLogData.swift; sourceTree = "<group>"; };
		D48F19B51D230FA9009BD069 /* NSDate.swift */ = {isa = PBXFileReference; fileEncoding = 4; lastKnownFileType = sourcecode.swift; name = NSDate.swift; path = Utilities/Extensions/NSDate.swift; sourceTree = "<group>"; };
		D4B0BA3E1D9C3C9F0007E59F /* Charts.xcodeproj */ = {isa = PBXFileReference; lastKnownFileType = "wrapper.pb-project"; name = Charts.xcodeproj; path = Library/Charts/Charts.xcodeproj; sourceTree = "<group>"; };
		D4B660531D142AAE000FE897 /* PersonalProductivityAssistant.app */ = {isa = PBXFileReference; explicitFileType = wrapper.application; includeInIndex = 0; path = PersonalProductivityAssistant.app; sourceTree = BUILT_PRODUCTS_DIR; };
		D4B660561D142AAE000FE897 /* AppDelegate.swift */ = {isa = PBXFileReference; lastKnownFileType = sourcecode.swift; path = AppDelegate.swift; sourceTree = "<group>"; };
		D4B660581D142AAE000FE897 /* MainViewController.swift */ = {isa = PBXFileReference; lastKnownFileType = sourcecode.swift; name = MainViewController.swift; path = ViewControllers/MainViewController.swift; sourceTree = "<group>"; };
		D4B6605B1D142AAE000FE897 /* Base */ = {isa = PBXFileReference; lastKnownFileType = file.storyboard; name = Base; path = Base.lproj/Main.storyboard; sourceTree = "<group>"; };
		D4B660601D142AAE000FE897 /* Assets.xcassets */ = {isa = PBXFileReference; lastKnownFileType = folder.assetcatalog; path = Assets.xcassets; sourceTree = "<group>"; };
		D4B660631D142AAE000FE897 /* Base */ = {isa = PBXFileReference; lastKnownFileType = file.storyboard; name = Base; path = Base.lproj/LaunchScreen.storyboard; sourceTree = "<group>"; };
		D4B660651D142AAE000FE897 /* Info.plist */ = {isa = PBXFileReference; lastKnownFileType = text.plist.xml; path = Info.plist; sourceTree = "<group>"; };
		D4B6606A1D142AAE000FE897 /* PersonalProductivityAssistantTests.xctest */ = {isa = PBXFileReference; explicitFileType = wrapper.cfbundle; includeInIndex = 0; path = PersonalProductivityAssistantTests.xctest; sourceTree = BUILT_PRODUCTS_DIR; };
		D4B660701D142AAE000FE897 /* Info.plist */ = {isa = PBXFileReference; lastKnownFileType = text.plist.xml; path = Info.plist; sourceTree = "<group>"; };
		D4B660751D142AAE000FE897 /* PersonalProductivityAssistantUITests.xctest */ = {isa = PBXFileReference; explicitFileType = wrapper.cfbundle; includeInIndex = 0; path = PersonalProductivityAssistantUITests.xctest; sourceTree = BUILT_PRODUCTS_DIR; };
		D4B660791D142AAE000FE897 /* PersonalProductivityAssistantUITests.swift */ = {isa = PBXFileReference; lastKnownFileType = sourcecode.swift; path = PersonalProductivityAssistantUITests.swift; sourceTree = "<group>"; };
		D4B6607B1D142AAE000FE897 /* Info.plist */ = {isa = PBXFileReference; lastKnownFileType = text.plist.xml; path = Info.plist; sourceTree = "<group>"; };
		D4B660881D142B18000FE897 /* PPADataModel.xcdatamodel */ = {isa = PBXFileReference; lastKnownFileType = wrapper.xcdatamodel; path = PPADataModel.xcdatamodel; sourceTree = "<group>"; };
		D4C392351D39599600F0062E /* PieChartViewController.swift */ = {isa = PBXFileReference; fileEncoding = 4; lastKnownFileType = sourcecode.swift; name = PieChartViewController.swift; path = ViewControllers/PieChartViewController.swift; sourceTree = "<group>"; };
		D4C392371D395B6700F0062E /* ChartsPageViewController.swift */ = {isa = PBXFileReference; fileEncoding = 4; lastKnownFileType = sourcecode.swift; name = ChartsPageViewController.swift; path = ViewControllers/ChartsPageViewController.swift; sourceTree = "<group>"; };
		D4DD6AA21D2A2CF400FC6B0E /* HashtagRepository.swift */ = {isa = PBXFileReference; fileEncoding = 4; lastKnownFileType = sourcecode.swift; path = HashtagRepository.swift; sourceTree = "<group>"; };
		D4DD6AA41D30BAA600FC6B0E /* HashtagFinderTest.swift */ = {isa = PBXFileReference; fileEncoding = 4; lastKnownFileType = sourcecode.swift; path = HashtagFinderTest.swift; sourceTree = "<group>"; };
		D4DF0F831D647A1E00E17AE4 /* NSDate_firstDayOfCurrentAndNextMonth.swift */ = {isa = PBXFileReference; fileEncoding = 4; lastKnownFileType = sourcecode.swift; path = NSDate_firstDayOfCurrentAndNextMonth.swift; sourceTree = "<group>"; };
		D4F6AF9E1DB54CA5006BDAFF /* PersonalProductivityAssistantTodayExtension.entitlements */ = {isa = PBXFileReference; lastKnownFileType = text.plist.entitlements; path = PersonalProductivityAssistantTodayExtension.entitlements; sourceTree = "<group>"; };
		D4F6AF9F1DB54D09006BDAFF /* PersonalProductivityAssistant.entitlements */ = {isa = PBXFileReference; lastKnownFileType = text.plist.entitlements; path = PersonalProductivityAssistant.entitlements; sourceTree = "<group>"; };
		D4F84C201D15516F0041FCF0 /* PPAModel.swift */ = {isa = PBXFileReference; fileEncoding = 4; lastKnownFileType = sourcecode.swift; path = PPAModel.swift; sourceTree = "<group>"; };
		D4F84C211D15516F0041FCF0 /* TimeLog+CoreDataProperties.swift */ = {isa = PBXFileReference; fileEncoding = 4; lastKnownFileType = sourcecode.swift; path = "TimeLog+CoreDataProperties.swift"; sourceTree = "<group>"; };
		D4F84C221D15516F0041FCF0 /* TimeLog.swift */ = {isa = PBXFileReference; fileEncoding = 4; lastKnownFileType = sourcecode.swift; path = TimeLog.swift; sourceTree = "<group>"; };
		D4F84C291D15BD0D0041FCF0 /* TimeLogRepository.swift */ = {isa = PBXFileReference; fileEncoding = 4; lastKnownFileType = sourcecode.swift; path = TimeLogRepository.swift; sourceTree = "<group>"; };
		D4F84C2C1D15BEDB0041FCF0 /* Result.swift */ = {isa = PBXFileReference; fileEncoding = 4; lastKnownFileType = sourcecode.swift; name = Result.swift; path = Utilities/Result.swift; sourceTree = "<group>"; };
		D4F84C2F1D15C76A0041FCF0 /* NSError.swift */ = {isa = PBXFileReference; fileEncoding = 4; lastKnownFileType = sourcecode.swift; name = NSError.swift; path = Utilities/Extensions/NSError.swift; sourceTree = "<group>"; };
/* End PBXFileReference section */

/* Begin PBXFrameworksBuildPhase section */
		D461702D1DB5481F004EA412 /* Frameworks */ = {
			isa = PBXFrameworksBuildPhase;
			buildActionMask = 2147483647;
			files = (
				D46170331DB5481F004EA412 /* NotificationCenter.framework in Frameworks */,
			);
			runOnlyForDeploymentPostprocessing = 0;
		};
		D4B660501D142AAE000FE897 /* Frameworks */ = {
			isa = PBXFrameworksBuildPhase;
			buildActionMask = 2147483647;
			files = (
				D4FA29FF1D9CBE7D0044F9F2 /* Charts.framework in Frameworks */,
				D41A06C21DB6A3920088745C /* CloudKit.framework in Frameworks */,
			);
			runOnlyForDeploymentPostprocessing = 0;
		};
		D4B660671D142AAE000FE897 /* Frameworks */ = {
			isa = PBXFrameworksBuildPhase;
			buildActionMask = 2147483647;
			files = (
			);
			runOnlyForDeploymentPostprocessing = 0;
		};
		D4B660721D142AAE000FE897 /* Frameworks */ = {
			isa = PBXFrameworksBuildPhase;
			buildActionMask = 2147483647;
			files = (
			);
			runOnlyForDeploymentPostprocessing = 0;
		};
/* End PBXFrameworksBuildPhase section */

/* Begin PBXGroup section */
		D41726E01D26AF7B002F15A4 /* Logic */ = {
			isa = PBXGroup;
			children = (
				D486C0591D48755F0043500C /* Calender */,
				D41726E11D26AF96002F15A4 /* Hashtags */,
			);
			name = Logic;
			sourceTree = "<group>";
		};
		D41726E11D26AF96002F15A4 /* Hashtags */ = {
			isa = PBXGroup;
			children = (
				D41726E61D28EF7E002F15A4 /* HashtagFinder.swift */,
				D4355E731D38D138000F678A /* HashtagAutoCompleteAssistant.swift */,
			);
			name = Hashtags;
			sourceTree = "<group>";
		};
		D41726E81D28F04F002F15A4 /* Logic */ = {
			isa = PBXGroup;
			children = (
				D41726E91D28F057002F15A4 /* Hashtags */,
			);
			name = Logic;
			sourceTree = "<group>";
		};
		D41726E91D28F057002F15A4 /* Hashtags */ = {
			isa = PBXGroup;
			children = (
				D41726EA1D28F0A0002F15A4 /* HashtagsInStringFinderTest.swift */,
				D4DD6AA41D30BAA600FC6B0E /* HashtagFinderTest.swift */,
				D4355E751D38D1A0000F678A /* HashtagAutoCompleteAssistant_isAutocompletePossible_Tests.swift */,
				D4355E771D390D1C000F678A /* HashtagAutoCompleteAssistant_appendHashtag.swift */,
			);
			name = Hashtags;
			sourceTree = "<group>";
		};
		D41A06C31DB6AB9B0088745C /* CloudKit */ = {
			isa = PBXGroup;
			children = (
				D41A06C41DB6ABD90088745C /* TimeLogsInCK.swift */,
				D443636E1DFDE784008EAB37 /* TimeLogsInCKDownload.swift */,
				D44363701DFF1DB5008EAB37 /* TimeLogsInCKUpload.swift */,
			);
			name = CloudKit;
			sourceTree = "<group>";
		};
		D4355E7B1D39527F000F678A /* Shared */ = {
			isa = PBXGroup;
			children = (
				D4355E7C1D3953A4000F678A /* ChartDataValueProvider.swift */,
			);
			name = Shared;
			sourceTree = "<group>";
		};
		D43AF1D21D252EF20084B9C7 /* Libraries */ = {
			isa = PBXGroup;
			children = (
				D4B0BA3E1D9C3C9F0007E59F /* Charts.xcodeproj */,
			);
			name = Libraries;
			sourceTree = "<group>";
		};
		D43AF1D31D252F1B0084B9C7 /* ViewControllers */ = {
			isa = PBXGroup;
			children = (
				D47B10491D263C620052A845 /* Shared */,
				D4B660581D142AAE000FE897 /* MainViewController.swift */,
				D48740EA1D16D16D002D3918 /* TimeLogViewController.swift */,
				D4355E6B1D374C92000F678A /* DateTimePickViewController.swift */,
				D4C392351D39599600F0062E /* PieChartViewController.swift */,
				D4C392371D395B6700F0062E /* ChartsPageViewController.swift */,
			);
			name = ViewControllers;
			sourceTree = "<group>";
		};
		D43AF1D41D25356F0084B9C7 /* Storyboards */ = {
			isa = PBXGroup;
			children = (
				D4B6605A1D142AAE000FE897 /* Main.storyboard */,
				D4B660621D142AAE000FE897 /* LaunchScreen.storyboard */,
			);
			name = Storyboards;
			sourceTree = "<group>";
		};
		D43B896E1D2444120065248D /* Reporting */ = {
			isa = PBXGroup;
			children = (
				D4355E7B1D39527F000F678A /* Shared */,
				D43B896F1D24444C0065248D /* ChartSourceFreevsUsedTime.swift */,
				D4355E791D393439000F678A /* ChartSourceHashtags.swift */,
			);
			name = Reporting;
			sourceTree = "<group>";
		};
		D46170311DB5481F004EA412 /* Frameworks */ = {
			isa = PBXGroup;
			children = (
				D41A06C11DB6A3920088745C /* CloudKit.framework */,
				D46170321DB5481F004EA412 /* NotificationCenter.framework */,
			);
			name = Frameworks;
			sourceTree = "<group>";
		};
		D46170341DB5481F004EA412 /* PersonalProductivityAssistantTodayExtension */ = {
			isa = PBXGroup;
			children = (
				D4F6AF9E1DB54CA5006BDAFF /* PersonalProductivityAssistantTodayExtension.entitlements */,
				D46170351DB5481F004EA412 /* TodayViewController.swift */,
				D46170371DB5481F004EA412 /* MainInterface.storyboard */,
				D461703A1DB5481F004EA412 /* Info.plist */,
			);
			path = PersonalProductivityAssistantTodayExtension;
			sourceTree = "<group>";
		};
		D46CE0921D34BB3700CD797F /* Utilities */ = {
			isa = PBXGroup;
			children = (
				D46CE0931D34BB4000CD797F /* Extensions */,
			);
			name = Utilities;
			sourceTree = "<group>";
		};
		D46CE0931D34BB4000CD797F /* Extensions */ = {
			isa = PBXGroup;
			children = (
				D46CE0941D34BB5F00CD797F /* XCUIElement.swift */,
				D46CE0961D34BB7C00CD797F /* NSDate.swift */,
				D46CE0981D34BC8200CD797F /* XCTestCase.swift */,
			);
			name = Extensions;
			sourceTree = "<group>";
		};
		D47B10491D263C620052A845 /* Shared */ = {
			isa = PBXGroup;
			children = (
				D486C04D1D4720900043500C /* Controls */,
				D47B10471D262B720052A845 /* SegueHandlerType.swift */,
				D47B104A1D263C7F0052A845 /* TimeLogDelegate.swift */,
				D4355E6D1D37E572000F678A /* DateTimePickDelegate.swift */,
				D44B99431D6CA85300794E91 /* TimeLogPersistence.swift */,
			);
			name = Shared;
			sourceTree = "<group>";
		};
		D486C04D1D4720900043500C /* Controls */ = {
			isa = PBXGroup;
			children = (
				D486C04E1D4720D30043500C /* CalendarView */,
			);
			name = Controls;
			sourceTree = "<group>";
		};
		D486C04E1D4720D30043500C /* CalendarView */ = {
			isa = PBXGroup;
			children = (
				D486C0511D4722350043500C /* CalendarView.swift */,
				D486C0531D4729650043500C /* CalendarDayCell.swift */,
				D486C05A1D49ECF80043500C /* CalendarFlowLayout.swift */,
				D4088EEA1D49ED880059685B /* CalendarHeaderView.swift */,
			);
			name = CalendarView;
			sourceTree = "<group>";
		};
		D486C0591D48755F0043500C /* Calender */ = {
			isa = PBXGroup;
			children = (
			);
			name = Calender;
			sourceTree = "<group>";
		};
		D48F19B21D1C36FA009BD069 /* Data */ = {
			isa = PBXGroup;
			children = (
				D48F19B31D1C3714009BD069 /* TimeLogData.swift */,
			);
			name = Data;
			path = ..;
			sourceTree = "<group>";
		};
		D4B0BA4F1D9C3D9C0007E59F /* Products */ = {
			isa = PBXGroup;
			children = (
				D4B0BA551D9C3D9C0007E59F /* Charts.framework */,
				D4B0BA571D9C3D9C0007E59F /* ChartsRealm.framework */,
				D4B0BA591D9C3D9C0007E59F /* ChartsTests.xctest */,
			);
			name = Products;
			sourceTree = "<group>";
		};
		D4B6604A1D142AAE000FE897 = {
			isa = PBXGroup;
			children = (
				D4B660551D142AAE000FE897 /* PersonalProductivityAssistant */,
				D4B6606D1D142AAE000FE897 /* PersonalProductivityAssistantTests */,
				D4B660781D142AAE000FE897 /* PersonalProductivityAssistantUITests */,
				D46170341DB5481F004EA412 /* PersonalProductivityAssistantTodayExtension */,
				D46170311DB5481F004EA412 /* Frameworks */,
				D4B660541D142AAE000FE897 /* Products */,
				D45027281DC28C9D00B9251F /* PersonalProductivityAssistant-Bridging-Header.h */,
			);
			sourceTree = "<group>";
		};
		D4B660541D142AAE000FE897 /* Products */ = {
			isa = PBXGroup;
			children = (
				D4B660531D142AAE000FE897 /* PersonalProductivityAssistant.app */,
				D4B6606A1D142AAE000FE897 /* PersonalProductivityAssistantTests.xctest */,
				D4B660751D142AAE000FE897 /* PersonalProductivityAssistantUITests.xctest */,
				D46170301DB5481F004EA412 /* PersonalProductivityAssistantTodayExtension.appex */,
			);
			name = Products;
			sourceTree = "<group>";
		};
		D4B660551D142AAE000FE897 /* PersonalProductivityAssistant */ = {
			isa = PBXGroup;
			children = (
				D4F6AF9F1DB54D09006BDAFF /* PersonalProductivityAssistant.entitlements */,
				D41A06C31DB6AB9B0088745C /* CloudKit */,
				D43AF1D21D252EF20084B9C7 /* Libraries */,
				D4F84C2B1D15BECD0041FCF0 /* Utilities */,
				D4F84C1F1D15516F0041FCF0 /* Model */,
				D43B896E1D2444120065248D /* Reporting */,
				D41726E01D26AF7B002F15A4 /* Logic */,
				D43AF1D41D25356F0084B9C7 /* Storyboards */,
				D43AF1D31D252F1B0084B9C7 /* ViewControllers */,
				D4B660601D142AAE000FE897 /* Assets.xcassets */,
				D4B660651D142AAE000FE897 /* Info.plist */,
				D4B660561D142AAE000FE897 /* AppDelegate.swift */,
				D4355E6F1D38A08A000F678A /* Config.swift */,
			);
			path = PersonalProductivityAssistant;
			sourceTree = "<group>";
		};
		D4B6606D1D142AAE000FE897 /* PersonalProductivityAssistantTests */ = {
			isa = PBXGroup;
			children = (
				D4DF0F821D6479F000E17AE4 /* Extensions */,
				D41726E81D28F04F002F15A4 /* Logic */,
				D4B660701D142AAE000FE897 /* Info.plist */,
				D410C1931D325A8100C2CF68 /* XCTestCaseCoreDataInMemory.swift */,
			);
			path = PersonalProductivityAssistantTests;
			sourceTree = "<group>";
		};
		D4B660781D142AAE000FE897 /* PersonalProductivityAssistantUITests */ = {
			isa = PBXGroup;
			children = (
				D46CE0921D34BB3700CD797F /* Utilities */,
				D4B660791D142AAE000FE897 /* PersonalProductivityAssistantUITests.swift */,
				D4B6607B1D142AAE000FE897 /* Info.plist */,
			);
			path = PersonalProductivityAssistantUITests;
			sourceTree = "<group>";
		};
		D4DF0F821D6479F000E17AE4 /* Extensions */ = {
			isa = PBXGroup;
			children = (
				D4DF0F831D647A1E00E17AE4 /* NSDate_firstDayOfCurrentAndNextMonth.swift */,
			);
			name = Extensions;
			sourceTree = "<group>";
		};
		D4F84C1F1D15516F0041FCF0 /* Model */ = {
			isa = PBXGroup;
			children = (
				D48F19B21D1C36FA009BD069 /* Data */,
				D4F84C261D15517D0041FCF0 /* Entities */,
				D4F84C291D15BD0D0041FCF0 /* TimeLogRepository.swift */,
				D4DD6AA21D2A2CF400FC6B0E /* HashtagRepository.swift */,
				D4F84C201D15516F0041FCF0 /* PPAModel.swift */,
				D4B660871D142B18000FE897 /* PPADataModel.xcdatamodeld */,
			);
			path = Model;
			sourceTree = "<group>";
		};
		D4F84C261D15517D0041FCF0 /* Entities */ = {
			isa = PBXGroup;
			children = (
				D41726E21D26AFFB002F15A4 /* Hashtag+CoreDataProperties.swift */,
				D41726E31D26AFFB002F15A4 /* Hashtag.swift */,
				D4F84C211D15516F0041FCF0 /* TimeLog+CoreDataProperties.swift */,
				D4F84C221D15516F0041FCF0 /* TimeLog.swift */,
			);
			name = Entities;
			sourceTree = "<group>";
		};
		D4F84C2B1D15BECD0041FCF0 /* Utilities */ = {
			isa = PBXGroup;
			children = (
				D4F84C2E1D15C7600041FCF0 /* Extensions */,
				D4F84C2C1D15BEDB0041FCF0 /* Result.swift */,
			);
			name = Utilities;
			sourceTree = "<group>";
		};
		D4F84C2E1D15C7600041FCF0 /* Extensions */ = {
			isa = PBXGroup;
			children = (
				D4F84C2F1D15C76A0041FCF0 /* NSError.swift */,
				D48F19B51D230FA9009BD069 /* NSDate.swift */,
				D46CE0901D3499DF00CD797F /* UIViewController.swift */,
				D46CE09A1D3546A300CD797F /* String.swift */,
				D4130B361D41D1AE00F08828 /* UITextView.swift */,
			);
			name = Extensions;
			sourceTree = "<group>";
		};
/* End PBXGroup section */

/* Begin PBXNativeTarget section */
		D461702F1DB5481F004EA412 /* PersonalProductivityAssistantTodayExtension */ = {
			isa = PBXNativeTarget;
			buildConfigurationList = D46170421DB5481F004EA412 /* Build configuration list for PBXNativeTarget "PersonalProductivityAssistantTodayExtension" */;
			buildPhases = (
				D461702C1DB5481F004EA412 /* Sources */,
				D461702D1DB5481F004EA412 /* Frameworks */,
				D461702E1DB5481F004EA412 /* Resources */,
			);
			buildRules = (
			);
			dependencies = (
			);
			name = PersonalProductivityAssistantTodayExtension;
			productName = PersonalProductivityAssistantTodayExtension;
			productReference = D46170301DB5481F004EA412 /* PersonalProductivityAssistantTodayExtension.appex */;
			productType = "com.apple.product-type.app-extension";
		};
		D4B660521D142AAE000FE897 /* PersonalProductivityAssistant */ = {
			isa = PBXNativeTarget;
			buildConfigurationList = D4B6607E1D142AAE000FE897 /* Build configuration list for PBXNativeTarget "PersonalProductivityAssistant" */;
			buildPhases = (
				D4B6604F1D142AAE000FE897 /* Sources */,
				D4B660501D142AAE000FE897 /* Frameworks */,
				D4B660511D142AAE000FE897 /* Resources */,
				D40B48951D6F6C7D00C350C4 /* Embed Frameworks */,
				D46170431DB5481F004EA412 /* Embed App Extensions */,
			);
			buildRules = (
			);
			dependencies = (
				D4FA2A021D9CBE7D0044F9F2 /* PBXTargetDependency */,
				D461703C1DB5481F004EA412 /* PBXTargetDependency */,
			);
			name = PersonalProductivityAssistant;
			productName = PersonalProductivityAssistant;
			productReference = D4B660531D142AAE000FE897 /* PersonalProductivityAssistant.app */;
			productType = "com.apple.product-type.application";
		};
		D4B660691D142AAE000FE897 /* PersonalProductivityAssistantTests */ = {
			isa = PBXNativeTarget;
			buildConfigurationList = D4B660811D142AAE000FE897 /* Build configuration list for PBXNativeTarget "PersonalProductivityAssistantTests" */;
			buildPhases = (
				D4B660661D142AAE000FE897 /* Sources */,
				D4B660671D142AAE000FE897 /* Frameworks */,
				D4B660681D142AAE000FE897 /* Resources */,
			);
			buildRules = (
			);
			dependencies = (
				D4B6606C1D142AAE000FE897 /* PBXTargetDependency */,
			);
			name = PersonalProductivityAssistantTests;
			productName = PersonalProductivityAssistantTests;
			productReference = D4B6606A1D142AAE000FE897 /* PersonalProductivityAssistantTests.xctest */;
			productType = "com.apple.product-type.bundle.unit-test";
		};
		D4B660741D142AAE000FE897 /* PersonalProductivityAssistantUITests */ = {
			isa = PBXNativeTarget;
			buildConfigurationList = D4B660841D142AAE000FE897 /* Build configuration list for PBXNativeTarget "PersonalProductivityAssistantUITests" */;
			buildPhases = (
				D4B660711D142AAE000FE897 /* Sources */,
				D4B660721D142AAE000FE897 /* Frameworks */,
				D4B660731D142AAE000FE897 /* Resources */,
			);
			buildRules = (
			);
			dependencies = (
				D4B660771D142AAE000FE897 /* PBXTargetDependency */,
			);
			name = PersonalProductivityAssistantUITests;
			productName = PersonalProductivityAssistantUITests;
			productReference = D4B660751D142AAE000FE897 /* PersonalProductivityAssistantUITests.xctest */;
			productType = "com.apple.product-type.bundle.ui-testing";
		};
/* End PBXNativeTarget section */

/* Begin PBXProject section */
		D4B6604B1D142AAE000FE897 /* Project object */ = {
			isa = PBXProject;
			attributes = {
				LastSwiftUpdateCheck = 0800;
				LastUpgradeCheck = 0800;
				ORGANIZATIONNAME = "Stefan Mehnert";
				TargetAttributes = {
					D461702F1DB5481F004EA412 = {
						CreatedOnToolsVersion = 8.0;
						DevelopmentTeam = Y6U8S5243G;
						ProvisioningStyle = Automatic;
						SystemCapabilities = {
							com.apple.ApplicationGroups.iOS = {
								enabled = 1;
							};
						};
					};
					D4B660521D142AAE000FE897 = {
						CreatedOnToolsVersion = 7.3.1;
						DevelopmentTeam = Y6U8S5243G;
						LastSwiftMigration = 0800;
						SystemCapabilities = {
							com.apple.ApplicationGroups.iOS = {
								enabled = 1;
							};
							com.apple.Push = {
								enabled = 1;
							};
							com.apple.iCloud = {
								enabled = 1;
							};
						};
					};
					D4B660691D142AAE000FE897 = {
						CreatedOnToolsVersion = 7.3.1;
						DevelopmentTeam = VNN46H7VJU;
						LastSwiftMigration = 0800;
						TestTargetID = D4B660521D142AAE000FE897;
					};
					D4B660741D142AAE000FE897 = {
						CreatedOnToolsVersion = 7.3.1;
						DevelopmentTeam = VNN46H7VJU;
						LastSwiftMigration = 0800;
						TestTargetID = D4B660521D142AAE000FE897;
					};
				};
			};
			buildConfigurationList = D4B6604E1D142AAE000FE897 /* Build configuration list for PBXProject "PersonalProductivityAssistant" */;
			compatibilityVersion = "Xcode 3.2";
			developmentRegion = English;
			hasScannedForEncodings = 0;
			knownRegions = (
				en,
				Base,
			);
			mainGroup = D4B6604A1D142AAE000FE897;
			productRefGroup = D4B660541D142AAE000FE897 /* Products */;
			projectDirPath = "";
			projectReferences = (
				{
					ProductGroup = D4B0BA4F1D9C3D9C0007E59F /* Products */;
					ProjectRef = D4B0BA3E1D9C3C9F0007E59F /* Charts.xcodeproj */;
				},
			);
			projectRoot = "";
			targets = (
				D4B660521D142AAE000FE897 /* PersonalProductivityAssistant */,
				D4B660691D142AAE000FE897 /* PersonalProductivityAssistantTests */,
				D4B660741D142AAE000FE897 /* PersonalProductivityAssistantUITests */,
				D461702F1DB5481F004EA412 /* PersonalProductivityAssistantTodayExtension */,
			);
		};
/* End PBXProject section */

/* Begin PBXReferenceProxy section */
		D4B0BA551D9C3D9C0007E59F /* Charts.framework */ = {
			isa = PBXReferenceProxy;
			fileType = wrapper.framework;
			path = Charts.framework;
			remoteRef = D4B0BA541D9C3D9C0007E59F /* PBXContainerItemProxy */;
			sourceTree = BUILT_PRODUCTS_DIR;
		};
		D4B0BA571D9C3D9C0007E59F /* ChartsRealm.framework */ = {
			isa = PBXReferenceProxy;
			fileType = wrapper.framework;
			path = ChartsRealm.framework;
			remoteRef = D4B0BA561D9C3D9C0007E59F /* PBXContainerItemProxy */;
			sourceTree = BUILT_PRODUCTS_DIR;
		};
		D4B0BA591D9C3D9C0007E59F /* ChartsTests.xctest */ = {
			isa = PBXReferenceProxy;
			fileType = wrapper.cfbundle;
			path = ChartsTests.xctest;
			remoteRef = D4B0BA581D9C3D9C0007E59F /* PBXContainerItemProxy */;
			sourceTree = BUILT_PRODUCTS_DIR;
		};
/* End PBXReferenceProxy section */

/* Begin PBXResourcesBuildPhase section */
		D461702E1DB5481F004EA412 /* Resources */ = {
			isa = PBXResourcesBuildPhase;
			buildActionMask = 2147483647;
			files = (
				D46170391DB5481F004EA412 /* MainInterface.storyboard in Resources */,
			);
			runOnlyForDeploymentPostprocessing = 0;
		};
		D4B660511D142AAE000FE897 /* Resources */ = {
			isa = PBXResourcesBuildPhase;
			buildActionMask = 2147483647;
			files = (
				D4B660641D142AAE000FE897 /* LaunchScreen.storyboard in Resources */,
				D4B660611D142AAE000FE897 /* Assets.xcassets in Resources */,
				D4B6605C1D142AAE000FE897 /* Main.storyboard in Resources */,
			);
			runOnlyForDeploymentPostprocessing = 0;
		};
		D4B660681D142AAE000FE897 /* Resources */ = {
			isa = PBXResourcesBuildPhase;
			buildActionMask = 2147483647;
			files = (
			);
			runOnlyForDeploymentPostprocessing = 0;
		};
		D4B660731D142AAE000FE897 /* Resources */ = {
			isa = PBXResourcesBuildPhase;
			buildActionMask = 2147483647;
			files = (
			);
			runOnlyForDeploymentPostprocessing = 0;
		};
/* End PBXResourcesBuildPhase section */

/* Begin PBXSourcesBuildPhase section */
		D461702C1DB5481F004EA412 /* Sources */ = {
			isa = PBXSourcesBuildPhase;
			buildActionMask = 2147483647;
			files = (
				D44363731DFF30FF008EAB37 /* TimeLogsInCKDownload.swift in Sources */,
				D41A06B31DB551B60088745C /* HashtagRepository.swift in Sources */,
				D46170361DB5481F004EA412 /* TodayViewController.swift in Sources */,
				D41A06B51DB551BE0088745C /* TimeLog.swift in Sources */,
				D41A06BC1DB551FA0088745C /* NSDate.swift in Sources */,
				D41A06B71DB551C50088745C /* Hashtag.swift in Sources */,
				D41A06B41DB551B90088745C /* TimeLogRepository.swift in Sources */,
				D41A06BA1DB551E40088745C /* Result.swift in Sources */,
				D41A06B81DB551C80088745C /* Hashtag+CoreDataProperties.swift in Sources */,
				D44363741DFF3103008EAB37 /* TimeLogsInCKUpload.swift in Sources */,
				D41A06BB1DB551F70088745C /* NSError.swift in Sources */,
				D41A06B11DB551AD0088745C /* PPADataModel.xcdatamodeld in Sources */,
				D41A06B61DB551C10088745C /* TimeLog+CoreDataProperties.swift in Sources */,
				D44363721DFF30E8008EAB37 /* TimeLogsInCK.swift in Sources */,
				D41A06BE1DB552040088745C /* String.swift in Sources */,
				D41A06BF1DB552200088745C /* Config.swift in Sources */,
				D41A06B21DB551B20088745C /* PPAModel.swift in Sources */,
				D41A06C01DB5522F0088745C /* HashtagFinder.swift in Sources */,
				D41A06B91DB551CE0088745C /* TimeLogData.swift in Sources */,
			);
			runOnlyForDeploymentPostprocessing = 0;
		};
		D4B6604F1D142AAE000FE897 /* Sources */ = {
			isa = PBXSourcesBuildPhase;
			buildActionMask = 2147483647;
			files = (
				D48F19B41D1C3714009BD069 /* TimeLogData.swift in Sources */,
				D4F84C241D15516F0041FCF0 /* TimeLog+CoreDataProperties.swift in Sources */,
				D41A06C51DB6ABD90088745C /* TimeLogsInCK.swift in Sources */,
				D47B10481D262B720052A845 /* SegueHandlerType.swift in Sources */,
				D4C392381D395B6700F0062E /* ChartsPageViewController.swift in Sources */,
				D486C05B1D49ECF80043500C /* CalendarFlowLayout.swift in Sources */,
				D443636F1DFDE784008EAB37 /* TimeLogsInCKDownload.swift in Sources */,
				D4355E6C1D374C92000F678A /* DateTimePickViewController.swift in Sources */,
				D4F84C301D15C76A0041FCF0 /* NSError.swift in Sources */,
				D44363711DFF1DB5008EAB37 /* TimeLogsInCKUpload.swift in Sources */,
				D4B660591D142AAE000FE897 /* MainViewController.swift in Sources */,
				D41726E71D28EF7E002F15A4 /* HashtagFinder.swift in Sources */,
				D4355E6E1D37E572000F678A /* DateTimePickDelegate.swift in Sources */,
				D486C0541D4729650043500C /* CalendarDayCell.swift in Sources */,
				D4088EEB1D49ED880059685B /* CalendarHeaderView.swift in Sources */,
				D4355E7A1D393439000F678A /* ChartSourceHashtags.swift in Sources */,
				D4C392361D39599600F0062E /* PieChartViewController.swift in Sources */,
				D48F19B61D230FA9009BD069 /* NSDate.swift in Sources */,
				D486C0521D4722350043500C /* CalendarView.swift in Sources */,
				D41726E51D26AFFB002F15A4 /* Hashtag.swift in Sources */,
				D4F84C231D15516F0041FCF0 /* PPAModel.swift in Sources */,
				D4355E701D38A08A000F678A /* Config.swift in Sources */,
				D4F84C2A1D15BD0D0041FCF0 /* TimeLogRepository.swift in Sources */,
				D41726E41D26AFFB002F15A4 /* Hashtag+CoreDataProperties.swift in Sources */,
				D4130B371D41D1AE00F08828 /* UITextView.swift in Sources */,
				D4F84C251D15516F0041FCF0 /* TimeLog.swift in Sources */,
				D46CE09B1D3546A300CD797F /* String.swift in Sources */,
				D4355E741D38D138000F678A /* HashtagAutoCompleteAssistant.swift in Sources */,
				D4F84C2D1D15BEDB0041FCF0 /* Result.swift in Sources */,
				D47B104B1D263C7F0052A845 /* TimeLogDelegate.swift in Sources */,
				D46CE0911D3499DF00CD797F /* UIViewController.swift in Sources */,
				D44B99441D6CA85300794E91 /* TimeLogPersistence.swift in Sources */,
				D4B660891D142B18000FE897 /* PPADataModel.xcdatamodeld in Sources */,
				D4B660571D142AAE000FE897 /* AppDelegate.swift in Sources */,
				D4355E7D1D3953A4000F678A /* ChartDataValueProvider.swift in Sources */,
				D48740EB1D16D16D002D3918 /* TimeLogViewController.swift in Sources */,
				D43B89701D24444C0065248D /* ChartSourceFreevsUsedTime.swift in Sources */,
				D4DD6AA31D2A2CF400FC6B0E /* HashtagRepository.swift in Sources */,
			);
			runOnlyForDeploymentPostprocessing = 0;
		};
		D4B660661D142AAE000FE897 /* Sources */ = {
			isa = PBXSourcesBuildPhase;
			buildActionMask = 2147483647;
			files = (
				D4355E781D390D1C000F678A /* HashtagAutoCompleteAssistant_appendHashtag.swift in Sources */,
				D4DD6AA51D30BAA600FC6B0E /* HashtagFinderTest.swift in Sources */,
				D410C1941D325A8100C2CF68 /* XCTestCaseCoreDataInMemory.swift in Sources */,
				D4355E761D38D1A0000F678A /* HashtagAutoCompleteAssistant_isAutocompletePossible_Tests.swift in Sources */,
				D41726EB1D28F0A0002F15A4 /* HashtagsInStringFinderTest.swift in Sources */,
				D4DF0F841D647A1E00E17AE4 /* NSDate_firstDayOfCurrentAndNextMonth.swift in Sources */,
			);
			runOnlyForDeploymentPostprocessing = 0;
		};
		D4B660711D142AAE000FE897 /* Sources */ = {
			isa = PBXSourcesBuildPhase;
			buildActionMask = 2147483647;
			files = (
				D4B6607A1D142AAE000FE897 /* PersonalProductivityAssistantUITests.swift in Sources */,
				D46CE0971D34BB7C00CD797F /* NSDate.swift in Sources */,
				D46CE0991D34BC8200CD797F /* XCTestCase.swift in Sources */,
				D46CE0951D34BB5F00CD797F /* XCUIElement.swift in Sources */,
			);
			runOnlyForDeploymentPostprocessing = 0;
		};
/* End PBXSourcesBuildPhase section */

/* Begin PBXTargetDependency section */
		D461703C1DB5481F004EA412 /* PBXTargetDependency */ = {
			isa = PBXTargetDependency;
			target = D461702F1DB5481F004EA412 /* PersonalProductivityAssistantTodayExtension */;
			targetProxy = D461703B1DB5481F004EA412 /* PBXContainerItemProxy */;
		};
		D4B6606C1D142AAE000FE897 /* PBXTargetDependency */ = {
			isa = PBXTargetDependency;
			target = D4B660521D142AAE000FE897 /* PersonalProductivityAssistant */;
			targetProxy = D4B6606B1D142AAE000FE897 /* PBXContainerItemProxy */;
		};
		D4B660771D142AAE000FE897 /* PBXTargetDependency */ = {
			isa = PBXTargetDependency;
			target = D4B660521D142AAE000FE897 /* PersonalProductivityAssistant */;
			targetProxy = D4B660761D142AAE000FE897 /* PBXContainerItemProxy */;
		};
		D4FA2A021D9CBE7D0044F9F2 /* PBXTargetDependency */ = {
			isa = PBXTargetDependency;
			name = Charts;
			targetProxy = D4FA2A011D9CBE7D0044F9F2 /* PBXContainerItemProxy */;
		};
/* End PBXTargetDependency section */

/* Begin PBXVariantGroup section */
		D46170371DB5481F004EA412 /* MainInterface.storyboard */ = {
			isa = PBXVariantGroup;
			children = (
				D46170381DB5481F004EA412 /* Base */,
			);
			name = MainInterface.storyboard;
			sourceTree = "<group>";
		};
		D4B6605A1D142AAE000FE897 /* Main.storyboard */ = {
			isa = PBXVariantGroup;
			children = (
				D4B6605B1D142AAE000FE897 /* Base */,
			);
			name = Main.storyboard;
			sourceTree = "<group>";
		};
		D4B660621D142AAE000FE897 /* LaunchScreen.storyboard */ = {
			isa = PBXVariantGroup;
			children = (
				D4B660631D142AAE000FE897 /* Base */,
			);
			name = LaunchScreen.storyboard;
			sourceTree = "<group>";
		};
/* End PBXVariantGroup section */

/* Begin XCBuildConfiguration section */
		D461703E1DB5481F004EA412 /* Debug */ = {
			isa = XCBuildConfiguration;
			buildSettings = {
				CLANG_WARN_DOCUMENTATION_COMMENTS = YES;
				CLANG_WARN_SUSPICIOUS_MOVES = YES;
				CODE_SIGN_ENTITLEMENTS = PersonalProductivityAssistantTodayExtension/PersonalProductivityAssistantTodayExtension.entitlements;
				CODE_SIGN_IDENTITY = "iPhone Developer";
				DEVELOPMENT_TEAM = Y6U8S5243G;
				INFOPLIST_FILE = PersonalProductivityAssistantTodayExtension/Info.plist;
				IPHONEOS_DEPLOYMENT_TARGET = 10.0;
				LD_RUNPATH_SEARCH_PATHS = "$(inherited) @executable_path/Frameworks @executable_path/../../Frameworks";
				PRODUCT_BUNDLE_IDENTIFIER = de.sme.PPA.TodayExtension;
				PRODUCT_NAME = "$(TARGET_NAME)";
				SKIP_INSTALL = YES;
				SWIFT_ACTIVE_COMPILATION_CONDITIONS = DEBUG;
				SWIFT_VERSION = 3.0;
			};
			name = Debug;
		};
		D461703F1DB5481F004EA412 /* Release */ = {
			isa = XCBuildConfiguration;
			buildSettings = {
				CLANG_WARN_DOCUMENTATION_COMMENTS = YES;
				CLANG_WARN_SUSPICIOUS_MOVES = YES;
				CODE_SIGN_ENTITLEMENTS = PersonalProductivityAssistantTodayExtension/PersonalProductivityAssistantTodayExtension.entitlements;
				CODE_SIGN_IDENTITY = "iPhone Developer";
				DEVELOPMENT_TEAM = Y6U8S5243G;
				INFOPLIST_FILE = PersonalProductivityAssistantTodayExtension/Info.plist;
				IPHONEOS_DEPLOYMENT_TARGET = 10.0;
				LD_RUNPATH_SEARCH_PATHS = "$(inherited) @executable_path/Frameworks @executable_path/../../Frameworks";
				PRODUCT_BUNDLE_IDENTIFIER = de.sme.PPA.TodayExtension;
				PRODUCT_NAME = "$(TARGET_NAME)";
				SKIP_INSTALL = YES;
				SWIFT_VERSION = 3.0;
			};
			name = Release;
		};
		D4B6607C1D142AAE000FE897 /* Debug */ = {
			isa = XCBuildConfiguration;
			buildSettings = {
				ALWAYS_SEARCH_USER_PATHS = NO;
				CLANG_ANALYZER_NONNULL = YES;
				CLANG_CXX_LANGUAGE_STANDARD = "gnu++0x";
				CLANG_CXX_LIBRARY = "libc++";
				CLANG_ENABLE_MODULES = YES;
				CLANG_ENABLE_OBJC_ARC = YES;
				CLANG_WARN_BOOL_CONVERSION = YES;
				CLANG_WARN_CONSTANT_CONVERSION = YES;
				CLANG_WARN_DIRECT_OBJC_ISA_USAGE = YES_ERROR;
				CLANG_WARN_EMPTY_BODY = YES;
				CLANG_WARN_ENUM_CONVERSION = YES;
				CLANG_WARN_INFINITE_RECURSION = YES;
				CLANG_WARN_INT_CONVERSION = YES;
				CLANG_WARN_OBJC_ROOT_CLASS = YES_ERROR;
				CLANG_WARN_SUSPICIOUS_MOVE = YES;
				CLANG_WARN_UNREACHABLE_CODE = YES;
				CLANG_WARN__DUPLICATE_METHOD_MATCH = YES;
				"CODE_SIGN_IDENTITY[sdk=iphoneos*]" = "iPhone Developer";
				COPY_PHASE_STRIP = NO;
				DEBUG_INFORMATION_FORMAT = dwarf;
				ENABLE_STRICT_OBJC_MSGSEND = YES;
				ENABLE_TESTABILITY = YES;
				GCC_C_LANGUAGE_STANDARD = gnu99;
				GCC_DYNAMIC_NO_PIC = NO;
				GCC_NO_COMMON_BLOCKS = YES;
				GCC_OPTIMIZATION_LEVEL = 0;
				GCC_PREPROCESSOR_DEFINITIONS = (
					"DEBUG=1",
					"$(inherited)",
				);
				GCC_WARN_64_TO_32_BIT_CONVERSION = YES;
				GCC_WARN_ABOUT_RETURN_TYPE = YES_ERROR;
				GCC_WARN_UNDECLARED_SELECTOR = YES;
				GCC_WARN_UNINITIALIZED_AUTOS = YES_AGGRESSIVE;
				GCC_WARN_UNUSED_FUNCTION = YES;
				GCC_WARN_UNUSED_VARIABLE = YES;
				IPHONEOS_DEPLOYMENT_TARGET = 9.3;
				MTL_ENABLE_DEBUG_INFO = YES;
				ONLY_ACTIVE_ARCH = YES;
				SDKROOT = iphoneos;
				SWIFT_OPTIMIZATION_LEVEL = "-Onone";
			};
			name = Debug;
		};
		D4B6607D1D142AAE000FE897 /* Release */ = {
			isa = XCBuildConfiguration;
			buildSettings = {
				ALWAYS_SEARCH_USER_PATHS = NO;
				CLANG_ANALYZER_NONNULL = YES;
				CLANG_CXX_LANGUAGE_STANDARD = "gnu++0x";
				CLANG_CXX_LIBRARY = "libc++";
				CLANG_ENABLE_MODULES = YES;
				CLANG_ENABLE_OBJC_ARC = YES;
				CLANG_WARN_BOOL_CONVERSION = YES;
				CLANG_WARN_CONSTANT_CONVERSION = YES;
				CLANG_WARN_DIRECT_OBJC_ISA_USAGE = YES_ERROR;
				CLANG_WARN_EMPTY_BODY = YES;
				CLANG_WARN_ENUM_CONVERSION = YES;
				CLANG_WARN_INFINITE_RECURSION = YES;
				CLANG_WARN_INT_CONVERSION = YES;
				CLANG_WARN_OBJC_ROOT_CLASS = YES_ERROR;
				CLANG_WARN_SUSPICIOUS_MOVE = YES;
				CLANG_WARN_UNREACHABLE_CODE = YES;
				CLANG_WARN__DUPLICATE_METHOD_MATCH = YES;
				"CODE_SIGN_IDENTITY[sdk=iphoneos*]" = "iPhone Developer";
				COPY_PHASE_STRIP = NO;
				DEBUG_INFORMATION_FORMAT = "dwarf-with-dsym";
				ENABLE_NS_ASSERTIONS = NO;
				ENABLE_STRICT_OBJC_MSGSEND = YES;
				GCC_C_LANGUAGE_STANDARD = gnu99;
				GCC_NO_COMMON_BLOCKS = YES;
				GCC_WARN_64_TO_32_BIT_CONVERSION = YES;
				GCC_WARN_ABOUT_RETURN_TYPE = YES_ERROR;
				GCC_WARN_UNDECLARED_SELECTOR = YES;
				GCC_WARN_UNINITIALIZED_AUTOS = YES_AGGRESSIVE;
				GCC_WARN_UNUSED_FUNCTION = YES;
				GCC_WARN_UNUSED_VARIABLE = YES;
				IPHONEOS_DEPLOYMENT_TARGET = 9.3;
				MTL_ENABLE_DEBUG_INFO = NO;
				SDKROOT = iphoneos;
				SWIFT_OPTIMIZATION_LEVEL = "-Owholemodule";
				VALIDATE_PRODUCT = YES;
			};
			name = Release;
		};
		D4B6607F1D142AAE000FE897 /* Debug */ = {
			isa = XCBuildConfiguration;
			buildSettings = {
				ALWAYS_EMBED_SWIFT_STANDARD_LIBRARIES = YES;
				ASSETCATALOG_COMPILER_APPICON_NAME = AppIcon;
				CLANG_ENABLE_MODULES = YES;
				CODE_SIGN_ENTITLEMENTS = PersonalProductivityAssistant/PersonalProductivityAssistant.entitlements;
				CODE_SIGN_IDENTITY = "iPhone Developer";
				DEVELOPMENT_TEAM = Y6U8S5243G;
				INFOPLIST_FILE = PersonalProductivityAssistant/Info.plist;
				IPHONEOS_DEPLOYMENT_TARGET = 9.3;
				LD_RUNPATH_SEARCH_PATHS = "$(inherited) @executable_path/Frameworks";
				PRODUCT_BUNDLE_IDENTIFIER = de.sme.PPA;
				PRODUCT_NAME = "$(TARGET_NAME)";
				SWIFT_OBJC_BRIDGING_HEADER = "PersonalProductivityAssistant-Bridging-Header.h";
				SWIFT_OPTIMIZATION_LEVEL = "-Onone";
				SWIFT_VERSION = 3.0;
			};
			name = Debug;
		};
		D4B660801D142AAE000FE897 /* Release */ = {
			isa = XCBuildConfiguration;
			buildSettings = {
				ALWAYS_EMBED_SWIFT_STANDARD_LIBRARIES = YES;
				ASSETCATALOG_COMPILER_APPICON_NAME = AppIcon;
				CLANG_ENABLE_MODULES = YES;
				CODE_SIGN_ENTITLEMENTS = PersonalProductivityAssistant/PersonalProductivityAssistant.entitlements;
				CODE_SIGN_IDENTITY = "iPhone Developer";
				DEVELOPMENT_TEAM = Y6U8S5243G;
				INFOPLIST_FILE = PersonalProductivityAssistant/Info.plist;
				IPHONEOS_DEPLOYMENT_TARGET = 9.3;
				LD_RUNPATH_SEARCH_PATHS = "$(inherited) @executable_path/Frameworks";
				PRODUCT_BUNDLE_IDENTIFIER = de.sme.PPA;
				PRODUCT_NAME = "$(TARGET_NAME)";
				SWIFT_OBJC_BRIDGING_HEADER = "PersonalProductivityAssistant-Bridging-Header.h";
				SWIFT_VERSION = 3.0;
			};
			name = Release;
		};
		D4B660821D142AAE000FE897 /* Debug */ = {
			isa = XCBuildConfiguration;
			buildSettings = {
				BUNDLE_LOADER = "$(TEST_HOST)";
				INFOPLIST_FILE = PersonalProductivityAssistantTests/Info.plist;
				LD_RUNPATH_SEARCH_PATHS = "$(inherited) @executable_path/Frameworks @loader_path/Frameworks";
				PRODUCT_BUNDLE_IDENTIFIER = de.sme.PersonalProductivityAssistantTests;
				PRODUCT_NAME = "$(TARGET_NAME)";
				SWIFT_VERSION = 3.0;
				TEST_HOST = "$(BUILT_PRODUCTS_DIR)/PersonalProductivityAssistant.app/PersonalProductivityAssistant";
			};
			name = Debug;
		};
		D4B660831D142AAE000FE897 /* Release */ = {
			isa = XCBuildConfiguration;
			buildSettings = {
				BUNDLE_LOADER = "$(TEST_HOST)";
				INFOPLIST_FILE = PersonalProductivityAssistantTests/Info.plist;
				LD_RUNPATH_SEARCH_PATHS = "$(inherited) @executable_path/Frameworks @loader_path/Frameworks";
				PRODUCT_BUNDLE_IDENTIFIER = de.sme.PersonalProductivityAssistantTests;
				PRODUCT_NAME = "$(TARGET_NAME)";
				SWIFT_VERSION = 3.0;
				TEST_HOST = "$(BUILT_PRODUCTS_DIR)/PersonalProductivityAssistant.app/PersonalProductivityAssistant";
			};
			name = Release;
		};
		D4B660851D142AAE000FE897 /* Debug */ = {
			isa = XCBuildConfiguration;
			buildSettings = {
				INFOPLIST_FILE = PersonalProductivityAssistantUITests/Info.plist;
				LD_RUNPATH_SEARCH_PATHS = "$(inherited) @executable_path/Frameworks @loader_path/Frameworks";
				PRODUCT_BUNDLE_IDENTIFIER = de.sme.PersonalProductivityAssistantUITests;
				PRODUCT_NAME = "$(TARGET_NAME)";
				SWIFT_VERSION = 3.0;
				TEST_TARGET_NAME = PersonalProductivityAssistant;
			};
			name = Debug;
		};
		D4B660861D142AAE000FE897 /* Release */ = {
			isa = XCBuildConfiguration;
			buildSettings = {
				INFOPLIST_FILE = PersonalProductivityAssistantUITests/Info.plist;
				LD_RUNPATH_SEARCH_PATHS = "$(inherited) @executable_path/Frameworks @loader_path/Frameworks";
				PRODUCT_BUNDLE_IDENTIFIER = de.sme.PersonalProductivityAssistantUITests;
				PRODUCT_NAME = "$(TARGET_NAME)";
				SWIFT_VERSION = 3.0;
				TEST_TARGET_NAME = PersonalProductivityAssistant;
			};
			name = Release;
		};
/* End XCBuildConfiguration section */

/* Begin XCConfigurationList section */
		D46170421DB5481F004EA412 /* Build configuration list for PBXNativeTarget "PersonalProductivityAssistantTodayExtension" */ = {
			isa = XCConfigurationList;
			buildConfigurations = (
				D461703E1DB5481F004EA412 /* Debug */,
				D461703F1DB5481F004EA412 /* Release */,
			);
			defaultConfigurationIsVisible = 0;
			defaultConfigurationName = Release;
		};
		D4B6604E1D142AAE000FE897 /* Build configuration list for PBXProject "PersonalProductivityAssistant" */ = {
			isa = XCConfigurationList;
			buildConfigurations = (
				D4B6607C1D142AAE000FE897 /* Debug */,
				D4B6607D1D142AAE000FE897 /* Release */,
			);
			defaultConfigurationIsVisible = 0;
			defaultConfigurationName = Release;
		};
		D4B6607E1D142AAE000FE897 /* Build configuration list for PBXNativeTarget "PersonalProductivityAssistant" */ = {
			isa = XCConfigurationList;
			buildConfigurations = (
				D4B6607F1D142AAE000FE897 /* Debug */,
				D4B660801D142AAE000FE897 /* Release */,
			);
			defaultConfigurationIsVisible = 0;
			defaultConfigurationName = Release;
		};
		D4B660811D142AAE000FE897 /* Build configuration list for PBXNativeTarget "PersonalProductivityAssistantTests" */ = {
			isa = XCConfigurationList;
			buildConfigurations = (
				D4B660821D142AAE000FE897 /* Debug */,
				D4B660831D142AAE000FE897 /* Release */,
			);
			defaultConfigurationIsVisible = 0;
			defaultConfigurationName = Release;
		};
		D4B660841D142AAE000FE897 /* Build configuration list for PBXNativeTarget "PersonalProductivityAssistantUITests" */ = {
			isa = XCConfigurationList;
			buildConfigurations = (
				D4B660851D142AAE000FE897 /* Debug */,
				D4B660861D142AAE000FE897 /* Release */,
			);
			defaultConfigurationIsVisible = 0;
			defaultConfigurationName = Release;
		};
/* End XCConfigurationList section */

/* Begin XCVersionGroup section */
		D4B660871D142B18000FE897 /* PPADataModel.xcdatamodeld */ = {
			isa = XCVersionGroup;
			children = (
				D41DE9C61D34253D007A9B03 /* PPADataModel 2.xcdatamodel */,
				D4B660881D142B18000FE897 /* PPADataModel.xcdatamodel */,
			);
			currentVersion = D4B660881D142B18000FE897 /* PPADataModel.xcdatamodel */;
			name = PPADataModel.xcdatamodeld;
			path = ../PPADataModel.xcdatamodeld;
			sourceTree = "<group>";
			versionGroupType = wrapper.xcdatamodel;
		};
/* End XCVersionGroup section */
	};
	rootObject = D4B6604B1D142AAE000FE897 /* Project object */;
}
